
Microsoft Visual Studio Solution File, Format Version 12.00
# Visual Studio Version 17
VisualStudioVersion = 17.9.34728.123
MinimumVisualStudioVersion = 10.0.40219.1
Project("{8BC9CEB8-8B4A-11D0-8D11-00A0C91BC942}") = "bfs", "bfs\bfs.vcxproj", "{82E07335-0F12-46AF-B351-C0F35377A3C9}"
EndProject
Project("{8BC9CEB8-8B4A-11D0-8D11-00A0C91BC942}") = "boj_1926", "boj_1926\boj_1926.vcxproj", "{209CCE2A-930B-4CC3-A08D-F50AB4335A1B}"
EndProject
Project("{8BC9CEB8-8B4A-11D0-8D11-00A0C91BC942}") = "boj_2178", "boj_2178\boj_2178.vcxproj", "{2B5CC0DA-5DA2-411E-9CA5-027FEF18D041}"
EndProject
Project("{8BC9CEB8-8B4A-11D0-8D11-00A0C91BC942}") = "boj_7576", "boj_7576\boj_7576.vcxproj", "{2BF62651-430B-41BD-8C7D-7D5310544E63}"
EndProject
Project("{8BC9CEB8-8B4A-11D0-8D11-00A0C91BC942}") = "boj_4179", "boj_4179\boj_4179.vcxproj", "{7F1D2CA1-F322-4C52-99BB-FCC9D30FDE3F}"
EndProject
Project("{8BC9CEB8-8B4A-11D0-8D11-00A0C91BC942}") = "boj_1697", "boj_1697\boj_1697.vcxproj", "{E92910F3-174D-48F5-B79B-C6B8511DC2E6}"
EndProject
Project("{8BC9CEB8-8B4A-11D0-8D11-00A0C91BC942}") = "boj_1012", "boj_1012\boj_1012.vcxproj", "{8C5C3CEB-88AC-4EB7-B1EE-35EE91646206}"
EndProject
Project("{8BC9CEB8-8B4A-11D0-8D11-00A0C91BC942}") = "boj_10026", "boj_10026\boj_10026.vcxproj", "{2337108D-C2C7-43F3-8F36-A4B9A6D9C8C5}"
EndProject
Project("{8BC9CEB8-8B4A-11D0-8D11-00A0C91BC942}") = "boj_7569", "boj_7569\boj_7569.vcxproj", "{A93FDF1F-1F4B-458B-9C54-164939379F75}"
EndProject
Project("{8BC9CEB8-8B4A-11D0-8D11-00A0C91BC942}") = "boj_7562", "boj_7562\boj_7562.vcxproj", "{E06877DE-45C5-49BE-8AAA-B31B8D8ABBF1}"
EndProject
Project("{8BC9CEB8-8B4A-11D0-8D11-00A0C91BC942}") = "boj_5427", "boj_5427\boj_5427.vcxproj", "{DF90D0ED-87BB-4A97-BBF6-FBACF0D2F43C}"
EndProject
Project("{8BC9CEB8-8B4A-11D0-8D11-00A0C91BC942}") = "boj_2583", "boj_2583\boj_2583.vcxproj", "{5CC8FA9B-5B39-4C7D-A873-27B5543760F1}"
EndProject
Project("{8BC9CEB8-8B4A-11D0-8D11-00A0C91BC942}") = "boj_2667", "boj_2667\boj_2667.vcxproj", "{41F6054F-7084-4271-9A79-921B3CF99836}"
EndProject
Project("{8BC9CEB8-8B4A-11D0-8D11-00A0C91BC942}") = "boj_5014", "boj_5014\boj_5014.vcxproj", "{C885ADB4-EA7B-4172-B977-B48F1EB9A25B}"
EndProject
Project("{8BC9CEB8-8B4A-11D0-8D11-00A0C91BC942}") = "boj_2468", "boj_2468\boj_2468.vcxproj", "{1BAF9D74-B6BA-4563-BE3A-C6D7B43AC7F4}"
EndProject
Project("{8BC9CEB8-8B4A-11D0-8D11-00A0C91BC942}") = "boj_6593", "boj_6593\boj_6593.vcxproj", "{3912B344-6ED5-4773-8715-5004CD7755AD}"
EndProject
Project("{8BC9CEB8-8B4A-11D0-8D11-00A0C91BC942}") = "boj_2206", "boj_2206\boj_2206.vcxproj", "{1826C6E1-3A2F-45AF-A0B2-695DE6042BFD}"
EndProject
Project("{8BC9CEB8-8B4A-11D0-8D11-00A0C91BC942}") = "boj_9466", "boj_9466\boj_9466.vcxproj", "{4C7580A8-BFC0-45B3-B659-1F3CA3E21B64}"
EndProject
Project("{8BC9CEB8-8B4A-11D0-8D11-00A0C91BC942}") = "boj_2573", "boj_2573\boj_2573.vcxproj", "{7FD3BD1E-36A3-49B2-A0DF-2953A6026E23}"
EndProject
Project("{8BC9CEB8-8B4A-11D0-8D11-00A0C91BC942}") = "boj_2146", "boj_2146\boj_2146.vcxproj", "{AA56137C-4088-4A69-A409-AF56ECC79CB5}"
EndProject
Global
	GlobalSection(SolutionConfigurationPlatforms) = preSolution
		Debug|x64 = Debug|x64
		Debug|x86 = Debug|x86
		Release|x64 = Release|x64
		Release|x86 = Release|x86
	EndGlobalSection
	GlobalSection(ProjectConfigurationPlatforms) = postSolution
		{82E07335-0F12-46AF-B351-C0F35377A3C9}.Debug|x64.ActiveCfg = Debug|x64
		{82E07335-0F12-46AF-B351-C0F35377A3C9}.Debug|x64.Build.0 = Debug|x64
		{82E07335-0F12-46AF-B351-C0F35377A3C9}.Debug|x86.ActiveCfg = Debug|Win32
		{82E07335-0F12-46AF-B351-C0F35377A3C9}.Debug|x86.Build.0 = Debug|Win32
		{82E07335-0F12-46AF-B351-C0F35377A3C9}.Release|x64.ActiveCfg = Release|x64
		{82E07335-0F12-46AF-B351-C0F35377A3C9}.Release|x64.Build.0 = Release|x64
		{82E07335-0F12-46AF-B351-C0F35377A3C9}.Release|x86.ActiveCfg = Release|Win32
		{82E07335-0F12-46AF-B351-C0F35377A3C9}.Release|x86.Build.0 = Release|Win32
		{209CCE2A-930B-4CC3-A08D-F50AB4335A1B}.Debug|x64.ActiveCfg = Debug|x64
		{209CCE2A-930B-4CC3-A08D-F50AB4335A1B}.Debug|x64.Build.0 = Debug|x64
		{209CCE2A-930B-4CC3-A08D-F50AB4335A1B}.Debug|x86.ActiveCfg = Debug|Win32
		{209CCE2A-930B-4CC3-A08D-F50AB4335A1B}.Debug|x86.Build.0 = Debug|Win32
		{209CCE2A-930B-4CC3-A08D-F50AB4335A1B}.Release|x64.ActiveCfg = Release|x64
		{209CCE2A-930B-4CC3-A08D-F50AB4335A1B}.Release|x64.Build.0 = Release|x64
		{209CCE2A-930B-4CC3-A08D-F50AB4335A1B}.Release|x86.ActiveCfg = Release|Win32
		{209CCE2A-930B-4CC3-A08D-F50AB4335A1B}.Release|x86.Build.0 = Release|Win32
		{2B5CC0DA-5DA2-411E-9CA5-027FEF18D041}.Debug|x64.ActiveCfg = Debug|x64
		{2B5CC0DA-5DA2-411E-9CA5-027FEF18D041}.Debug|x64.Build.0 = Debug|x64
		{2B5CC0DA-5DA2-411E-9CA5-027FEF18D041}.Debug|x86.ActiveCfg = Debug|Win32
		{2B5CC0DA-5DA2-411E-9CA5-027FEF18D041}.Debug|x86.Build.0 = Debug|Win32
		{2B5CC0DA-5DA2-411E-9CA5-027FEF18D041}.Release|x64.ActiveCfg = Release|x64
		{2B5CC0DA-5DA2-411E-9CA5-027FEF18D041}.Release|x64.Build.0 = Release|x64
		{2B5CC0DA-5DA2-411E-9CA5-027FEF18D041}.Release|x86.ActiveCfg = Release|Win32
		{2B5CC0DA-5DA2-411E-9CA5-027FEF18D041}.Release|x86.Build.0 = Release|Win32
		{2BF62651-430B-41BD-8C7D-7D5310544E63}.Debug|x64.ActiveCfg = Debug|x64
		{2BF62651-430B-41BD-8C7D-7D5310544E63}.Debug|x64.Build.0 = Debug|x64
		{2BF62651-430B-41BD-8C7D-7D5310544E63}.Debug|x86.ActiveCfg = Debug|Win32
		{2BF62651-430B-41BD-8C7D-7D5310544E63}.Debug|x86.Build.0 = Debug|Win32
		{2BF62651-430B-41BD-8C7D-7D5310544E63}.Release|x64.ActiveCfg = Release|x64
		{2BF62651-430B-41BD-8C7D-7D5310544E63}.Release|x64.Build.0 = Release|x64
		{2BF62651-430B-41BD-8C7D-7D5310544E63}.Release|x86.ActiveCfg = Release|Win32
		{2BF62651-430B-41BD-8C7D-7D5310544E63}.Release|x86.Build.0 = Release|Win32
		{7F1D2CA1-F322-4C52-99BB-FCC9D30FDE3F}.Debug|x64.ActiveCfg = Debug|x64
		{7F1D2CA1-F322-4C52-99BB-FCC9D30FDE3F}.Debug|x64.Build.0 = Debug|x64
		{7F1D2CA1-F322-4C52-99BB-FCC9D30FDE3F}.Debug|x86.ActiveCfg = Debug|Win32
		{7F1D2CA1-F322-4C52-99BB-FCC9D30FDE3F}.Debug|x86.Build.0 = Debug|Win32
		{7F1D2CA1-F322-4C52-99BB-FCC9D30FDE3F}.Release|x64.ActiveCfg = Release|x64
		{7F1D2CA1-F322-4C52-99BB-FCC9D30FDE3F}.Release|x64.Build.0 = Release|x64
		{7F1D2CA1-F322-4C52-99BB-FCC9D30FDE3F}.Release|x86.ActiveCfg = Release|Win32
		{7F1D2CA1-F322-4C52-99BB-FCC9D30FDE3F}.Release|x86.Build.0 = Release|Win32
		{E92910F3-174D-48F5-B79B-C6B8511DC2E6}.Debug|x64.ActiveCfg = Debug|x64
		{E92910F3-174D-48F5-B79B-C6B8511DC2E6}.Debug|x64.Build.0 = Debug|x64
		{E92910F3-174D-48F5-B79B-C6B8511DC2E6}.Debug|x86.ActiveCfg = Debug|Win32
		{E92910F3-174D-48F5-B79B-C6B8511DC2E6}.Debug|x86.Build.0 = Debug|Win32
		{E92910F3-174D-48F5-B79B-C6B8511DC2E6}.Release|x64.ActiveCfg = Release|x64
		{E92910F3-174D-48F5-B79B-C6B8511DC2E6}.Release|x64.Build.0 = Release|x64
		{E92910F3-174D-48F5-B79B-C6B8511DC2E6}.Release|x86.ActiveCfg = Release|Win32
		{E92910F3-174D-48F5-B79B-C6B8511DC2E6}.Release|x86.Build.0 = Release|Win32
		{8C5C3CEB-88AC-4EB7-B1EE-35EE91646206}.Debug|x64.ActiveCfg = Debug|x64
		{8C5C3CEB-88AC-4EB7-B1EE-35EE91646206}.Debug|x64.Build.0 = Debug|x64
		{8C5C3CEB-88AC-4EB7-B1EE-35EE91646206}.Debug|x86.ActiveCfg = Debug|Win32
		{8C5C3CEB-88AC-4EB7-B1EE-35EE91646206}.Debug|x86.Build.0 = Debug|Win32
		{8C5C3CEB-88AC-4EB7-B1EE-35EE91646206}.Release|x64.ActiveCfg = Release|x64
		{8C5C3CEB-88AC-4EB7-B1EE-35EE91646206}.Release|x64.Build.0 = Release|x64
		{8C5C3CEB-88AC-4EB7-B1EE-35EE91646206}.Release|x86.ActiveCfg = Release|Win32
		{8C5C3CEB-88AC-4EB7-B1EE-35EE91646206}.Release|x86.Build.0 = Release|Win32
		{2337108D-C2C7-43F3-8F36-A4B9A6D9C8C5}.Debug|x64.ActiveCfg = Debug|x64
		{2337108D-C2C7-43F3-8F36-A4B9A6D9C8C5}.Debug|x64.Build.0 = Debug|x64
		{2337108D-C2C7-43F3-8F36-A4B9A6D9C8C5}.Debug|x86.ActiveCfg = Debug|Win32
		{2337108D-C2C7-43F3-8F36-A4B9A6D9C8C5}.Debug|x86.Build.0 = Debug|Win32
		{2337108D-C2C7-43F3-8F36-A4B9A6D9C8C5}.Release|x64.ActiveCfg = Release|x64
		{2337108D-C2C7-43F3-8F36-A4B9A6D9C8C5}.Release|x64.Build.0 = Release|x64
		{2337108D-C2C7-43F3-8F36-A4B9A6D9C8C5}.Release|x86.ActiveCfg = Release|Win32
		{2337108D-C2C7-43F3-8F36-A4B9A6D9C8C5}.Release|x86.Build.0 = Release|Win32
		{A93FDF1F-1F4B-458B-9C54-164939379F75}.Debug|x64.ActiveCfg = Debug|x64
		{A93FDF1F-1F4B-458B-9C54-164939379F75}.Debug|x64.Build.0 = Debug|x64
		{A93FDF1F-1F4B-458B-9C54-164939379F75}.Debug|x86.ActiveCfg = Debug|Win32
		{A93FDF1F-1F4B-458B-9C54-164939379F75}.Debug|x86.Build.0 = Debug|Win32
		{A93FDF1F-1F4B-458B-9C54-164939379F75}.Release|x64.ActiveCfg = Release|x64
		{A93FDF1F-1F4B-458B-9C54-164939379F75}.Release|x64.Build.0 = Release|x64
		{A93FDF1F-1F4B-458B-9C54-164939379F75}.Release|x86.ActiveCfg = Release|Win32
		{A93FDF1F-1F4B-458B-9C54-164939379F75}.Release|x86.Build.0 = Release|Win32
		{E06877DE-45C5-49BE-8AAA-B31B8D8ABBF1}.Debug|x64.ActiveCfg = Debug|x64
		{E06877DE-45C5-49BE-8AAA-B31B8D8ABBF1}.Debug|x64.Build.0 = Debug|x64
		{E06877DE-45C5-49BE-8AAA-B31B8D8ABBF1}.Debug|x86.ActiveCfg = Debug|Win32
		{E06877DE-45C5-49BE-8AAA-B31B8D8ABBF1}.Debug|x86.Build.0 = Debug|Win32
		{E06877DE-45C5-49BE-8AAA-B31B8D8ABBF1}.Release|x64.ActiveCfg = Release|x64
		{E06877DE-45C5-49BE-8AAA-B31B8D8ABBF1}.Release|x64.Build.0 = Release|x64
		{E06877DE-45C5-49BE-8AAA-B31B8D8ABBF1}.Release|x86.ActiveCfg = Release|Win32
		{E06877DE-45C5-49BE-8AAA-B31B8D8ABBF1}.Release|x86.Build.0 = Release|Win32
		{DF90D0ED-87BB-4A97-BBF6-FBACF0D2F43C}.Debug|x64.ActiveCfg = Debug|x64
		{DF90D0ED-87BB-4A97-BBF6-FBACF0D2F43C}.Debug|x64.Build.0 = Debug|x64
		{DF90D0ED-87BB-4A97-BBF6-FBACF0D2F43C}.Debug|x86.ActiveCfg = Debug|Win32
		{DF90D0ED-87BB-4A97-BBF6-FBACF0D2F43C}.Debug|x86.Build.0 = Debug|Win32
		{DF90D0ED-87BB-4A97-BBF6-FBACF0D2F43C}.Release|x64.ActiveCfg = Release|x64
		{DF90D0ED-87BB-4A97-BBF6-FBACF0D2F43C}.Release|x64.Build.0 = Release|x64
		{DF90D0ED-87BB-4A97-BBF6-FBACF0D2F43C}.Release|x86.ActiveCfg = Release|Win32
		{DF90D0ED-87BB-4A97-BBF6-FBACF0D2F43C}.Release|x86.Build.0 = Release|Win32
		{5CC8FA9B-5B39-4C7D-A873-27B5543760F1}.Debug|x64.ActiveCfg = Debug|x64
		{5CC8FA9B-5B39-4C7D-A873-27B5543760F1}.Debug|x64.Build.0 = Debug|x64
		{5CC8FA9B-5B39-4C7D-A873-27B5543760F1}.Debug|x86.ActiveCfg = Debug|Win32
		{5CC8FA9B-5B39-4C7D-A873-27B5543760F1}.Debug|x86.Build.0 = Debug|Win32
		{5CC8FA9B-5B39-4C7D-A873-27B5543760F1}.Release|x64.ActiveCfg = Release|x64
		{5CC8FA9B-5B39-4C7D-A873-27B5543760F1}.Release|x64.Build.0 = Release|x64
		{5CC8FA9B-5B39-4C7D-A873-27B5543760F1}.Release|x86.ActiveCfg = Release|Win32
		{5CC8FA9B-5B39-4C7D-A873-27B5543760F1}.Release|x86.Build.0 = Release|Win32
		{41F6054F-7084-4271-9A79-921B3CF99836}.Debug|x64.ActiveCfg = Debug|x64
		{41F6054F-7084-4271-9A79-921B3CF99836}.Debug|x64.Build.0 = Debug|x64
		{41F6054F-7084-4271-9A79-921B3CF99836}.Debug|x86.ActiveCfg = Debug|Win32
		{41F6054F-7084-4271-9A79-921B3CF99836}.Debug|x86.Build.0 = Debug|Win32
		{41F6054F-7084-4271-9A79-921B3CF99836}.Release|x64.ActiveCfg = Release|x64
		{41F6054F-7084-4271-9A79-921B3CF99836}.Release|x64.Build.0 = Release|x64
		{41F6054F-7084-4271-9A79-921B3CF99836}.Release|x86.ActiveCfg = Release|Win32
		{41F6054F-7084-4271-9A79-921B3CF99836}.Release|x86.Build.0 = Release|Win32
		{C885ADB4-EA7B-4172-B977-B48F1EB9A25B}.Debug|x64.ActiveCfg = Debug|x64
		{C885ADB4-EA7B-4172-B977-B48F1EB9A25B}.Debug|x64.Build.0 = Debug|x64
		{C885ADB4-EA7B-4172-B977-B48F1EB9A25B}.Debug|x86.ActiveCfg = Debug|Win32
		{C885ADB4-EA7B-4172-B977-B48F1EB9A25B}.Debug|x86.Build.0 = Debug|Win32
		{C885ADB4-EA7B-4172-B977-B48F1EB9A25B}.Release|x64.ActiveCfg = Release|x64
		{C885ADB4-EA7B-4172-B977-B48F1EB9A25B}.Release|x64.Build.0 = Release|x64
		{C885ADB4-EA7B-4172-B977-B48F1EB9A25B}.Release|x86.ActiveCfg = Release|Win32
		{C885ADB4-EA7B-4172-B977-B48F1EB9A25B}.Release|x86.Build.0 = Release|Win32
		{1BAF9D74-B6BA-4563-BE3A-C6D7B43AC7F4}.Debug|x64.ActiveCfg = Debug|x64
		{1BAF9D74-B6BA-4563-BE3A-C6D7B43AC7F4}.Debug|x64.Build.0 = Debug|x64
		{1BAF9D74-B6BA-4563-BE3A-C6D7B43AC7F4}.Debug|x86.ActiveCfg = Debug|Win32
		{1BAF9D74-B6BA-4563-BE3A-C6D7B43AC7F4}.Debug|x86.Build.0 = Debug|Win32
		{1BAF9D74-B6BA-4563-BE3A-C6D7B43AC7F4}.Release|x64.ActiveCfg = Release|x64
		{1BAF9D74-B6BA-4563-BE3A-C6D7B43AC7F4}.Release|x64.Build.0 = Release|x64
		{1BAF9D74-B6BA-4563-BE3A-C6D7B43AC7F4}.Release|x86.ActiveCfg = Release|Win32
		{1BAF9D74-B6BA-4563-BE3A-C6D7B43AC7F4}.Release|x86.Build.0 = Release|Win32
		{3912B344-6ED5-4773-8715-5004CD7755AD}.Debug|x64.ActiveCfg = Debug|x64
		{3912B344-6ED5-4773-8715-5004CD7755AD}.Debug|x64.Build.0 = Debug|x64
		{3912B344-6ED5-4773-8715-5004CD7755AD}.Debug|x86.ActiveCfg = Debug|Win32
		{3912B344-6ED5-4773-8715-5004CD7755AD}.Debug|x86.Build.0 = Debug|Win32
		{3912B344-6ED5-4773-8715-5004CD7755AD}.Release|x64.ActiveCfg = Release|x64
		{3912B344-6ED5-4773-8715-5004CD7755AD}.Release|x64.Build.0 = Release|x64
		{3912B344-6ED5-4773-8715-5004CD7755AD}.Release|x86.ActiveCfg = Release|Win32
		{3912B344-6ED5-4773-8715-5004CD7755AD}.Release|x86.Build.0 = Release|Win32
		{1826C6E1-3A2F-45AF-A0B2-695DE6042BFD}.Debug|x64.ActiveCfg = Debug|x64
		{1826C6E1-3A2F-45AF-A0B2-695DE6042BFD}.Debug|x64.Build.0 = Debug|x64
		{1826C6E1-3A2F-45AF-A0B2-695DE6042BFD}.Debug|x86.ActiveCfg = Debug|Win32
		{1826C6E1-3A2F-45AF-A0B2-695DE6042BFD}.Debug|x86.Build.0 = Debug|Win32
		{1826C6E1-3A2F-45AF-A0B2-695DE6042BFD}.Release|x64.ActiveCfg = Release|x64
		{1826C6E1-3A2F-45AF-A0B2-695DE6042BFD}.Release|x64.Build.0 = Release|x64
		{1826C6E1-3A2F-45AF-A0B2-695DE6042BFD}.Release|x86.ActiveCfg = Release|Win32
		{1826C6E1-3A2F-45AF-A0B2-695DE6042BFD}.Release|x86.Build.0 = Release|Win32
		{4C7580A8-BFC0-45B3-B659-1F3CA3E21B64}.Debug|x64.ActiveCfg = Debug|x64
		{4C7580A8-BFC0-45B3-B659-1F3CA3E21B64}.Debug|x64.Build.0 = Debug|x64
		{4C7580A8-BFC0-45B3-B659-1F3CA3E21B64}.Debug|x86.ActiveCfg = Debug|Win32
		{4C7580A8-BFC0-45B3-B659-1F3CA3E21B64}.Debug|x86.Build.0 = Debug|Win32
		{4C7580A8-BFC0-45B3-B659-1F3CA3E21B64}.Release|x64.ActiveCfg = Release|x64
		{4C7580A8-BFC0-45B3-B659-1F3CA3E21B64}.Release|x64.Build.0 = Release|x64
		{4C7580A8-BFC0-45B3-B659-1F3CA3E21B64}.Release|x86.ActiveCfg = Release|Win32
		{4C7580A8-BFC0-45B3-B659-1F3CA3E21B64}.Release|x86.Build.0 = Release|Win32
		{7FD3BD1E-36A3-49B2-A0DF-2953A6026E23}.Debug|x64.ActiveCfg = Debug|x64
		{7FD3BD1E-36A3-49B2-A0DF-2953A6026E23}.Debug|x64.Build.0 = Debug|x64
		{7FD3BD1E-36A3-49B2-A0DF-2953A6026E23}.Debug|x86.ActiveCfg = Debug|Win32
		{7FD3BD1E-36A3-49B2-A0DF-2953A6026E23}.Debug|x86.Build.0 = Debug|Win32
		{7FD3BD1E-36A3-49B2-A0DF-2953A6026E23}.Release|x64.ActiveCfg = Release|x64
		{7FD3BD1E-36A3-49B2-A0DF-2953A6026E23}.Release|x64.Build.0 = Release|x64
		{7FD3BD1E-36A3-49B2-A0DF-2953A6026E23}.Release|x86.ActiveCfg = Release|Win32
		{7FD3BD1E-36A3-49B2-A0DF-2953A6026E23}.Release|x86.Build.0 = Release|Win32
		{AA56137C-4088-4A69-A409-AF56ECC79CB5}.Debug|x64.ActiveCfg = Debug|x64
		{AA56137C-4088-4A69-A409-AF56ECC79CB5}.Debug|x64.Build.0 = Debug|x64
		{AA56137C-4088-4A69-A409-AF56ECC79CB5}.Debug|x86.ActiveCfg = Debug|Win32
		{AA56137C-4088-4A69-A409-AF56ECC79CB5}.Debug|x86.Build.0 = Debug|Win32
		{AA56137C-4088-4A69-A409-AF56ECC79CB5}.Release|x64.ActiveCfg = Release|x64
		{AA56137C-4088-4A69-A409-AF56ECC79CB5}.Release|x64.Build.0 = Release|x64
		{AA56137C-4088-4A69-A409-AF56ECC79CB5}.Release|x86.ActiveCfg = Release|Win32
		{AA56137C-4088-4A69-A409-AF56ECC79CB5}.Release|x86.Build.0 = Release|Win32
	EndGlobalSection
	GlobalSection(SolutionProperties) = preSolution
		HideSolutionNode = FALSE
	EndGlobalSection
	GlobalSection(ExtensibilityGlobals) = postSolution
		SolutionGuid = {5CF08D41-A756-4C8C-92DC-C87D3BAFD328}
	EndGlobalSection
EndGlobal
