
Microsoft Visual Studio Solution File, Format Version 12.00
# Visual Studio Version 17
VisualStudioVersion = 17.9.34728.123
MinimumVisualStudioVersion = 10.0.40219.1
Project("{8BC9CEB8-8B4A-11D0-8D11-00A0C91BC942}") = "dijkstra", "dijkstra\dijkstra.vcxproj", "{E81918AF-EB42-4915-A74E-D742B69C8BCE}"
EndProject
Project("{8BC9CEB8-8B4A-11D0-8D11-00A0C91BC942}") = "boj_1753", "boj_1753\boj_1753.vcxproj", "{9ADF3CE5-B8AA-4ED6-A806-645EA0EE9EAE}"
EndProject
Project("{8BC9CEB8-8B4A-11D0-8D11-00A0C91BC942}") = "boj_11779", "boj_11779\boj_11779.vcxproj", "{44096582-9E7B-48E4-8C73-AB444E03423D}"
EndProject
Project("{8BC9CEB8-8B4A-11D0-8D11-00A0C91BC942}") = "boj_1238", "boj_1238\boj_1238.vcxproj", "{56B1F2A1-19B3-4813-B51F-11C79309B58F}"
EndProject
Project("{8BC9CEB8-8B4A-11D0-8D11-00A0C91BC942}") = "boj_1504", "boj_1504\boj_1504.vcxproj", "{B309CAA9-AEE5-4E2E-A934-6FE244AA5F2F}"
EndProject
Project("{8BC9CEB8-8B4A-11D0-8D11-00A0C91BC942}") = "boj_1261", "boj_1261\boj_1261.vcxproj", "{127FDDE6-E3AF-4FB8-BBB8-2FC54B7FFC1C}"
EndProject
Project("{8BC9CEB8-8B4A-11D0-8D11-00A0C91BC942}") = "boj_17835", "boj_17835\boj_17835.vcxproj", "{3B1A706B-0B01-4E86-9FFF-24D041276040}"
EndProject
Global
	GlobalSection(SolutionConfigurationPlatforms) = preSolution
		Debug|x64 = Debug|x64
		Debug|x86 = Debug|x86
		Release|x64 = Release|x64
		Release|x86 = Release|x86
	EndGlobalSection
	GlobalSection(ProjectConfigurationPlatforms) = postSolution
		{E81918AF-EB42-4915-A74E-D742B69C8BCE}.Debug|x64.ActiveCfg = Debug|x64
		{E81918AF-EB42-4915-A74E-D742B69C8BCE}.Debug|x64.Build.0 = Debug|x64
		{E81918AF-EB42-4915-A74E-D742B69C8BCE}.Debug|x86.ActiveCfg = Debug|Win32
		{E81918AF-EB42-4915-A74E-D742B69C8BCE}.Debug|x86.Build.0 = Debug|Win32
		{E81918AF-EB42-4915-A74E-D742B69C8BCE}.Release|x64.ActiveCfg = Release|x64
		{E81918AF-EB42-4915-A74E-D742B69C8BCE}.Release|x64.Build.0 = Release|x64
		{E81918AF-EB42-4915-A74E-D742B69C8BCE}.Release|x86.ActiveCfg = Release|Win32
		{E81918AF-EB42-4915-A74E-D742B69C8BCE}.Release|x86.Build.0 = Release|Win32
		{9ADF3CE5-B8AA-4ED6-A806-645EA0EE9EAE}.Debug|x64.ActiveCfg = Debug|x64
		{9ADF3CE5-B8AA-4ED6-A806-645EA0EE9EAE}.Debug|x64.Build.0 = Debug|x64
		{9ADF3CE5-B8AA-4ED6-A806-645EA0EE9EAE}.Debug|x86.ActiveCfg = Debug|Win32
		{9ADF3CE5-B8AA-4ED6-A806-645EA0EE9EAE}.Debug|x86.Build.0 = Debug|Win32
		{9ADF3CE5-B8AA-4ED6-A806-645EA0EE9EAE}.Release|x64.ActiveCfg = Release|x64
		{9ADF3CE5-B8AA-4ED6-A806-645EA0EE9EAE}.Release|x64.Build.0 = Release|x64
		{9ADF3CE5-B8AA-4ED6-A806-645EA0EE9EAE}.Release|x86.ActiveCfg = Release|Win32
		{9ADF3CE5-B8AA-4ED6-A806-645EA0EE9EAE}.Release|x86.Build.0 = Release|Win32
		{44096582-9E7B-48E4-8C73-AB444E03423D}.Debug|x64.ActiveCfg = Debug|x64
		{44096582-9E7B-48E4-8C73-AB444E03423D}.Debug|x64.Build.0 = Debug|x64
		{44096582-9E7B-48E4-8C73-AB444E03423D}.Debug|x86.ActiveCfg = Debug|Win32
		{44096582-9E7B-48E4-8C73-AB444E03423D}.Debug|x86.Build.0 = Debug|Win32
		{44096582-9E7B-48E4-8C73-AB444E03423D}.Release|x64.ActiveCfg = Release|x64
		{44096582-9E7B-48E4-8C73-AB444E03423D}.Release|x64.Build.0 = Release|x64
		{44096582-9E7B-48E4-8C73-AB444E03423D}.Release|x86.ActiveCfg = Release|Win32
		{44096582-9E7B-48E4-8C73-AB444E03423D}.Release|x86.Build.0 = Release|Win32
		{56B1F2A1-19B3-4813-B51F-11C79309B58F}.Debug|x64.ActiveCfg = Debug|x64
		{56B1F2A1-19B3-4813-B51F-11C79309B58F}.Debug|x64.Build.0 = Debug|x64
		{56B1F2A1-19B3-4813-B51F-11C79309B58F}.Debug|x86.ActiveCfg = Debug|Win32
		{56B1F2A1-19B3-4813-B51F-11C79309B58F}.Debug|x86.Build.0 = Debug|Win32
		{56B1F2A1-19B3-4813-B51F-11C79309B58F}.Release|x64.ActiveCfg = Release|x64
		{56B1F2A1-19B3-4813-B51F-11C79309B58F}.Release|x64.Build.0 = Release|x64
		{56B1F2A1-19B3-4813-B51F-11C79309B58F}.Release|x86.ActiveCfg = Release|Win32
		{56B1F2A1-19B3-4813-B51F-11C79309B58F}.Release|x86.Build.0 = Release|Win32
		{B309CAA9-AEE5-4E2E-A934-6FE244AA5F2F}.Debug|x64.ActiveCfg = Debug|x64
		{B309CAA9-AEE5-4E2E-A934-6FE244AA5F2F}.Debug|x64.Build.0 = Debug|x64
		{B309CAA9-AEE5-4E2E-A934-6FE244AA5F2F}.Debug|x86.ActiveCfg = Debug|Win32
		{B309CAA9-AEE5-4E2E-A934-6FE244AA5F2F}.Debug|x86.Build.0 = Debug|Win32
		{B309CAA9-AEE5-4E2E-A934-6FE244AA5F2F}.Release|x64.ActiveCfg = Release|x64
		{B309CAA9-AEE5-4E2E-A934-6FE244AA5F2F}.Release|x64.Build.0 = Release|x64
		{B309CAA9-AEE5-4E2E-A934-6FE244AA5F2F}.Release|x86.ActiveCfg = Release|Win32
		{B309CAA9-AEE5-4E2E-A934-6FE244AA5F2F}.Release|x86.Build.0 = Release|Win32
		{127FDDE6-E3AF-4FB8-BBB8-2FC54B7FFC1C}.Debug|x64.ActiveCfg = Debug|x64
		{127FDDE6-E3AF-4FB8-BBB8-2FC54B7FFC1C}.Debug|x64.Build.0 = Debug|x64
		{127FDDE6-E3AF-4FB8-BBB8-2FC54B7FFC1C}.Debug|x86.ActiveCfg = Debug|Win32
		{127FDDE6-E3AF-4FB8-BBB8-2FC54B7FFC1C}.Debug|x86.Build.0 = Debug|Win32
		{127FDDE6-E3AF-4FB8-BBB8-2FC54B7FFC1C}.Release|x64.ActiveCfg = Release|x64
		{127FDDE6-E3AF-4FB8-BBB8-2FC54B7FFC1C}.Release|x64.Build.0 = Release|x64
		{127FDDE6-E3AF-4FB8-BBB8-2FC54B7FFC1C}.Release|x86.ActiveCfg = Release|Win32
		{127FDDE6-E3AF-4FB8-BBB8-2FC54B7FFC1C}.Release|x86.Build.0 = Release|Win32
		{3B1A706B-0B01-4E86-9FFF-24D041276040}.Debug|x64.ActiveCfg = Debug|x64
		{3B1A706B-0B01-4E86-9FFF-24D041276040}.Debug|x64.Build.0 = Debug|x64
		{3B1A706B-0B01-4E86-9FFF-24D041276040}.Debug|x86.ActiveCfg = Debug|Win32
		{3B1A706B-0B01-4E86-9FFF-24D041276040}.Debug|x86.Build.0 = Debug|Win32
		{3B1A706B-0B01-4E86-9FFF-24D041276040}.Release|x64.ActiveCfg = Release|x64
		{3B1A706B-0B01-4E86-9FFF-24D041276040}.Release|x64.Build.0 = Release|x64
		{3B1A706B-0B01-4E86-9FFF-24D041276040}.Release|x86.ActiveCfg = Release|Win32
		{3B1A706B-0B01-4E86-9FFF-24D041276040}.Release|x86.Build.0 = Release|Win32
	EndGlobalSection
	GlobalSection(SolutionProperties) = preSolution
		HideSolutionNode = FALSE
	EndGlobalSection
	GlobalSection(ExtensibilityGlobals) = postSolution
		SolutionGuid = {A818061D-6155-4857-917A-D62362D89FCE}
	EndGlobalSection
EndGlobal
