
Microsoft Visual Studio Solution File, Format Version 12.00
# Visual Studio Version 17
VisualStudioVersion = 17.9.34728.123
MinimumVisualStudioVersion = 10.0.40219.1
Project("{8BC9CEB8-8B4A-11D0-8D11-00A0C91BC942}") = "recursion", "recursion\recursion.vcxproj", "{C527F0BC-FDE2-45D8-9DC2-DDDFFB6A4A6A}"
EndProject
Project("{8BC9CEB8-8B4A-11D0-8D11-00A0C91BC942}") = "boj_27433", "boj_27433\boj_27433.vcxproj", "{BF6C51B4-5269-452C-B989-10840C6B9177}"
EndProject
Project("{8BC9CEB8-8B4A-11D0-8D11-00A0C91BC942}") = "boj_10870", "boj_10870\boj_10870.vcxproj", "{4FA8CFA8-FA44-4F7F-9A8E-869E2AA85ED4}"
EndProject
Project("{8BC9CEB8-8B4A-11D0-8D11-00A0C91BC942}") = "boj_1629", "boj_1629\boj_1629.vcxproj", "{CC75E2A7-EDC7-45A4-97D6-CA00ACD6407C}"
EndProject
Project("{8BC9CEB8-8B4A-11D0-8D11-00A0C91BC942}") = "boj_11729", "boj_11729\boj_11729.vcxproj", "{68A1C548-12D1-4ABB-A3F7-88D960E49153}"
EndProject
Project("{8BC9CEB8-8B4A-11D0-8D11-00A0C91BC942}") = "boj_1074", "boj_1074\boj_1074.vcxproj", "{EAA1C2E7-6218-4429-AC68-E368404189DD}"
EndProject
Project("{8BC9CEB8-8B4A-11D0-8D11-00A0C91BC942}") = "boj_17478", "boj_17478\boj_17478.vcxproj", "{DA83AA3B-A7C7-495C-8729-454B6B2E2B46}"
EndProject
Project("{8BC9CEB8-8B4A-11D0-8D11-00A0C91BC942}") = "boj_1780", "boj_1780\boj_1780.vcxproj", "{193475E2-83A2-425D-9A4E-6826C6898694}"
EndProject
Project("{8BC9CEB8-8B4A-11D0-8D11-00A0C91BC942}") = "boj_2630", "boj_2630\boj_2630.vcxproj", "{0C395247-1509-49D7-9CAE-CC7957FA7D9B}"
EndProject
Project("{8BC9CEB8-8B4A-11D0-8D11-00A0C91BC942}") = "boj_1992", "boj_1992\boj_1992.vcxproj", "{60CDFFC2-E033-44EF-A1A3-D5B48ECE5FD5}"
EndProject
Global
	GlobalSection(SolutionConfigurationPlatforms) = preSolution
		Debug|x64 = Debug|x64
		Debug|x86 = Debug|x86
		Release|x64 = Release|x64
		Release|x86 = Release|x86
	EndGlobalSection
	GlobalSection(ProjectConfigurationPlatforms) = postSolution
		{C527F0BC-FDE2-45D8-9DC2-DDDFFB6A4A6A}.Debug|x64.ActiveCfg = Debug|x64
		{C527F0BC-FDE2-45D8-9DC2-DDDFFB6A4A6A}.Debug|x64.Build.0 = Debug|x64
		{C527F0BC-FDE2-45D8-9DC2-DDDFFB6A4A6A}.Debug|x86.ActiveCfg = Debug|Win32
		{C527F0BC-FDE2-45D8-9DC2-DDDFFB6A4A6A}.Debug|x86.Build.0 = Debug|Win32
		{C527F0BC-FDE2-45D8-9DC2-DDDFFB6A4A6A}.Release|x64.ActiveCfg = Release|x64
		{C527F0BC-FDE2-45D8-9DC2-DDDFFB6A4A6A}.Release|x64.Build.0 = Release|x64
		{C527F0BC-FDE2-45D8-9DC2-DDDFFB6A4A6A}.Release|x86.ActiveCfg = Release|Win32
		{C527F0BC-FDE2-45D8-9DC2-DDDFFB6A4A6A}.Release|x86.Build.0 = Release|Win32
		{BF6C51B4-5269-452C-B989-10840C6B9177}.Debug|x64.ActiveCfg = Debug|x64
		{BF6C51B4-5269-452C-B989-10840C6B9177}.Debug|x64.Build.0 = Debug|x64
		{BF6C51B4-5269-452C-B989-10840C6B9177}.Debug|x86.ActiveCfg = Debug|Win32
		{BF6C51B4-5269-452C-B989-10840C6B9177}.Debug|x86.Build.0 = Debug|Win32
		{BF6C51B4-5269-452C-B989-10840C6B9177}.Release|x64.ActiveCfg = Release|x64
		{BF6C51B4-5269-452C-B989-10840C6B9177}.Release|x64.Build.0 = Release|x64
		{BF6C51B4-5269-452C-B989-10840C6B9177}.Release|x86.ActiveCfg = Release|Win32
		{BF6C51B4-5269-452C-B989-10840C6B9177}.Release|x86.Build.0 = Release|Win32
		{4FA8CFA8-FA44-4F7F-9A8E-869E2AA85ED4}.Debug|x64.ActiveCfg = Debug|x64
		{4FA8CFA8-FA44-4F7F-9A8E-869E2AA85ED4}.Debug|x64.Build.0 = Debug|x64
		{4FA8CFA8-FA44-4F7F-9A8E-869E2AA85ED4}.Debug|x86.ActiveCfg = Debug|Win32
		{4FA8CFA8-FA44-4F7F-9A8E-869E2AA85ED4}.Debug|x86.Build.0 = Debug|Win32
		{4FA8CFA8-FA44-4F7F-9A8E-869E2AA85ED4}.Release|x64.ActiveCfg = Release|x64
		{4FA8CFA8-FA44-4F7F-9A8E-869E2AA85ED4}.Release|x64.Build.0 = Release|x64
		{4FA8CFA8-FA44-4F7F-9A8E-869E2AA85ED4}.Release|x86.ActiveCfg = Release|Win32
		{4FA8CFA8-FA44-4F7F-9A8E-869E2AA85ED4}.Release|x86.Build.0 = Release|Win32
		{CC75E2A7-EDC7-45A4-97D6-CA00ACD6407C}.Debug|x64.ActiveCfg = Debug|x64
		{CC75E2A7-EDC7-45A4-97D6-CA00ACD6407C}.Debug|x64.Build.0 = Debug|x64
		{CC75E2A7-EDC7-45A4-97D6-CA00ACD6407C}.Debug|x86.ActiveCfg = Debug|Win32
		{CC75E2A7-EDC7-45A4-97D6-CA00ACD6407C}.Debug|x86.Build.0 = Debug|Win32
		{CC75E2A7-EDC7-45A4-97D6-CA00ACD6407C}.Release|x64.ActiveCfg = Release|x64
		{CC75E2A7-EDC7-45A4-97D6-CA00ACD6407C}.Release|x64.Build.0 = Release|x64
		{CC75E2A7-EDC7-45A4-97D6-CA00ACD6407C}.Release|x86.ActiveCfg = Release|Win32
		{CC75E2A7-EDC7-45A4-97D6-CA00ACD6407C}.Release|x86.Build.0 = Release|Win32
		{68A1C548-12D1-4ABB-A3F7-88D960E49153}.Debug|x64.ActiveCfg = Debug|x64
		{68A1C548-12D1-4ABB-A3F7-88D960E49153}.Debug|x64.Build.0 = Debug|x64
		{68A1C548-12D1-4ABB-A3F7-88D960E49153}.Debug|x86.ActiveCfg = Debug|Win32
		{68A1C548-12D1-4ABB-A3F7-88D960E49153}.Debug|x86.Build.0 = Debug|Win32
		{68A1C548-12D1-4ABB-A3F7-88D960E49153}.Release|x64.ActiveCfg = Release|x64
		{68A1C548-12D1-4ABB-A3F7-88D960E49153}.Release|x64.Build.0 = Release|x64
		{68A1C548-12D1-4ABB-A3F7-88D960E49153}.Release|x86.ActiveCfg = Release|Win32
		{68A1C548-12D1-4ABB-A3F7-88D960E49153}.Release|x86.Build.0 = Release|Win32
		{EAA1C2E7-6218-4429-AC68-E368404189DD}.Debug|x64.ActiveCfg = Debug|x64
		{EAA1C2E7-6218-4429-AC68-E368404189DD}.Debug|x64.Build.0 = Debug|x64
		{EAA1C2E7-6218-4429-AC68-E368404189DD}.Debug|x86.ActiveCfg = Debug|Win32
		{EAA1C2E7-6218-4429-AC68-E368404189DD}.Debug|x86.Build.0 = Debug|Win32
		{EAA1C2E7-6218-4429-AC68-E368404189DD}.Release|x64.ActiveCfg = Release|x64
		{EAA1C2E7-6218-4429-AC68-E368404189DD}.Release|x64.Build.0 = Release|x64
		{EAA1C2E7-6218-4429-AC68-E368404189DD}.Release|x86.ActiveCfg = Release|Win32
		{EAA1C2E7-6218-4429-AC68-E368404189DD}.Release|x86.Build.0 = Release|Win32
		{DA83AA3B-A7C7-495C-8729-454B6B2E2B46}.Debug|x64.ActiveCfg = Debug|x64
		{DA83AA3B-A7C7-495C-8729-454B6B2E2B46}.Debug|x64.Build.0 = Debug|x64
		{DA83AA3B-A7C7-495C-8729-454B6B2E2B46}.Debug|x86.ActiveCfg = Debug|Win32
		{DA83AA3B-A7C7-495C-8729-454B6B2E2B46}.Debug|x86.Build.0 = Debug|Win32
		{DA83AA3B-A7C7-495C-8729-454B6B2E2B46}.Release|x64.ActiveCfg = Release|x64
		{DA83AA3B-A7C7-495C-8729-454B6B2E2B46}.Release|x64.Build.0 = Release|x64
		{DA83AA3B-A7C7-495C-8729-454B6B2E2B46}.Release|x86.ActiveCfg = Release|Win32
		{DA83AA3B-A7C7-495C-8729-454B6B2E2B46}.Release|x86.Build.0 = Release|Win32
		{193475E2-83A2-425D-9A4E-6826C6898694}.Debug|x64.ActiveCfg = Debug|x64
		{193475E2-83A2-425D-9A4E-6826C6898694}.Debug|x64.Build.0 = Debug|x64
		{193475E2-83A2-425D-9A4E-6826C6898694}.Debug|x86.ActiveCfg = Debug|Win32
		{193475E2-83A2-425D-9A4E-6826C6898694}.Debug|x86.Build.0 = Debug|Win32
		{193475E2-83A2-425D-9A4E-6826C6898694}.Release|x64.ActiveCfg = Release|x64
		{193475E2-83A2-425D-9A4E-6826C6898694}.Release|x64.Build.0 = Release|x64
		{193475E2-83A2-425D-9A4E-6826C6898694}.Release|x86.ActiveCfg = Release|Win32
		{193475E2-83A2-425D-9A4E-6826C6898694}.Release|x86.Build.0 = Release|Win32
		{0C395247-1509-49D7-9CAE-CC7957FA7D9B}.Debug|x64.ActiveCfg = Debug|x64
		{0C395247-1509-49D7-9CAE-CC7957FA7D9B}.Debug|x64.Build.0 = Debug|x64
		{0C395247-1509-49D7-9CAE-CC7957FA7D9B}.Debug|x86.ActiveCfg = Debug|Win32
		{0C395247-1509-49D7-9CAE-CC7957FA7D9B}.Debug|x86.Build.0 = Debug|Win32
		{0C395247-1509-49D7-9CAE-CC7957FA7D9B}.Release|x64.ActiveCfg = Release|x64
		{0C395247-1509-49D7-9CAE-CC7957FA7D9B}.Release|x64.Build.0 = Release|x64
		{0C395247-1509-49D7-9CAE-CC7957FA7D9B}.Release|x86.ActiveCfg = Release|Win32
		{0C395247-1509-49D7-9CAE-CC7957FA7D9B}.Release|x86.Build.0 = Release|Win32
		{60CDFFC2-E033-44EF-A1A3-D5B48ECE5FD5}.Debug|x64.ActiveCfg = Debug|x64
		{60CDFFC2-E033-44EF-A1A3-D5B48ECE5FD5}.Debug|x64.Build.0 = Debug|x64
		{60CDFFC2-E033-44EF-A1A3-D5B48ECE5FD5}.Debug|x86.ActiveCfg = Debug|Win32
		{60CDFFC2-E033-44EF-A1A3-D5B48ECE5FD5}.Debug|x86.Build.0 = Debug|Win32
		{60CDFFC2-E033-44EF-A1A3-D5B48ECE5FD5}.Release|x64.ActiveCfg = Release|x64
		{60CDFFC2-E033-44EF-A1A3-D5B48ECE5FD5}.Release|x64.Build.0 = Release|x64
		{60CDFFC2-E033-44EF-A1A3-D5B48ECE5FD5}.Release|x86.ActiveCfg = Release|Win32
		{60CDFFC2-E033-44EF-A1A3-D5B48ECE5FD5}.Release|x86.Build.0 = Release|Win32
	EndGlobalSection
	GlobalSection(SolutionProperties) = preSolution
		HideSolutionNode = FALSE
	EndGlobalSection
	GlobalSection(ExtensibilityGlobals) = postSolution
		SolutionGuid = {09541175-B166-486A-8BEE-4793DF86D97C}
	EndGlobalSection
EndGlobal
