
Microsoft Visual Studio Solution File, Format Version 12.00
# Visual Studio Version 17
VisualStudioVersion = 17.11.35312.102
MinimumVisualStudioVersion = 10.0.40219.1
Project("{8BC9CEB8-8B4A-11D0-8D11-00A0C91BC942}") = "graph", "graph\graph.vcxproj", "{81F08999-A3AE-48E9-BAD5-769C1C119506}"
EndProject
Project("{8BC9CEB8-8B4A-11D0-8D11-00A0C91BC942}") = "boj_11724", "boj_11724\boj_11724.vcxproj", "{4E114191-8F11-42E4-BD61-4B3014C3DDCB}"
EndProject
Project("{8BC9CEB8-8B4A-11D0-8D11-00A0C91BC942}") = "boj_1260", "boj_1260\boj_1260.vcxproj", "{3CFAF628-5C39-45BB-B5C0-269F7DCCE18E}"
EndProject
Project("{8BC9CEB8-8B4A-11D0-8D11-00A0C91BC942}") = "boj_2606", "boj_2606\boj_2606.vcxproj", "{F22D4905-6931-44BC-9B40-E75E4FE5B06E}"
EndProject
Project("{8BC9CEB8-8B4A-11D0-8D11-00A0C91BC942}") = "boj_11403", "boj_11403\boj_11403.vcxproj", "{5C813C36-678F-4698-A3E6-FAAFFB0E2040}"
EndProject
Project("{8BC9CEB8-8B4A-11D0-8D11-00A0C91BC942}") = "boj_2660", "boj_2660\boj_2660.vcxproj", "{0940A647-9D06-4022-8682-325FBEAF518D}"
EndProject
Project("{8BC9CEB8-8B4A-11D0-8D11-00A0C91BC942}") = "boj_1389", "boj_1389\boj_1389.vcxproj", "{E76D8C0E-6AA3-41AE-946D-A4E2843EC39C}"
EndProject
Project("{8BC9CEB8-8B4A-11D0-8D11-00A0C91BC942}") = "boj_1325", "boj_1325\boj_1325.vcxproj", "{AA4891BE-46EB-4069-8F5B-59BFD14D810F}"
EndProject
Project("{8BC9CEB8-8B4A-11D0-8D11-00A0C91BC942}") = "boj_6118", "boj_6118\boj_6118.vcxproj", "{DBB54EBD-9F36-4473-BA91-A49EC838EDE9}"
EndProject
Project("{8BC9CEB8-8B4A-11D0-8D11-00A0C91BC942}") = "boj_1707", "boj_1707\boj_1707.vcxproj", "{DE54DB9E-B5AF-4215-99E0-21DB7A72E221}"
EndProject
Project("{8BC9CEB8-8B4A-11D0-8D11-00A0C91BC942}") = "boj_2617", "boj_2617\boj_2617.vcxproj", "{FF96A957-9304-4529-8472-0F70E6D918C7}"
EndProject
Project("{8BC9CEB8-8B4A-11D0-8D11-00A0C91BC942}") = "boj_5214", "boj_5214\boj_5214.vcxproj", "{F0513369-0B8E-41F0-B7A0-35E8C76484A5}"
EndProject
Project("{8BC9CEB8-8B4A-11D0-8D11-00A0C91BC942}") = "boj_1043", "boj_1043\boj_1043.vcxproj", "{7B29F73A-3EC0-40B5-ADE1-F39EDBA8D23E}"
EndProject
Global
	GlobalSection(SolutionConfigurationPlatforms) = preSolution
		Debug|x64 = Debug|x64
		Debug|x86 = Debug|x86
		Release|x64 = Release|x64
		Release|x86 = Release|x86
	EndGlobalSection
	GlobalSection(ProjectConfigurationPlatforms) = postSolution
		{81F08999-A3AE-48E9-BAD5-769C1C119506}.Debug|x64.ActiveCfg = Debug|x64
		{81F08999-A3AE-48E9-BAD5-769C1C119506}.Debug|x64.Build.0 = Debug|x64
		{81F08999-A3AE-48E9-BAD5-769C1C119506}.Debug|x86.ActiveCfg = Debug|Win32
		{81F08999-A3AE-48E9-BAD5-769C1C119506}.Debug|x86.Build.0 = Debug|Win32
		{81F08999-A3AE-48E9-BAD5-769C1C119506}.Release|x64.ActiveCfg = Release|x64
		{81F08999-A3AE-48E9-BAD5-769C1C119506}.Release|x64.Build.0 = Release|x64
		{81F08999-A3AE-48E9-BAD5-769C1C119506}.Release|x86.ActiveCfg = Release|Win32
		{81F08999-A3AE-48E9-BAD5-769C1C119506}.Release|x86.Build.0 = Release|Win32
		{4E114191-8F11-42E4-BD61-4B3014C3DDCB}.Debug|x64.ActiveCfg = Debug|x64
		{4E114191-8F11-42E4-BD61-4B3014C3DDCB}.Debug|x64.Build.0 = Debug|x64
		{4E114191-8F11-42E4-BD61-4B3014C3DDCB}.Debug|x86.ActiveCfg = Debug|Win32
		{4E114191-8F11-42E4-BD61-4B3014C3DDCB}.Debug|x86.Build.0 = Debug|Win32
		{4E114191-8F11-42E4-BD61-4B3014C3DDCB}.Release|x64.ActiveCfg = Release|x64
		{4E114191-8F11-42E4-BD61-4B3014C3DDCB}.Release|x64.Build.0 = Release|x64
		{4E114191-8F11-42E4-BD61-4B3014C3DDCB}.Release|x86.ActiveCfg = Release|Win32
		{4E114191-8F11-42E4-BD61-4B3014C3DDCB}.Release|x86.Build.0 = Release|Win32
		{3CFAF628-5C39-45BB-B5C0-269F7DCCE18E}.Debug|x64.ActiveCfg = Debug|x64
		{3CFAF628-5C39-45BB-B5C0-269F7DCCE18E}.Debug|x64.Build.0 = Debug|x64
		{3CFAF628-5C39-45BB-B5C0-269F7DCCE18E}.Debug|x86.ActiveCfg = Debug|Win32
		{3CFAF628-5C39-45BB-B5C0-269F7DCCE18E}.Debug|x86.Build.0 = Debug|Win32
		{3CFAF628-5C39-45BB-B5C0-269F7DCCE18E}.Release|x64.ActiveCfg = Release|x64
		{3CFAF628-5C39-45BB-B5C0-269F7DCCE18E}.Release|x64.Build.0 = Release|x64
		{3CFAF628-5C39-45BB-B5C0-269F7DCCE18E}.Release|x86.ActiveCfg = Release|Win32
		{3CFAF628-5C39-45BB-B5C0-269F7DCCE18E}.Release|x86.Build.0 = Release|Win32
		{F22D4905-6931-44BC-9B40-E75E4FE5B06E}.Debug|x64.ActiveCfg = Debug|x64
		{F22D4905-6931-44BC-9B40-E75E4FE5B06E}.Debug|x64.Build.0 = Debug|x64
		{F22D4905-6931-44BC-9B40-E75E4FE5B06E}.Debug|x86.ActiveCfg = Debug|Win32
		{F22D4905-6931-44BC-9B40-E75E4FE5B06E}.Debug|x86.Build.0 = Debug|Win32
		{F22D4905-6931-44BC-9B40-E75E4FE5B06E}.Release|x64.ActiveCfg = Release|x64
		{F22D4905-6931-44BC-9B40-E75E4FE5B06E}.Release|x64.Build.0 = Release|x64
		{F22D4905-6931-44BC-9B40-E75E4FE5B06E}.Release|x86.ActiveCfg = Release|Win32
		{F22D4905-6931-44BC-9B40-E75E4FE5B06E}.Release|x86.Build.0 = Release|Win32
		{5C813C36-678F-4698-A3E6-FAAFFB0E2040}.Debug|x64.ActiveCfg = Debug|x64
		{5C813C36-678F-4698-A3E6-FAAFFB0E2040}.Debug|x64.Build.0 = Debug|x64
		{5C813C36-678F-4698-A3E6-FAAFFB0E2040}.Debug|x86.ActiveCfg = Debug|Win32
		{5C813C36-678F-4698-A3E6-FAAFFB0E2040}.Debug|x86.Build.0 = Debug|Win32
		{5C813C36-678F-4698-A3E6-FAAFFB0E2040}.Release|x64.ActiveCfg = Release|x64
		{5C813C36-678F-4698-A3E6-FAAFFB0E2040}.Release|x64.Build.0 = Release|x64
		{5C813C36-678F-4698-A3E6-FAAFFB0E2040}.Release|x86.ActiveCfg = Release|Win32
		{5C813C36-678F-4698-A3E6-FAAFFB0E2040}.Release|x86.Build.0 = Release|Win32
		{0940A647-9D06-4022-8682-325FBEAF518D}.Debug|x64.ActiveCfg = Debug|x64
		{0940A647-9D06-4022-8682-325FBEAF518D}.Debug|x64.Build.0 = Debug|x64
		{0940A647-9D06-4022-8682-325FBEAF518D}.Debug|x86.ActiveCfg = Debug|Win32
		{0940A647-9D06-4022-8682-325FBEAF518D}.Debug|x86.Build.0 = Debug|Win32
		{0940A647-9D06-4022-8682-325FBEAF518D}.Release|x64.ActiveCfg = Release|x64
		{0940A647-9D06-4022-8682-325FBEAF518D}.Release|x64.Build.0 = Release|x64
		{0940A647-9D06-4022-8682-325FBEAF518D}.Release|x86.ActiveCfg = Release|Win32
		{0940A647-9D06-4022-8682-325FBEAF518D}.Release|x86.Build.0 = Release|Win32
		{E76D8C0E-6AA3-41AE-946D-A4E2843EC39C}.Debug|x64.ActiveCfg = Debug|x64
		{E76D8C0E-6AA3-41AE-946D-A4E2843EC39C}.Debug|x64.Build.0 = Debug|x64
		{E76D8C0E-6AA3-41AE-946D-A4E2843EC39C}.Debug|x86.ActiveCfg = Debug|Win32
		{E76D8C0E-6AA3-41AE-946D-A4E2843EC39C}.Debug|x86.Build.0 = Debug|Win32
		{E76D8C0E-6AA3-41AE-946D-A4E2843EC39C}.Release|x64.ActiveCfg = Release|x64
		{E76D8C0E-6AA3-41AE-946D-A4E2843EC39C}.Release|x64.Build.0 = Release|x64
		{E76D8C0E-6AA3-41AE-946D-A4E2843EC39C}.Release|x86.ActiveCfg = Release|Win32
		{E76D8C0E-6AA3-41AE-946D-A4E2843EC39C}.Release|x86.Build.0 = Release|Win32
		{AA4891BE-46EB-4069-8F5B-59BFD14D810F}.Debug|x64.ActiveCfg = Debug|x64
		{AA4891BE-46EB-4069-8F5B-59BFD14D810F}.Debug|x64.Build.0 = Debug|x64
		{AA4891BE-46EB-4069-8F5B-59BFD14D810F}.Debug|x86.ActiveCfg = Debug|Win32
		{AA4891BE-46EB-4069-8F5B-59BFD14D810F}.Debug|x86.Build.0 = Debug|Win32
		{AA4891BE-46EB-4069-8F5B-59BFD14D810F}.Release|x64.ActiveCfg = Release|x64
		{AA4891BE-46EB-4069-8F5B-59BFD14D810F}.Release|x64.Build.0 = Release|x64
		{AA4891BE-46EB-4069-8F5B-59BFD14D810F}.Release|x86.ActiveCfg = Release|Win32
		{AA4891BE-46EB-4069-8F5B-59BFD14D810F}.Release|x86.Build.0 = Release|Win32
		{DBB54EBD-9F36-4473-BA91-A49EC838EDE9}.Debug|x64.ActiveCfg = Debug|x64
		{DBB54EBD-9F36-4473-BA91-A49EC838EDE9}.Debug|x64.Build.0 = Debug|x64
		{DBB54EBD-9F36-4473-BA91-A49EC838EDE9}.Debug|x86.ActiveCfg = Debug|Win32
		{DBB54EBD-9F36-4473-BA91-A49EC838EDE9}.Debug|x86.Build.0 = Debug|Win32
		{DBB54EBD-9F36-4473-BA91-A49EC838EDE9}.Release|x64.ActiveCfg = Release|x64
		{DBB54EBD-9F36-4473-BA91-A49EC838EDE9}.Release|x64.Build.0 = Release|x64
		{DBB54EBD-9F36-4473-BA91-A49EC838EDE9}.Release|x86.ActiveCfg = Release|Win32
		{DBB54EBD-9F36-4473-BA91-A49EC838EDE9}.Release|x86.Build.0 = Release|Win32
		{DE54DB9E-B5AF-4215-99E0-21DB7A72E221}.Debug|x64.ActiveCfg = Debug|x64
		{DE54DB9E-B5AF-4215-99E0-21DB7A72E221}.Debug|x64.Build.0 = Debug|x64
		{DE54DB9E-B5AF-4215-99E0-21DB7A72E221}.Debug|x86.ActiveCfg = Debug|Win32
		{DE54DB9E-B5AF-4215-99E0-21DB7A72E221}.Debug|x86.Build.0 = Debug|Win32
		{DE54DB9E-B5AF-4215-99E0-21DB7A72E221}.Release|x64.ActiveCfg = Release|x64
		{DE54DB9E-B5AF-4215-99E0-21DB7A72E221}.Release|x64.Build.0 = Release|x64
		{DE54DB9E-B5AF-4215-99E0-21DB7A72E221}.Release|x86.ActiveCfg = Release|Win32
		{DE54DB9E-B5AF-4215-99E0-21DB7A72E221}.Release|x86.Build.0 = Release|Win32
		{FF96A957-9304-4529-8472-0F70E6D918C7}.Debug|x64.ActiveCfg = Debug|x64
		{FF96A957-9304-4529-8472-0F70E6D918C7}.Debug|x64.Build.0 = Debug|x64
		{FF96A957-9304-4529-8472-0F70E6D918C7}.Debug|x86.ActiveCfg = Debug|Win32
		{FF96A957-9304-4529-8472-0F70E6D918C7}.Debug|x86.Build.0 = Debug|Win32
		{FF96A957-9304-4529-8472-0F70E6D918C7}.Release|x64.ActiveCfg = Release|x64
		{FF96A957-9304-4529-8472-0F70E6D918C7}.Release|x64.Build.0 = Release|x64
		{FF96A957-9304-4529-8472-0F70E6D918C7}.Release|x86.ActiveCfg = Release|Win32
		{FF96A957-9304-4529-8472-0F70E6D918C7}.Release|x86.Build.0 = Release|Win32
		{F0513369-0B8E-41F0-B7A0-35E8C76484A5}.Debug|x64.ActiveCfg = Debug|x64
		{F0513369-0B8E-41F0-B7A0-35E8C76484A5}.Debug|x64.Build.0 = Debug|x64
		{F0513369-0B8E-41F0-B7A0-35E8C76484A5}.Debug|x86.ActiveCfg = Debug|Win32
		{F0513369-0B8E-41F0-B7A0-35E8C76484A5}.Debug|x86.Build.0 = Debug|Win32
		{F0513369-0B8E-41F0-B7A0-35E8C76484A5}.Release|x64.ActiveCfg = Release|x64
		{F0513369-0B8E-41F0-B7A0-35E8C76484A5}.Release|x64.Build.0 = Release|x64
		{F0513369-0B8E-41F0-B7A0-35E8C76484A5}.Release|x86.ActiveCfg = Release|Win32
		{F0513369-0B8E-41F0-B7A0-35E8C76484A5}.Release|x86.Build.0 = Release|Win32
		{7B29F73A-3EC0-40B5-ADE1-F39EDBA8D23E}.Debug|x64.ActiveCfg = Debug|x64
		{7B29F73A-3EC0-40B5-ADE1-F39EDBA8D23E}.Debug|x64.Build.0 = Debug|x64
		{7B29F73A-3EC0-40B5-ADE1-F39EDBA8D23E}.Debug|x86.ActiveCfg = Debug|Win32
		{7B29F73A-3EC0-40B5-ADE1-F39EDBA8D23E}.Debug|x86.Build.0 = Debug|Win32
		{7B29F73A-3EC0-40B5-ADE1-F39EDBA8D23E}.Release|x64.ActiveCfg = Release|x64
		{7B29F73A-3EC0-40B5-ADE1-F39EDBA8D23E}.Release|x64.Build.0 = Release|x64
		{7B29F73A-3EC0-40B5-ADE1-F39EDBA8D23E}.Release|x86.ActiveCfg = Release|Win32
		{7B29F73A-3EC0-40B5-ADE1-F39EDBA8D23E}.Release|x86.Build.0 = Release|Win32
	EndGlobalSection
	GlobalSection(SolutionProperties) = preSolution
		HideSolutionNode = FALSE
	EndGlobalSection
	GlobalSection(ExtensibilityGlobals) = postSolution
		SolutionGuid = {E06686A0-E953-4D16-B6CC-CE17E64E99C9}
	EndGlobalSection
EndGlobal
