
Microsoft Visual Studio Solution File, Format Version 12.00
# Visual Studio Version 17
VisualStudioVersion = 17.9.34728.123
MinimumVisualStudioVersion = 10.0.40219.1
Project("{8BC9CEB8-8B4A-11D0-8D11-00A0C91BC942}") = "stack", "stack\stack.vcxproj", "{53208FBC-645E-495E-BB13-3DAFB66B036D}"
EndProject
Project("{8BC9CEB8-8B4A-11D0-8D11-00A0C91BC942}") = "boj_10828", "boj_10828\boj_10828.vcxproj", "{7125643B-884A-459A-AB92-DA4A87FBA8B1}"
EndProject
Project("{8BC9CEB8-8B4A-11D0-8D11-00A0C91BC942}") = "boj_10773", "boj_10773\boj_10773.vcxproj", "{71E13A75-E1DD-4351-A596-02FD66892795}"
EndProject
Project("{8BC9CEB8-8B4A-11D0-8D11-00A0C91BC942}") = "boj_1874", "boj_1874\boj_1874.vcxproj", "{2FD63399-EFE9-48B1-982B-9C1E727E6573}"
EndProject
Project("{8BC9CEB8-8B4A-11D0-8D11-00A0C91BC942}") = "boj_2493", "boj_2493\boj_2493.vcxproj", "{C2A56436-B34D-4B59-8D84-A7D16F23BEC4}"
EndProject
Project("{8BC9CEB8-8B4A-11D0-8D11-00A0C91BC942}") = "boj_4949", "boj_4949\boj_4949.vcxproj", "{2BA7BBB0-9121-47E0-B495-CBB7B34DD69B}"
EndProject
Project("{8BC9CEB8-8B4A-11D0-8D11-00A0C91BC942}") = "boj_3986", "boj_3986\boj_3986.vcxproj", "{BA8D270B-44B5-4335-ACB8-CF673F9BCE40}"
EndProject
Project("{8BC9CEB8-8B4A-11D0-8D11-00A0C91BC942}") = "boj_9012", "boj_9012\boj_9012.vcxproj", "{688EFF49-9912-430B-A088-16E1E4735DC2}"
EndProject
Project("{8BC9CEB8-8B4A-11D0-8D11-00A0C91BC942}") = "boj_10799", "boj_10799\boj_10799.vcxproj", "{E723018D-3DEA-409E-A47A-8E3F9DD1964C}"
EndProject
Project("{8BC9CEB8-8B4A-11D0-8D11-00A0C91BC942}") = "boj_2504", "boj_2504\boj_2504.vcxproj", "{63CEBCCA-5B09-4118-B916-3665E71524F2}"
EndProject
Global
	GlobalSection(SolutionConfigurationPlatforms) = preSolution
		Debug|x64 = Debug|x64
		Debug|x86 = Debug|x86
		Release|x64 = Release|x64
		Release|x86 = Release|x86
	EndGlobalSection
	GlobalSection(ProjectConfigurationPlatforms) = postSolution
		{53208FBC-645E-495E-BB13-3DAFB66B036D}.Debug|x64.ActiveCfg = Debug|x64
		{53208FBC-645E-495E-BB13-3DAFB66B036D}.Debug|x64.Build.0 = Debug|x64
		{53208FBC-645E-495E-BB13-3DAFB66B036D}.Debug|x86.ActiveCfg = Debug|Win32
		{53208FBC-645E-495E-BB13-3DAFB66B036D}.Debug|x86.Build.0 = Debug|Win32
		{53208FBC-645E-495E-BB13-3DAFB66B036D}.Release|x64.ActiveCfg = Release|x64
		{53208FBC-645E-495E-BB13-3DAFB66B036D}.Release|x64.Build.0 = Release|x64
		{53208FBC-645E-495E-BB13-3DAFB66B036D}.Release|x86.ActiveCfg = Release|Win32
		{53208FBC-645E-495E-BB13-3DAFB66B036D}.Release|x86.Build.0 = Release|Win32
		{7125643B-884A-459A-AB92-DA4A87FBA8B1}.Debug|x64.ActiveCfg = Debug|x64
		{7125643B-884A-459A-AB92-DA4A87FBA8B1}.Debug|x64.Build.0 = Debug|x64
		{7125643B-884A-459A-AB92-DA4A87FBA8B1}.Debug|x86.ActiveCfg = Debug|Win32
		{7125643B-884A-459A-AB92-DA4A87FBA8B1}.Debug|x86.Build.0 = Debug|Win32
		{7125643B-884A-459A-AB92-DA4A87FBA8B1}.Release|x64.ActiveCfg = Release|x64
		{7125643B-884A-459A-AB92-DA4A87FBA8B1}.Release|x64.Build.0 = Release|x64
		{7125643B-884A-459A-AB92-DA4A87FBA8B1}.Release|x86.ActiveCfg = Release|Win32
		{7125643B-884A-459A-AB92-DA4A87FBA8B1}.Release|x86.Build.0 = Release|Win32
		{71E13A75-E1DD-4351-A596-02FD66892795}.Debug|x64.ActiveCfg = Debug|x64
		{71E13A75-E1DD-4351-A596-02FD66892795}.Debug|x64.Build.0 = Debug|x64
		{71E13A75-E1DD-4351-A596-02FD66892795}.Debug|x86.ActiveCfg = Debug|Win32
		{71E13A75-E1DD-4351-A596-02FD66892795}.Debug|x86.Build.0 = Debug|Win32
		{71E13A75-E1DD-4351-A596-02FD66892795}.Release|x64.ActiveCfg = Release|x64
		{71E13A75-E1DD-4351-A596-02FD66892795}.Release|x64.Build.0 = Release|x64
		{71E13A75-E1DD-4351-A596-02FD66892795}.Release|x86.ActiveCfg = Release|Win32
		{71E13A75-E1DD-4351-A596-02FD66892795}.Release|x86.Build.0 = Release|Win32
		{2FD63399-EFE9-48B1-982B-9C1E727E6573}.Debug|x64.ActiveCfg = Debug|x64
		{2FD63399-EFE9-48B1-982B-9C1E727E6573}.Debug|x64.Build.0 = Debug|x64
		{2FD63399-EFE9-48B1-982B-9C1E727E6573}.Debug|x86.ActiveCfg = Debug|Win32
		{2FD63399-EFE9-48B1-982B-9C1E727E6573}.Debug|x86.Build.0 = Debug|Win32
		{2FD63399-EFE9-48B1-982B-9C1E727E6573}.Release|x64.ActiveCfg = Release|x64
		{2FD63399-EFE9-48B1-982B-9C1E727E6573}.Release|x64.Build.0 = Release|x64
		{2FD63399-EFE9-48B1-982B-9C1E727E6573}.Release|x86.ActiveCfg = Release|Win32
		{2FD63399-EFE9-48B1-982B-9C1E727E6573}.Release|x86.Build.0 = Release|Win32
		{C2A56436-B34D-4B59-8D84-A7D16F23BEC4}.Debug|x64.ActiveCfg = Debug|x64
		{C2A56436-B34D-4B59-8D84-A7D16F23BEC4}.Debug|x64.Build.0 = Debug|x64
		{C2A56436-B34D-4B59-8D84-A7D16F23BEC4}.Debug|x86.ActiveCfg = Debug|Win32
		{C2A56436-B34D-4B59-8D84-A7D16F23BEC4}.Debug|x86.Build.0 = Debug|Win32
		{C2A56436-B34D-4B59-8D84-A7D16F23BEC4}.Release|x64.ActiveCfg = Release|x64
		{C2A56436-B34D-4B59-8D84-A7D16F23BEC4}.Release|x64.Build.0 = Release|x64
		{C2A56436-B34D-4B59-8D84-A7D16F23BEC4}.Release|x86.ActiveCfg = Release|Win32
		{C2A56436-B34D-4B59-8D84-A7D16F23BEC4}.Release|x86.Build.0 = Release|Win32
		{2BA7BBB0-9121-47E0-B495-CBB7B34DD69B}.Debug|x64.ActiveCfg = Debug|x64
		{2BA7BBB0-9121-47E0-B495-CBB7B34DD69B}.Debug|x64.Build.0 = Debug|x64
		{2BA7BBB0-9121-47E0-B495-CBB7B34DD69B}.Debug|x86.ActiveCfg = Debug|Win32
		{2BA7BBB0-9121-47E0-B495-CBB7B34DD69B}.Debug|x86.Build.0 = Debug|Win32
		{2BA7BBB0-9121-47E0-B495-CBB7B34DD69B}.Release|x64.ActiveCfg = Release|x64
		{2BA7BBB0-9121-47E0-B495-CBB7B34DD69B}.Release|x64.Build.0 = Release|x64
		{2BA7BBB0-9121-47E0-B495-CBB7B34DD69B}.Release|x86.ActiveCfg = Release|Win32
		{2BA7BBB0-9121-47E0-B495-CBB7B34DD69B}.Release|x86.Build.0 = Release|Win32
		{BA8D270B-44B5-4335-ACB8-CF673F9BCE40}.Debug|x64.ActiveCfg = Debug|x64
		{BA8D270B-44B5-4335-ACB8-CF673F9BCE40}.Debug|x64.Build.0 = Debug|x64
		{BA8D270B-44B5-4335-ACB8-CF673F9BCE40}.Debug|x86.ActiveCfg = Debug|Win32
		{BA8D270B-44B5-4335-ACB8-CF673F9BCE40}.Debug|x86.Build.0 = Debug|Win32
		{BA8D270B-44B5-4335-ACB8-CF673F9BCE40}.Release|x64.ActiveCfg = Release|x64
		{BA8D270B-44B5-4335-ACB8-CF673F9BCE40}.Release|x64.Build.0 = Release|x64
		{BA8D270B-44B5-4335-ACB8-CF673F9BCE40}.Release|x86.ActiveCfg = Release|Win32
		{BA8D270B-44B5-4335-ACB8-CF673F9BCE40}.Release|x86.Build.0 = Release|Win32
		{688EFF49-9912-430B-A088-16E1E4735DC2}.Debug|x64.ActiveCfg = Debug|x64
		{688EFF49-9912-430B-A088-16E1E4735DC2}.Debug|x64.Build.0 = Debug|x64
		{688EFF49-9912-430B-A088-16E1E4735DC2}.Debug|x86.ActiveCfg = Debug|Win32
		{688EFF49-9912-430B-A088-16E1E4735DC2}.Debug|x86.Build.0 = Debug|Win32
		{688EFF49-9912-430B-A088-16E1E4735DC2}.Release|x64.ActiveCfg = Release|x64
		{688EFF49-9912-430B-A088-16E1E4735DC2}.Release|x64.Build.0 = Release|x64
		{688EFF49-9912-430B-A088-16E1E4735DC2}.Release|x86.ActiveCfg = Release|Win32
		{688EFF49-9912-430B-A088-16E1E4735DC2}.Release|x86.Build.0 = Release|Win32
		{E723018D-3DEA-409E-A47A-8E3F9DD1964C}.Debug|x64.ActiveCfg = Debug|x64
		{E723018D-3DEA-409E-A47A-8E3F9DD1964C}.Debug|x64.Build.0 = Debug|x64
		{E723018D-3DEA-409E-A47A-8E3F9DD1964C}.Debug|x86.ActiveCfg = Debug|Win32
		{E723018D-3DEA-409E-A47A-8E3F9DD1964C}.Debug|x86.Build.0 = Debug|Win32
		{E723018D-3DEA-409E-A47A-8E3F9DD1964C}.Release|x64.ActiveCfg = Release|x64
		{E723018D-3DEA-409E-A47A-8E3F9DD1964C}.Release|x64.Build.0 = Release|x64
		{E723018D-3DEA-409E-A47A-8E3F9DD1964C}.Release|x86.ActiveCfg = Release|Win32
		{E723018D-3DEA-409E-A47A-8E3F9DD1964C}.Release|x86.Build.0 = Release|Win32
		{63CEBCCA-5B09-4118-B916-3665E71524F2}.Debug|x64.ActiveCfg = Debug|x64
		{63CEBCCA-5B09-4118-B916-3665E71524F2}.Debug|x64.Build.0 = Debug|x64
		{63CEBCCA-5B09-4118-B916-3665E71524F2}.Debug|x86.ActiveCfg = Debug|Win32
		{63CEBCCA-5B09-4118-B916-3665E71524F2}.Debug|x86.Build.0 = Debug|Win32
		{63CEBCCA-5B09-4118-B916-3665E71524F2}.Release|x64.ActiveCfg = Release|x64
		{63CEBCCA-5B09-4118-B916-3665E71524F2}.Release|x64.Build.0 = Release|x64
		{63CEBCCA-5B09-4118-B916-3665E71524F2}.Release|x86.ActiveCfg = Release|Win32
		{63CEBCCA-5B09-4118-B916-3665E71524F2}.Release|x86.Build.0 = Release|Win32
	EndGlobalSection
	GlobalSection(SolutionProperties) = preSolution
		HideSolutionNode = FALSE
	EndGlobalSection
	GlobalSection(ExtensibilityGlobals) = postSolution
		SolutionGuid = {D6A775C0-A3AB-4B11-B049-71E51E68A803}
	EndGlobalSection
EndGlobal
