
Microsoft Visual Studio Solution File, Format Version 12.00
# Visual Studio Version 17
VisualStudioVersion = 17.9.34728.123
MinimumVisualStudioVersion = 10.0.40219.1
Project("{8BC9CEB8-8B4A-11D0-8D11-00A0C91BC942}") = "binarySearch", "binarySearch\binarySearch.vcxproj", "{139A1468-670F-4BAF-8F25-A79F40102B09}"
EndProject
Project("{8BC9CEB8-8B4A-11D0-8D11-00A0C91BC942}") = "boj_1920", "boj_1920\boj_1920.vcxproj", "{9FE843FB-0B47-4163-B56D-B6E623BD4C8D}"
EndProject
Project("{8BC9CEB8-8B4A-11D0-8D11-00A0C91BC942}") = "boj_10816", "boj_10816\boj_10816.vcxproj", "{F61DD417-7421-4F57-812E-555C9B083DDA}"
EndProject
Project("{8BC9CEB8-8B4A-11D0-8D11-00A0C91BC942}") = "boj_18870", "boj_18870\boj_18870.vcxproj", "{700EEDA8-FA5C-4686-A1BA-7BB353D66DB5}"
EndProject
Project("{8BC9CEB8-8B4A-11D0-8D11-00A0C91BC942}") = "boj_2295", "boj_2295\boj_2295.vcxproj", "{9CB6E569-8578-4B6D-AB13-0BE37B1B17D3}"
EndProject
Project("{8BC9CEB8-8B4A-11D0-8D11-00A0C91BC942}") = "boj_1654", "boj_1654\boj_1654.vcxproj", "{43FA72B3-8E34-4795-90C6-5EC06727CD34}"
EndProject
Project("{8BC9CEB8-8B4A-11D0-8D11-00A0C91BC942}") = "boj_10815", "boj_10815\boj_10815.vcxproj", "{F876C9AB-62D3-4F20-8962-78C7A170EE13}"
EndProject
Project("{8BC9CEB8-8B4A-11D0-8D11-00A0C91BC942}") = "boj_1822", "boj_1822\boj_1822.vcxproj", "{157F822E-A4FD-47DA-A467-13289DB6F247}"
EndProject
Project("{8BC9CEB8-8B4A-11D0-8D11-00A0C91BC942}") = "boj_16401", "boj_16401\boj_16401.vcxproj", "{03D4A3D5-79A2-4E8A-AA82-5685C2DF1368}"
EndProject
Project("{8BC9CEB8-8B4A-11D0-8D11-00A0C91BC942}") = "boj_2805", "boj_2805\boj_2805.vcxproj", "{422B599E-F593-4F07-A180-E79E6DBB86AB}"
EndProject
Project("{8BC9CEB8-8B4A-11D0-8D11-00A0C91BC942}") = "boj_18869", "boj_18869\boj_18869.vcxproj", "{37FE2510-2D40-4B4C-BB1E-3C68BEC37B7C}"
EndProject
Project("{8BC9CEB8-8B4A-11D0-8D11-00A0C91BC942}") = "boj_2467", "boj_2467\boj_2467.vcxproj", "{DF89B642-7E42-441A-A815-1C7D52D66DA3}"
EndProject
Project("{8BC9CEB8-8B4A-11D0-8D11-00A0C91BC942}") = "boj_3151", "boj_3151\boj_3151.vcxproj", "{B540759C-153A-4AE5-892C-37E9B069129E}"
EndProject
Project("{8BC9CEB8-8B4A-11D0-8D11-00A0C91BC942}") = "boj_14921", "boj_14921\boj_14921.vcxproj", "{CD10C958-9364-4436-B667-ADAA24C30D51}"
EndProject
Global
	GlobalSection(SolutionConfigurationPlatforms) = preSolution
		Debug|x64 = Debug|x64
		Debug|x86 = Debug|x86
		Release|x64 = Release|x64
		Release|x86 = Release|x86
	EndGlobalSection
	GlobalSection(ProjectConfigurationPlatforms) = postSolution
		{139A1468-670F-4BAF-8F25-A79F40102B09}.Debug|x64.ActiveCfg = Debug|x64
		{139A1468-670F-4BAF-8F25-A79F40102B09}.Debug|x64.Build.0 = Debug|x64
		{139A1468-670F-4BAF-8F25-A79F40102B09}.Debug|x86.ActiveCfg = Debug|Win32
		{139A1468-670F-4BAF-8F25-A79F40102B09}.Debug|x86.Build.0 = Debug|Win32
		{139A1468-670F-4BAF-8F25-A79F40102B09}.Release|x64.ActiveCfg = Release|x64
		{139A1468-670F-4BAF-8F25-A79F40102B09}.Release|x64.Build.0 = Release|x64
		{139A1468-670F-4BAF-8F25-A79F40102B09}.Release|x86.ActiveCfg = Release|Win32
		{139A1468-670F-4BAF-8F25-A79F40102B09}.Release|x86.Build.0 = Release|Win32
		{9FE843FB-0B47-4163-B56D-B6E623BD4C8D}.Debug|x64.ActiveCfg = Debug|x64
		{9FE843FB-0B47-4163-B56D-B6E623BD4C8D}.Debug|x64.Build.0 = Debug|x64
		{9FE843FB-0B47-4163-B56D-B6E623BD4C8D}.Debug|x86.ActiveCfg = Debug|Win32
		{9FE843FB-0B47-4163-B56D-B6E623BD4C8D}.Debug|x86.Build.0 = Debug|Win32
		{9FE843FB-0B47-4163-B56D-B6E623BD4C8D}.Release|x64.ActiveCfg = Release|x64
		{9FE843FB-0B47-4163-B56D-B6E623BD4C8D}.Release|x64.Build.0 = Release|x64
		{9FE843FB-0B47-4163-B56D-B6E623BD4C8D}.Release|x86.ActiveCfg = Release|Win32
		{9FE843FB-0B47-4163-B56D-B6E623BD4C8D}.Release|x86.Build.0 = Release|Win32
		{F61DD417-7421-4F57-812E-555C9B083DDA}.Debug|x64.ActiveCfg = Debug|x64
		{F61DD417-7421-4F57-812E-555C9B083DDA}.Debug|x64.Build.0 = Debug|x64
		{F61DD417-7421-4F57-812E-555C9B083DDA}.Debug|x86.ActiveCfg = Debug|Win32
		{F61DD417-7421-4F57-812E-555C9B083DDA}.Debug|x86.Build.0 = Debug|Win32
		{F61DD417-7421-4F57-812E-555C9B083DDA}.Release|x64.ActiveCfg = Release|x64
		{F61DD417-7421-4F57-812E-555C9B083DDA}.Release|x64.Build.0 = Release|x64
		{F61DD417-7421-4F57-812E-555C9B083DDA}.Release|x86.ActiveCfg = Release|Win32
		{F61DD417-7421-4F57-812E-555C9B083DDA}.Release|x86.Build.0 = Release|Win32
		{700EEDA8-FA5C-4686-A1BA-7BB353D66DB5}.Debug|x64.ActiveCfg = Debug|x64
		{700EEDA8-FA5C-4686-A1BA-7BB353D66DB5}.Debug|x64.Build.0 = Debug|x64
		{700EEDA8-FA5C-4686-A1BA-7BB353D66DB5}.Debug|x86.ActiveCfg = Debug|Win32
		{700EEDA8-FA5C-4686-A1BA-7BB353D66DB5}.Debug|x86.Build.0 = Debug|Win32
		{700EEDA8-FA5C-4686-A1BA-7BB353D66DB5}.Release|x64.ActiveCfg = Release|x64
		{700EEDA8-FA5C-4686-A1BA-7BB353D66DB5}.Release|x64.Build.0 = Release|x64
		{700EEDA8-FA5C-4686-A1BA-7BB353D66DB5}.Release|x86.ActiveCfg = Release|Win32
		{700EEDA8-FA5C-4686-A1BA-7BB353D66DB5}.Release|x86.Build.0 = Release|Win32
		{9CB6E569-8578-4B6D-AB13-0BE37B1B17D3}.Debug|x64.ActiveCfg = Debug|x64
		{9CB6E569-8578-4B6D-AB13-0BE37B1B17D3}.Debug|x64.Build.0 = Debug|x64
		{9CB6E569-8578-4B6D-AB13-0BE37B1B17D3}.Debug|x86.ActiveCfg = Debug|Win32
		{9CB6E569-8578-4B6D-AB13-0BE37B1B17D3}.Debug|x86.Build.0 = Debug|Win32
		{9CB6E569-8578-4B6D-AB13-0BE37B1B17D3}.Release|x64.ActiveCfg = Release|x64
		{9CB6E569-8578-4B6D-AB13-0BE37B1B17D3}.Release|x64.Build.0 = Release|x64
		{9CB6E569-8578-4B6D-AB13-0BE37B1B17D3}.Release|x86.ActiveCfg = Release|Win32
		{9CB6E569-8578-4B6D-AB13-0BE37B1B17D3}.Release|x86.Build.0 = Release|Win32
		{43FA72B3-8E34-4795-90C6-5EC06727CD34}.Debug|x64.ActiveCfg = Debug|x64
		{43FA72B3-8E34-4795-90C6-5EC06727CD34}.Debug|x64.Build.0 = Debug|x64
		{43FA72B3-8E34-4795-90C6-5EC06727CD34}.Debug|x86.ActiveCfg = Debug|Win32
		{43FA72B3-8E34-4795-90C6-5EC06727CD34}.Debug|x86.Build.0 = Debug|Win32
		{43FA72B3-8E34-4795-90C6-5EC06727CD34}.Release|x64.ActiveCfg = Release|x64
		{43FA72B3-8E34-4795-90C6-5EC06727CD34}.Release|x64.Build.0 = Release|x64
		{43FA72B3-8E34-4795-90C6-5EC06727CD34}.Release|x86.ActiveCfg = Release|Win32
		{43FA72B3-8E34-4795-90C6-5EC06727CD34}.Release|x86.Build.0 = Release|Win32
		{F876C9AB-62D3-4F20-8962-78C7A170EE13}.Debug|x64.ActiveCfg = Debug|x64
		{F876C9AB-62D3-4F20-8962-78C7A170EE13}.Debug|x64.Build.0 = Debug|x64
		{F876C9AB-62D3-4F20-8962-78C7A170EE13}.Debug|x86.ActiveCfg = Debug|Win32
		{F876C9AB-62D3-4F20-8962-78C7A170EE13}.Debug|x86.Build.0 = Debug|Win32
		{F876C9AB-62D3-4F20-8962-78C7A170EE13}.Release|x64.ActiveCfg = Release|x64
		{F876C9AB-62D3-4F20-8962-78C7A170EE13}.Release|x64.Build.0 = Release|x64
		{F876C9AB-62D3-4F20-8962-78C7A170EE13}.Release|x86.ActiveCfg = Release|Win32
		{F876C9AB-62D3-4F20-8962-78C7A170EE13}.Release|x86.Build.0 = Release|Win32
		{157F822E-A4FD-47DA-A467-13289DB6F247}.Debug|x64.ActiveCfg = Debug|x64
		{157F822E-A4FD-47DA-A467-13289DB6F247}.Debug|x64.Build.0 = Debug|x64
		{157F822E-A4FD-47DA-A467-13289DB6F247}.Debug|x86.ActiveCfg = Debug|Win32
		{157F822E-A4FD-47DA-A467-13289DB6F247}.Debug|x86.Build.0 = Debug|Win32
		{157F822E-A4FD-47DA-A467-13289DB6F247}.Release|x64.ActiveCfg = Release|x64
		{157F822E-A4FD-47DA-A467-13289DB6F247}.Release|x64.Build.0 = Release|x64
		{157F822E-A4FD-47DA-A467-13289DB6F247}.Release|x86.ActiveCfg = Release|Win32
		{157F822E-A4FD-47DA-A467-13289DB6F247}.Release|x86.Build.0 = Release|Win32
		{03D4A3D5-79A2-4E8A-AA82-5685C2DF1368}.Debug|x64.ActiveCfg = Debug|x64
		{03D4A3D5-79A2-4E8A-AA82-5685C2DF1368}.Debug|x64.Build.0 = Debug|x64
		{03D4A3D5-79A2-4E8A-AA82-5685C2DF1368}.Debug|x86.ActiveCfg = Debug|Win32
		{03D4A3D5-79A2-4E8A-AA82-5685C2DF1368}.Debug|x86.Build.0 = Debug|Win32
		{03D4A3D5-79A2-4E8A-AA82-5685C2DF1368}.Release|x64.ActiveCfg = Release|x64
		{03D4A3D5-79A2-4E8A-AA82-5685C2DF1368}.Release|x64.Build.0 = Release|x64
		{03D4A3D5-79A2-4E8A-AA82-5685C2DF1368}.Release|x86.ActiveCfg = Release|Win32
		{03D4A3D5-79A2-4E8A-AA82-5685C2DF1368}.Release|x86.Build.0 = Release|Win32
		{422B599E-F593-4F07-A180-E79E6DBB86AB}.Debug|x64.ActiveCfg = Debug|x64
		{422B599E-F593-4F07-A180-E79E6DBB86AB}.Debug|x64.Build.0 = Debug|x64
		{422B599E-F593-4F07-A180-E79E6DBB86AB}.Debug|x86.ActiveCfg = Debug|Win32
		{422B599E-F593-4F07-A180-E79E6DBB86AB}.Debug|x86.Build.0 = Debug|Win32
		{422B599E-F593-4F07-A180-E79E6DBB86AB}.Release|x64.ActiveCfg = Release|x64
		{422B599E-F593-4F07-A180-E79E6DBB86AB}.Release|x64.Build.0 = Release|x64
		{422B599E-F593-4F07-A180-E79E6DBB86AB}.Release|x86.ActiveCfg = Release|Win32
		{422B599E-F593-4F07-A180-E79E6DBB86AB}.Release|x86.Build.0 = Release|Win32
		{37FE2510-2D40-4B4C-BB1E-3C68BEC37B7C}.Debug|x64.ActiveCfg = Debug|x64
		{37FE2510-2D40-4B4C-BB1E-3C68BEC37B7C}.Debug|x64.Build.0 = Debug|x64
		{37FE2510-2D40-4B4C-BB1E-3C68BEC37B7C}.Debug|x86.ActiveCfg = Debug|Win32
		{37FE2510-2D40-4B4C-BB1E-3C68BEC37B7C}.Debug|x86.Build.0 = Debug|Win32
		{37FE2510-2D40-4B4C-BB1E-3C68BEC37B7C}.Release|x64.ActiveCfg = Release|x64
		{37FE2510-2D40-4B4C-BB1E-3C68BEC37B7C}.Release|x64.Build.0 = Release|x64
		{37FE2510-2D40-4B4C-BB1E-3C68BEC37B7C}.Release|x86.ActiveCfg = Release|Win32
		{37FE2510-2D40-4B4C-BB1E-3C68BEC37B7C}.Release|x86.Build.0 = Release|Win32
		{DF89B642-7E42-441A-A815-1C7D52D66DA3}.Debug|x64.ActiveCfg = Debug|x64
		{DF89B642-7E42-441A-A815-1C7D52D66DA3}.Debug|x64.Build.0 = Debug|x64
		{DF89B642-7E42-441A-A815-1C7D52D66DA3}.Debug|x86.ActiveCfg = Debug|Win32
		{DF89B642-7E42-441A-A815-1C7D52D66DA3}.Debug|x86.Build.0 = Debug|Win32
		{DF89B642-7E42-441A-A815-1C7D52D66DA3}.Release|x64.ActiveCfg = Release|x64
		{DF89B642-7E42-441A-A815-1C7D52D66DA3}.Release|x64.Build.0 = Release|x64
		{DF89B642-7E42-441A-A815-1C7D52D66DA3}.Release|x86.ActiveCfg = Release|Win32
		{DF89B642-7E42-441A-A815-1C7D52D66DA3}.Release|x86.Build.0 = Release|Win32
		{B540759C-153A-4AE5-892C-37E9B069129E}.Debug|x64.ActiveCfg = Debug|x64
		{B540759C-153A-4AE5-892C-37E9B069129E}.Debug|x64.Build.0 = Debug|x64
		{B540759C-153A-4AE5-892C-37E9B069129E}.Debug|x86.ActiveCfg = Debug|Win32
		{B540759C-153A-4AE5-892C-37E9B069129E}.Debug|x86.Build.0 = Debug|Win32
		{B540759C-153A-4AE5-892C-37E9B069129E}.Release|x64.ActiveCfg = Release|x64
		{B540759C-153A-4AE5-892C-37E9B069129E}.Release|x64.Build.0 = Release|x64
		{B540759C-153A-4AE5-892C-37E9B069129E}.Release|x86.ActiveCfg = Release|Win32
		{B540759C-153A-4AE5-892C-37E9B069129E}.Release|x86.Build.0 = Release|Win32
		{CD10C958-9364-4436-B667-ADAA24C30D51}.Debug|x64.ActiveCfg = Debug|x64
		{CD10C958-9364-4436-B667-ADAA24C30D51}.Debug|x64.Build.0 = Debug|x64
		{CD10C958-9364-4436-B667-ADAA24C30D51}.Debug|x86.ActiveCfg = Debug|Win32
		{CD10C958-9364-4436-B667-ADAA24C30D51}.Debug|x86.Build.0 = Debug|Win32
		{CD10C958-9364-4436-B667-ADAA24C30D51}.Release|x64.ActiveCfg = Release|x64
		{CD10C958-9364-4436-B667-ADAA24C30D51}.Release|x64.Build.0 = Release|x64
		{CD10C958-9364-4436-B667-ADAA24C30D51}.Release|x86.ActiveCfg = Release|Win32
		{CD10C958-9364-4436-B667-ADAA24C30D51}.Release|x86.Build.0 = Release|Win32
	EndGlobalSection
	GlobalSection(SolutionProperties) = preSolution
		HideSolutionNode = FALSE
	EndGlobalSection
	GlobalSection(ExtensibilityGlobals) = postSolution
		SolutionGuid = {0C38A34E-BF34-48E6-BB2C-F4CF446476A6}
	EndGlobalSection
EndGlobal
