
Microsoft Visual Studio Solution File, Format Version 12.00
# Visual Studio Version 17
VisualStudioVersion = 17.9.34728.123
MinimumVisualStudioVersion = 10.0.40219.1
Project("{8BC9CEB8-8B4A-11D0-8D11-00A0C91BC942}") = "simulation", "simulation\simulation.vcxproj", "{F4684804-464C-4E5F-88CC-E9207AA1FCE7}"
EndProject
Project("{8BC9CEB8-8B4A-11D0-8D11-00A0C91BC942}") = "boj_15683", "boj_15683\boj_15683.vcxproj", "{51AC3EE6-548F-462A-B3C8-34D51EC8F426}"
EndProject
Project("{8BC9CEB8-8B4A-11D0-8D11-00A0C91BC942}") = "boj_18808", "boj_18808\boj_18808.vcxproj", "{C6F063D8-B34F-476B-985D-580A6F37F401}"
EndProject
Project("{8BC9CEB8-8B4A-11D0-8D11-00A0C91BC942}") = "boj_15686", "boj_15686\boj_15686.vcxproj", "{74347E6A-A3EB-48C8-86D8-775986108724}"
EndProject
Project("{8BC9CEB8-8B4A-11D0-8D11-00A0C91BC942}") = "boj_11559", "boj_11559\boj_11559.vcxproj", "{A19A2348-4D0B-4D37-AD17-39EB5077BB28}"
EndProject
Project("{8BC9CEB8-8B4A-11D0-8D11-00A0C91BC942}") = "boj_14891", "boj_14891\boj_14891.vcxproj", "{57879FBD-6D1C-4E10-A1F0-ACD9B6EBF360}"
EndProject
Project("{8BC9CEB8-8B4A-11D0-8D11-00A0C91BC942}") = "boj_14499", "boj_14499\boj_14499.vcxproj", "{49FE4617-EF21-4DE2-B8D1-180D594B8147}"
EndProject
Project("{8BC9CEB8-8B4A-11D0-8D11-00A0C91BC942}") = "boj_13335", "boj_13335\boj_13335.vcxproj", "{084EC145-47ED-4123-9B28-D1625282A9C0}"
EndProject
Project("{8BC9CEB8-8B4A-11D0-8D11-00A0C91BC942}") = "boj_16985", "boj_16985\boj_16985.vcxproj", "{8472461F-FA86-4320-ADF2-93E8B17E89B7}"
EndProject
Project("{8BC9CEB8-8B4A-11D0-8D11-00A0C91BC942}") = "boj_14503", "boj_14503\boj_14503.vcxproj", "{1D440834-476D-4B18-BCD1-0EB6696923AB}"
EndProject
Project("{8BC9CEB8-8B4A-11D0-8D11-00A0C91BC942}") = "boj_3190", "boj_3190\boj_3190.vcxproj", "{FCC38979-BA87-4E2B-9139-C9F57BF1F3A8}"
EndProject
Project("{8BC9CEB8-8B4A-11D0-8D11-00A0C91BC942}") = "boj_14500", "boj_14500\boj_14500.vcxproj", "{21B144A9-AAF0-4EDA-BFC7-5C0B430D34FA}"
EndProject
Project("{8BC9CEB8-8B4A-11D0-8D11-00A0C91BC942}") = "boj_13460", "boj_13460\boj_13460.vcxproj", "{7B9A4135-7E71-4A08-9B30-38AB9D6DD5DC}"
EndProject
Project("{8BC9CEB8-8B4A-11D0-8D11-00A0C91BC942}") = "boj_14502", "boj_14502\boj_14502.vcxproj", "{8909E42D-2B4F-44F0-88E5-3A4AA4AF668C}"
EndProject
Project("{8BC9CEB8-8B4A-11D0-8D11-00A0C91BC942}") = "boj_14888", "boj_14888\boj_14888.vcxproj", "{0CB6911F-68BB-440D-AF8F-1BF8F09B1853}"
EndProject
Project("{8BC9CEB8-8B4A-11D0-8D11-00A0C91BC942}") = "boj_14898", "boj_14898\boj_14898.vcxproj", "{E80D473A-307C-4DBA-8043-AF9559818A70}"
EndProject
Global
	GlobalSection(SolutionConfigurationPlatforms) = preSolution
		Debug|x64 = Debug|x64
		Debug|x86 = Debug|x86
		Release|x64 = Release|x64
		Release|x86 = Release|x86
	EndGlobalSection
	GlobalSection(ProjectConfigurationPlatforms) = postSolution
		{F4684804-464C-4E5F-88CC-E9207AA1FCE7}.Debug|x64.ActiveCfg = Debug|x64
		{F4684804-464C-4E5F-88CC-E9207AA1FCE7}.Debug|x64.Build.0 = Debug|x64
		{F4684804-464C-4E5F-88CC-E9207AA1FCE7}.Debug|x86.ActiveCfg = Debug|Win32
		{F4684804-464C-4E5F-88CC-E9207AA1FCE7}.Debug|x86.Build.0 = Debug|Win32
		{F4684804-464C-4E5F-88CC-E9207AA1FCE7}.Release|x64.ActiveCfg = Release|x64
		{F4684804-464C-4E5F-88CC-E9207AA1FCE7}.Release|x64.Build.0 = Release|x64
		{F4684804-464C-4E5F-88CC-E9207AA1FCE7}.Release|x86.ActiveCfg = Release|Win32
		{F4684804-464C-4E5F-88CC-E9207AA1FCE7}.Release|x86.Build.0 = Release|Win32
		{51AC3EE6-548F-462A-B3C8-34D51EC8F426}.Debug|x64.ActiveCfg = Debug|x64
		{51AC3EE6-548F-462A-B3C8-34D51EC8F426}.Debug|x64.Build.0 = Debug|x64
		{51AC3EE6-548F-462A-B3C8-34D51EC8F426}.Debug|x86.ActiveCfg = Debug|Win32
		{51AC3EE6-548F-462A-B3C8-34D51EC8F426}.Debug|x86.Build.0 = Debug|Win32
		{51AC3EE6-548F-462A-B3C8-34D51EC8F426}.Release|x64.ActiveCfg = Release|x64
		{51AC3EE6-548F-462A-B3C8-34D51EC8F426}.Release|x64.Build.0 = Release|x64
		{51AC3EE6-548F-462A-B3C8-34D51EC8F426}.Release|x86.ActiveCfg = Release|Win32
		{51AC3EE6-548F-462A-B3C8-34D51EC8F426}.Release|x86.Build.0 = Release|Win32
		{C6F063D8-B34F-476B-985D-580A6F37F401}.Debug|x64.ActiveCfg = Debug|x64
		{C6F063D8-B34F-476B-985D-580A6F37F401}.Debug|x64.Build.0 = Debug|x64
		{C6F063D8-B34F-476B-985D-580A6F37F401}.Debug|x86.ActiveCfg = Debug|Win32
		{C6F063D8-B34F-476B-985D-580A6F37F401}.Debug|x86.Build.0 = Debug|Win32
		{C6F063D8-B34F-476B-985D-580A6F37F401}.Release|x64.ActiveCfg = Release|x64
		{C6F063D8-B34F-476B-985D-580A6F37F401}.Release|x64.Build.0 = Release|x64
		{C6F063D8-B34F-476B-985D-580A6F37F401}.Release|x86.ActiveCfg = Release|Win32
		{C6F063D8-B34F-476B-985D-580A6F37F401}.Release|x86.Build.0 = Release|Win32
		{74347E6A-A3EB-48C8-86D8-775986108724}.Debug|x64.ActiveCfg = Debug|x64
		{74347E6A-A3EB-48C8-86D8-775986108724}.Debug|x64.Build.0 = Debug|x64
		{74347E6A-A3EB-48C8-86D8-775986108724}.Debug|x86.ActiveCfg = Debug|Win32
		{74347E6A-A3EB-48C8-86D8-775986108724}.Debug|x86.Build.0 = Debug|Win32
		{74347E6A-A3EB-48C8-86D8-775986108724}.Release|x64.ActiveCfg = Release|x64
		{74347E6A-A3EB-48C8-86D8-775986108724}.Release|x64.Build.0 = Release|x64
		{74347E6A-A3EB-48C8-86D8-775986108724}.Release|x86.ActiveCfg = Release|Win32
		{74347E6A-A3EB-48C8-86D8-775986108724}.Release|x86.Build.0 = Release|Win32
		{A19A2348-4D0B-4D37-AD17-39EB5077BB28}.Debug|x64.ActiveCfg = Debug|x64
		{A19A2348-4D0B-4D37-AD17-39EB5077BB28}.Debug|x64.Build.0 = Debug|x64
		{A19A2348-4D0B-4D37-AD17-39EB5077BB28}.Debug|x86.ActiveCfg = Debug|Win32
		{A19A2348-4D0B-4D37-AD17-39EB5077BB28}.Debug|x86.Build.0 = Debug|Win32
		{A19A2348-4D0B-4D37-AD17-39EB5077BB28}.Release|x64.ActiveCfg = Release|x64
		{A19A2348-4D0B-4D37-AD17-39EB5077BB28}.Release|x64.Build.0 = Release|x64
		{A19A2348-4D0B-4D37-AD17-39EB5077BB28}.Release|x86.ActiveCfg = Release|Win32
		{A19A2348-4D0B-4D37-AD17-39EB5077BB28}.Release|x86.Build.0 = Release|Win32
		{57879FBD-6D1C-4E10-A1F0-ACD9B6EBF360}.Debug|x64.ActiveCfg = Debug|x64
		{57879FBD-6D1C-4E10-A1F0-ACD9B6EBF360}.Debug|x64.Build.0 = Debug|x64
		{57879FBD-6D1C-4E10-A1F0-ACD9B6EBF360}.Debug|x86.ActiveCfg = Debug|Win32
		{57879FBD-6D1C-4E10-A1F0-ACD9B6EBF360}.Debug|x86.Build.0 = Debug|Win32
		{57879FBD-6D1C-4E10-A1F0-ACD9B6EBF360}.Release|x64.ActiveCfg = Release|x64
		{57879FBD-6D1C-4E10-A1F0-ACD9B6EBF360}.Release|x64.Build.0 = Release|x64
		{57879FBD-6D1C-4E10-A1F0-ACD9B6EBF360}.Release|x86.ActiveCfg = Release|Win32
		{57879FBD-6D1C-4E10-A1F0-ACD9B6EBF360}.Release|x86.Build.0 = Release|Win32
		{49FE4617-EF21-4DE2-B8D1-180D594B8147}.Debug|x64.ActiveCfg = Debug|x64
		{49FE4617-EF21-4DE2-B8D1-180D594B8147}.Debug|x64.Build.0 = Debug|x64
		{49FE4617-EF21-4DE2-B8D1-180D594B8147}.Debug|x86.ActiveCfg = Debug|Win32
		{49FE4617-EF21-4DE2-B8D1-180D594B8147}.Debug|x86.Build.0 = Debug|Win32
		{49FE4617-EF21-4DE2-B8D1-180D594B8147}.Release|x64.ActiveCfg = Release|x64
		{49FE4617-EF21-4DE2-B8D1-180D594B8147}.Release|x64.Build.0 = Release|x64
		{49FE4617-EF21-4DE2-B8D1-180D594B8147}.Release|x86.ActiveCfg = Release|Win32
		{49FE4617-EF21-4DE2-B8D1-180D594B8147}.Release|x86.Build.0 = Release|Win32
		{084EC145-47ED-4123-9B28-D1625282A9C0}.Debug|x64.ActiveCfg = Debug|x64
		{084EC145-47ED-4123-9B28-D1625282A9C0}.Debug|x64.Build.0 = Debug|x64
		{084EC145-47ED-4123-9B28-D1625282A9C0}.Debug|x86.ActiveCfg = Debug|Win32
		{084EC145-47ED-4123-9B28-D1625282A9C0}.Debug|x86.Build.0 = Debug|Win32
		{084EC145-47ED-4123-9B28-D1625282A9C0}.Release|x64.ActiveCfg = Release|x64
		{084EC145-47ED-4123-9B28-D1625282A9C0}.Release|x64.Build.0 = Release|x64
		{084EC145-47ED-4123-9B28-D1625282A9C0}.Release|x86.ActiveCfg = Release|Win32
		{084EC145-47ED-4123-9B28-D1625282A9C0}.Release|x86.Build.0 = Release|Win32
		{8472461F-FA86-4320-ADF2-93E8B17E89B7}.Debug|x64.ActiveCfg = Debug|x64
		{8472461F-FA86-4320-ADF2-93E8B17E89B7}.Debug|x64.Build.0 = Debug|x64
		{8472461F-FA86-4320-ADF2-93E8B17E89B7}.Debug|x86.ActiveCfg = Debug|Win32
		{8472461F-FA86-4320-ADF2-93E8B17E89B7}.Debug|x86.Build.0 = Debug|Win32
		{8472461F-FA86-4320-ADF2-93E8B17E89B7}.Release|x64.ActiveCfg = Release|x64
		{8472461F-FA86-4320-ADF2-93E8B17E89B7}.Release|x64.Build.0 = Release|x64
		{8472461F-FA86-4320-ADF2-93E8B17E89B7}.Release|x86.ActiveCfg = Release|Win32
		{8472461F-FA86-4320-ADF2-93E8B17E89B7}.Release|x86.Build.0 = Release|Win32
		{1D440834-476D-4B18-BCD1-0EB6696923AB}.Debug|x64.ActiveCfg = Debug|x64
		{1D440834-476D-4B18-BCD1-0EB6696923AB}.Debug|x64.Build.0 = Debug|x64
		{1D440834-476D-4B18-BCD1-0EB6696923AB}.Debug|x86.ActiveCfg = Debug|Win32
		{1D440834-476D-4B18-BCD1-0EB6696923AB}.Debug|x86.Build.0 = Debug|Win32
		{1D440834-476D-4B18-BCD1-0EB6696923AB}.Release|x64.ActiveCfg = Release|x64
		{1D440834-476D-4B18-BCD1-0EB6696923AB}.Release|x64.Build.0 = Release|x64
		{1D440834-476D-4B18-BCD1-0EB6696923AB}.Release|x86.ActiveCfg = Release|Win32
		{1D440834-476D-4B18-BCD1-0EB6696923AB}.Release|x86.Build.0 = Release|Win32
		{FCC38979-BA87-4E2B-9139-C9F57BF1F3A8}.Debug|x64.ActiveCfg = Debug|x64
		{FCC38979-BA87-4E2B-9139-C9F57BF1F3A8}.Debug|x64.Build.0 = Debug|x64
		{FCC38979-BA87-4E2B-9139-C9F57BF1F3A8}.Debug|x86.ActiveCfg = Debug|Win32
		{FCC38979-BA87-4E2B-9139-C9F57BF1F3A8}.Debug|x86.Build.0 = Debug|Win32
		{FCC38979-BA87-4E2B-9139-C9F57BF1F3A8}.Release|x64.ActiveCfg = Release|x64
		{FCC38979-BA87-4E2B-9139-C9F57BF1F3A8}.Release|x64.Build.0 = Release|x64
		{FCC38979-BA87-4E2B-9139-C9F57BF1F3A8}.Release|x86.ActiveCfg = Release|Win32
		{FCC38979-BA87-4E2B-9139-C9F57BF1F3A8}.Release|x86.Build.0 = Release|Win32
		{21B144A9-AAF0-4EDA-BFC7-5C0B430D34FA}.Debug|x64.ActiveCfg = Debug|x64
		{21B144A9-AAF0-4EDA-BFC7-5C0B430D34FA}.Debug|x64.Build.0 = Debug|x64
		{21B144A9-AAF0-4EDA-BFC7-5C0B430D34FA}.Debug|x86.ActiveCfg = Debug|Win32
		{21B144A9-AAF0-4EDA-BFC7-5C0B430D34FA}.Debug|x86.Build.0 = Debug|Win32
		{21B144A9-AAF0-4EDA-BFC7-5C0B430D34FA}.Release|x64.ActiveCfg = Release|x64
		{21B144A9-AAF0-4EDA-BFC7-5C0B430D34FA}.Release|x64.Build.0 = Release|x64
		{21B144A9-AAF0-4EDA-BFC7-5C0B430D34FA}.Release|x86.ActiveCfg = Release|Win32
		{21B144A9-AAF0-4EDA-BFC7-5C0B430D34FA}.Release|x86.Build.0 = Release|Win32
		{7B9A4135-7E71-4A08-9B30-38AB9D6DD5DC}.Debug|x64.ActiveCfg = Debug|x64
		{7B9A4135-7E71-4A08-9B30-38AB9D6DD5DC}.Debug|x64.Build.0 = Debug|x64
		{7B9A4135-7E71-4A08-9B30-38AB9D6DD5DC}.Debug|x86.ActiveCfg = Debug|Win32
		{7B9A4135-7E71-4A08-9B30-38AB9D6DD5DC}.Debug|x86.Build.0 = Debug|Win32
		{7B9A4135-7E71-4A08-9B30-38AB9D6DD5DC}.Release|x64.ActiveCfg = Release|x64
		{7B9A4135-7E71-4A08-9B30-38AB9D6DD5DC}.Release|x64.Build.0 = Release|x64
		{7B9A4135-7E71-4A08-9B30-38AB9D6DD5DC}.Release|x86.ActiveCfg = Release|Win32
		{7B9A4135-7E71-4A08-9B30-38AB9D6DD5DC}.Release|x86.Build.0 = Release|Win32
		{8909E42D-2B4F-44F0-88E5-3A4AA4AF668C}.Debug|x64.ActiveCfg = Debug|x64
		{8909E42D-2B4F-44F0-88E5-3A4AA4AF668C}.Debug|x64.Build.0 = Debug|x64
		{8909E42D-2B4F-44F0-88E5-3A4AA4AF668C}.Debug|x86.ActiveCfg = Debug|Win32
		{8909E42D-2B4F-44F0-88E5-3A4AA4AF668C}.Debug|x86.Build.0 = Debug|Win32
		{8909E42D-2B4F-44F0-88E5-3A4AA4AF668C}.Release|x64.ActiveCfg = Release|x64
		{8909E42D-2B4F-44F0-88E5-3A4AA4AF668C}.Release|x64.Build.0 = Release|x64
		{8909E42D-2B4F-44F0-88E5-3A4AA4AF668C}.Release|x86.ActiveCfg = Release|Win32
		{8909E42D-2B4F-44F0-88E5-3A4AA4AF668C}.Release|x86.Build.0 = Release|Win32
		{0CB6911F-68BB-440D-AF8F-1BF8F09B1853}.Debug|x64.ActiveCfg = Debug|x64
		{0CB6911F-68BB-440D-AF8F-1BF8F09B1853}.Debug|x64.Build.0 = Debug|x64
		{0CB6911F-68BB-440D-AF8F-1BF8F09B1853}.Debug|x86.ActiveCfg = Debug|Win32
		{0CB6911F-68BB-440D-AF8F-1BF8F09B1853}.Debug|x86.Build.0 = Debug|Win32
		{0CB6911F-68BB-440D-AF8F-1BF8F09B1853}.Release|x64.ActiveCfg = Release|x64
		{0CB6911F-68BB-440D-AF8F-1BF8F09B1853}.Release|x64.Build.0 = Release|x64
		{0CB6911F-68BB-440D-AF8F-1BF8F09B1853}.Release|x86.ActiveCfg = Release|Win32
		{0CB6911F-68BB-440D-AF8F-1BF8F09B1853}.Release|x86.Build.0 = Release|Win32
		{E80D473A-307C-4DBA-8043-AF9559818A70}.Debug|x64.ActiveCfg = Debug|x64
		{E80D473A-307C-4DBA-8043-AF9559818A70}.Debug|x64.Build.0 = Debug|x64
		{E80D473A-307C-4DBA-8043-AF9559818A70}.Debug|x86.ActiveCfg = Debug|Win32
		{E80D473A-307C-4DBA-8043-AF9559818A70}.Debug|x86.Build.0 = Debug|Win32
		{E80D473A-307C-4DBA-8043-AF9559818A70}.Release|x64.ActiveCfg = Release|x64
		{E80D473A-307C-4DBA-8043-AF9559818A70}.Release|x64.Build.0 = Release|x64
		{E80D473A-307C-4DBA-8043-AF9559818A70}.Release|x86.ActiveCfg = Release|Win32
		{E80D473A-307C-4DBA-8043-AF9559818A70}.Release|x86.Build.0 = Release|Win32
	EndGlobalSection
	GlobalSection(SolutionProperties) = preSolution
		HideSolutionNode = FALSE
	EndGlobalSection
	GlobalSection(ExtensibilityGlobals) = postSolution
		SolutionGuid = {C6F3134F-C3FF-4E78-B576-260D9EF0D8A7}
	EndGlobalSection
EndGlobal
