
Microsoft Visual Studio Solution File, Format Version 12.00
# Visual Studio Version 17
VisualStudioVersion = 17.9.34728.123
MinimumVisualStudioVersion = 10.0.40219.1
Project("{8BC9CEB8-8B4A-11D0-8D11-00A0C91BC942}") = "sort", "sort\sort.vcxproj", "{D4F42D5B-8425-40E4-BBC6-4570DF2AB93B}"
EndProject
Project("{8BC9CEB8-8B4A-11D0-8D11-00A0C91BC942}") = "boj_2750", "boj_2750\boj_2750.vcxproj", "{63C7D4C2-E2EA-4280-A290-D5D1CE22F979}"
EndProject
Project("{8BC9CEB8-8B4A-11D0-8D11-00A0C91BC942}") = "boj_10989", "boj_10989\boj_10989.vcxproj", "{B6973E08-9647-4181-AA0A-72E5CC0DAC70}"
EndProject
Project("{8BC9CEB8-8B4A-11D0-8D11-00A0C91BC942}") = "boj_11931", "boj_11931\boj_11931.vcxproj", "{8B351189-B489-4039-9A0E-87F91F5B615E}"
EndProject
Project("{8BC9CEB8-8B4A-11D0-8D11-00A0C91BC942}") = "boj_10814", "boj_10814\boj_10814.vcxproj", "{7DE2DECA-0017-41D6-B412-07B847659634}"
EndProject
Project("{8BC9CEB8-8B4A-11D0-8D11-00A0C91BC942}") = "boj_11650", "boj_11650\boj_11650.vcxproj", "{010434A8-9398-4F7C-8C5F-7C7432AD321C}"
EndProject
Project("{8BC9CEB8-8B4A-11D0-8D11-00A0C91BC942}") = "boj_11651", "boj_11651\boj_11651.vcxproj", "{CDBC3651-923A-439C-8D64-275B462624FC}"
EndProject
Project("{8BC9CEB8-8B4A-11D0-8D11-00A0C91BC942}") = "boj_15688", "boj_15688\boj_15688.vcxproj", "{02BF9212-8388-4EC6-8689-5347C2F7E740}"
EndProject
Project("{8BC9CEB8-8B4A-11D0-8D11-00A0C91BC942}") = "boj_11652", "boj_11652\boj_11652.vcxproj", "{368C074D-A1AF-42A5-9BD9-4B93482449F2}"
EndProject
Project("{8BC9CEB8-8B4A-11D0-8D11-00A0C91BC942}") = "boj_1431", "boj_1431\boj_1431.vcxproj", "{EE888B42-F86A-444F-81AE-A1D86C17E5E0}"
EndProject
Project("{8BC9CEB8-8B4A-11D0-8D11-00A0C91BC942}") = "boj_5648", "boj_5648\boj_5648.vcxproj", "{4AF54A35-CB89-4E27-8D5F-1193145B3CF1}"
EndProject
Project("{8BC9CEB8-8B4A-11D0-8D11-00A0C91BC942}") = "boj_1181", "boj_1181\boj_1181.vcxproj", "{F8F19E51-CD07-4466-A7F4-16D906060786}"
EndProject
Project("{8BC9CEB8-8B4A-11D0-8D11-00A0C91BC942}") = "boj_2910", "boj_2910\boj_2910.vcxproj", "{F1B06AA2-B044-4022-8B21-6324826654EC}"
EndProject
Project("{8BC9CEB8-8B4A-11D0-8D11-00A0C91BC942}") = "boj_11656", "boj_11656\boj_11656.vcxproj", "{E283B736-E9F1-4915-BBC9-92C8985B8205}"
EndProject
Project("{8BC9CEB8-8B4A-11D0-8D11-00A0C91BC942}") = "boj_10825", "boj_10625\boj_10625.vcxproj", "{9E3DB9EC-E8C6-46A1-BBFB-E8CB015BB89B}"
EndProject
Project("{8BC9CEB8-8B4A-11D0-8D11-00A0C91BC942}") = "boj_7795", "boj_7795\boj_7795.vcxproj", "{7DD22D53-7531-49BD-B244-DB169A1AFD10}"
EndProject
Global
	GlobalSection(SolutionConfigurationPlatforms) = preSolution
		Debug|x64 = Debug|x64
		Debug|x86 = Debug|x86
		Release|x64 = Release|x64
		Release|x86 = Release|x86
	EndGlobalSection
	GlobalSection(ProjectConfigurationPlatforms) = postSolution
		{D4F42D5B-8425-40E4-BBC6-4570DF2AB93B}.Debug|x64.ActiveCfg = Debug|x64
		{D4F42D5B-8425-40E4-BBC6-4570DF2AB93B}.Debug|x64.Build.0 = Debug|x64
		{D4F42D5B-8425-40E4-BBC6-4570DF2AB93B}.Debug|x86.ActiveCfg = Debug|Win32
		{D4F42D5B-8425-40E4-BBC6-4570DF2AB93B}.Debug|x86.Build.0 = Debug|Win32
		{D4F42D5B-8425-40E4-BBC6-4570DF2AB93B}.Release|x64.ActiveCfg = Release|x64
		{D4F42D5B-8425-40E4-BBC6-4570DF2AB93B}.Release|x64.Build.0 = Release|x64
		{D4F42D5B-8425-40E4-BBC6-4570DF2AB93B}.Release|x86.ActiveCfg = Release|Win32
		{D4F42D5B-8425-40E4-BBC6-4570DF2AB93B}.Release|x86.Build.0 = Release|Win32
		{63C7D4C2-E2EA-4280-A290-D5D1CE22F979}.Debug|x64.ActiveCfg = Debug|x64
		{63C7D4C2-E2EA-4280-A290-D5D1CE22F979}.Debug|x64.Build.0 = Debug|x64
		{63C7D4C2-E2EA-4280-A290-D5D1CE22F979}.Debug|x86.ActiveCfg = Debug|Win32
		{63C7D4C2-E2EA-4280-A290-D5D1CE22F979}.Debug|x86.Build.0 = Debug|Win32
		{63C7D4C2-E2EA-4280-A290-D5D1CE22F979}.Release|x64.ActiveCfg = Release|x64
		{63C7D4C2-E2EA-4280-A290-D5D1CE22F979}.Release|x64.Build.0 = Release|x64
		{63C7D4C2-E2EA-4280-A290-D5D1CE22F979}.Release|x86.ActiveCfg = Release|Win32
		{63C7D4C2-E2EA-4280-A290-D5D1CE22F979}.Release|x86.Build.0 = Release|Win32
		{B6973E08-9647-4181-AA0A-72E5CC0DAC70}.Debug|x64.ActiveCfg = Debug|x64
		{B6973E08-9647-4181-AA0A-72E5CC0DAC70}.Debug|x64.Build.0 = Debug|x64
		{B6973E08-9647-4181-AA0A-72E5CC0DAC70}.Debug|x86.ActiveCfg = Debug|Win32
		{B6973E08-9647-4181-AA0A-72E5CC0DAC70}.Debug|x86.Build.0 = Debug|Win32
		{B6973E08-9647-4181-AA0A-72E5CC0DAC70}.Release|x64.ActiveCfg = Release|x64
		{B6973E08-9647-4181-AA0A-72E5CC0DAC70}.Release|x64.Build.0 = Release|x64
		{B6973E08-9647-4181-AA0A-72E5CC0DAC70}.Release|x86.ActiveCfg = Release|Win32
		{B6973E08-9647-4181-AA0A-72E5CC0DAC70}.Release|x86.Build.0 = Release|Win32
		{8B351189-B489-4039-9A0E-87F91F5B615E}.Debug|x64.ActiveCfg = Debug|x64
		{8B351189-B489-4039-9A0E-87F91F5B615E}.Debug|x64.Build.0 = Debug|x64
		{8B351189-B489-4039-9A0E-87F91F5B615E}.Debug|x86.ActiveCfg = Debug|Win32
		{8B351189-B489-4039-9A0E-87F91F5B615E}.Debug|x86.Build.0 = Debug|Win32
		{8B351189-B489-4039-9A0E-87F91F5B615E}.Release|x64.ActiveCfg = Release|x64
		{8B351189-B489-4039-9A0E-87F91F5B615E}.Release|x64.Build.0 = Release|x64
		{8B351189-B489-4039-9A0E-87F91F5B615E}.Release|x86.ActiveCfg = Release|Win32
		{8B351189-B489-4039-9A0E-87F91F5B615E}.Release|x86.Build.0 = Release|Win32
		{7DE2DECA-0017-41D6-B412-07B847659634}.Debug|x64.ActiveCfg = Debug|x64
		{7DE2DECA-0017-41D6-B412-07B847659634}.Debug|x64.Build.0 = Debug|x64
		{7DE2DECA-0017-41D6-B412-07B847659634}.Debug|x86.ActiveCfg = Debug|Win32
		{7DE2DECA-0017-41D6-B412-07B847659634}.Debug|x86.Build.0 = Debug|Win32
		{7DE2DECA-0017-41D6-B412-07B847659634}.Release|x64.ActiveCfg = Release|x64
		{7DE2DECA-0017-41D6-B412-07B847659634}.Release|x64.Build.0 = Release|x64
		{7DE2DECA-0017-41D6-B412-07B847659634}.Release|x86.ActiveCfg = Release|Win32
		{7DE2DECA-0017-41D6-B412-07B847659634}.Release|x86.Build.0 = Release|Win32
		{010434A8-9398-4F7C-8C5F-7C7432AD321C}.Debug|x64.ActiveCfg = Debug|x64
		{010434A8-9398-4F7C-8C5F-7C7432AD321C}.Debug|x64.Build.0 = Debug|x64
		{010434A8-9398-4F7C-8C5F-7C7432AD321C}.Debug|x86.ActiveCfg = Debug|Win32
		{010434A8-9398-4F7C-8C5F-7C7432AD321C}.Debug|x86.Build.0 = Debug|Win32
		{010434A8-9398-4F7C-8C5F-7C7432AD321C}.Release|x64.ActiveCfg = Release|x64
		{010434A8-9398-4F7C-8C5F-7C7432AD321C}.Release|x64.Build.0 = Release|x64
		{010434A8-9398-4F7C-8C5F-7C7432AD321C}.Release|x86.ActiveCfg = Release|Win32
		{010434A8-9398-4F7C-8C5F-7C7432AD321C}.Release|x86.Build.0 = Release|Win32
		{CDBC3651-923A-439C-8D64-275B462624FC}.Debug|x64.ActiveCfg = Debug|x64
		{CDBC3651-923A-439C-8D64-275B462624FC}.Debug|x64.Build.0 = Debug|x64
		{CDBC3651-923A-439C-8D64-275B462624FC}.Debug|x86.ActiveCfg = Debug|Win32
		{CDBC3651-923A-439C-8D64-275B462624FC}.Debug|x86.Build.0 = Debug|Win32
		{CDBC3651-923A-439C-8D64-275B462624FC}.Release|x64.ActiveCfg = Release|x64
		{CDBC3651-923A-439C-8D64-275B462624FC}.Release|x64.Build.0 = Release|x64
		{CDBC3651-923A-439C-8D64-275B462624FC}.Release|x86.ActiveCfg = Release|Win32
		{CDBC3651-923A-439C-8D64-275B462624FC}.Release|x86.Build.0 = Release|Win32
		{02BF9212-8388-4EC6-8689-5347C2F7E740}.Debug|x64.ActiveCfg = Debug|x64
		{02BF9212-8388-4EC6-8689-5347C2F7E740}.Debug|x64.Build.0 = Debug|x64
		{02BF9212-8388-4EC6-8689-5347C2F7E740}.Debug|x86.ActiveCfg = Debug|Win32
		{02BF9212-8388-4EC6-8689-5347C2F7E740}.Debug|x86.Build.0 = Debug|Win32
		{02BF9212-8388-4EC6-8689-5347C2F7E740}.Release|x64.ActiveCfg = Release|x64
		{02BF9212-8388-4EC6-8689-5347C2F7E740}.Release|x64.Build.0 = Release|x64
		{02BF9212-8388-4EC6-8689-5347C2F7E740}.Release|x86.ActiveCfg = Release|Win32
		{02BF9212-8388-4EC6-8689-5347C2F7E740}.Release|x86.Build.0 = Release|Win32
		{368C074D-A1AF-42A5-9BD9-4B93482449F2}.Debug|x64.ActiveCfg = Debug|x64
		{368C074D-A1AF-42A5-9BD9-4B93482449F2}.Debug|x64.Build.0 = Debug|x64
		{368C074D-A1AF-42A5-9BD9-4B93482449F2}.Debug|x86.ActiveCfg = Debug|Win32
		{368C074D-A1AF-42A5-9BD9-4B93482449F2}.Debug|x86.Build.0 = Debug|Win32
		{368C074D-A1AF-42A5-9BD9-4B93482449F2}.Release|x64.ActiveCfg = Release|x64
		{368C074D-A1AF-42A5-9BD9-4B93482449F2}.Release|x64.Build.0 = Release|x64
		{368C074D-A1AF-42A5-9BD9-4B93482449F2}.Release|x86.ActiveCfg = Release|Win32
		{368C074D-A1AF-42A5-9BD9-4B93482449F2}.Release|x86.Build.0 = Release|Win32
		{EE888B42-F86A-444F-81AE-A1D86C17E5E0}.Debug|x64.ActiveCfg = Debug|x64
		{EE888B42-F86A-444F-81AE-A1D86C17E5E0}.Debug|x64.Build.0 = Debug|x64
		{EE888B42-F86A-444F-81AE-A1D86C17E5E0}.Debug|x86.ActiveCfg = Debug|Win32
		{EE888B42-F86A-444F-81AE-A1D86C17E5E0}.Debug|x86.Build.0 = Debug|Win32
		{EE888B42-F86A-444F-81AE-A1D86C17E5E0}.Release|x64.ActiveCfg = Release|x64
		{EE888B42-F86A-444F-81AE-A1D86C17E5E0}.Release|x64.Build.0 = Release|x64
		{EE888B42-F86A-444F-81AE-A1D86C17E5E0}.Release|x86.ActiveCfg = Release|Win32
		{EE888B42-F86A-444F-81AE-A1D86C17E5E0}.Release|x86.Build.0 = Release|Win32
		{4AF54A35-CB89-4E27-8D5F-1193145B3CF1}.Debug|x64.ActiveCfg = Debug|x64
		{4AF54A35-CB89-4E27-8D5F-1193145B3CF1}.Debug|x64.Build.0 = Debug|x64
		{4AF54A35-CB89-4E27-8D5F-1193145B3CF1}.Debug|x86.ActiveCfg = Debug|Win32
		{4AF54A35-CB89-4E27-8D5F-1193145B3CF1}.Debug|x86.Build.0 = Debug|Win32
		{4AF54A35-CB89-4E27-8D5F-1193145B3CF1}.Release|x64.ActiveCfg = Release|x64
		{4AF54A35-CB89-4E27-8D5F-1193145B3CF1}.Release|x64.Build.0 = Release|x64
		{4AF54A35-CB89-4E27-8D5F-1193145B3CF1}.Release|x86.ActiveCfg = Release|Win32
		{4AF54A35-CB89-4E27-8D5F-1193145B3CF1}.Release|x86.Build.0 = Release|Win32
		{F8F19E51-CD07-4466-A7F4-16D906060786}.Debug|x64.ActiveCfg = Debug|x64
		{F8F19E51-CD07-4466-A7F4-16D906060786}.Debug|x64.Build.0 = Debug|x64
		{F8F19E51-CD07-4466-A7F4-16D906060786}.Debug|x86.ActiveCfg = Debug|Win32
		{F8F19E51-CD07-4466-A7F4-16D906060786}.Debug|x86.Build.0 = Debug|Win32
		{F8F19E51-CD07-4466-A7F4-16D906060786}.Release|x64.ActiveCfg = Release|x64
		{F8F19E51-CD07-4466-A7F4-16D906060786}.Release|x64.Build.0 = Release|x64
		{F8F19E51-CD07-4466-A7F4-16D906060786}.Release|x86.ActiveCfg = Release|Win32
		{F8F19E51-CD07-4466-A7F4-16D906060786}.Release|x86.Build.0 = Release|Win32
		{F1B06AA2-B044-4022-8B21-6324826654EC}.Debug|x64.ActiveCfg = Debug|x64
		{F1B06AA2-B044-4022-8B21-6324826654EC}.Debug|x64.Build.0 = Debug|x64
		{F1B06AA2-B044-4022-8B21-6324826654EC}.Debug|x86.ActiveCfg = Debug|Win32
		{F1B06AA2-B044-4022-8B21-6324826654EC}.Debug|x86.Build.0 = Debug|Win32
		{F1B06AA2-B044-4022-8B21-6324826654EC}.Release|x64.ActiveCfg = Release|x64
		{F1B06AA2-B044-4022-8B21-6324826654EC}.Release|x64.Build.0 = Release|x64
		{F1B06AA2-B044-4022-8B21-6324826654EC}.Release|x86.ActiveCfg = Release|Win32
		{F1B06AA2-B044-4022-8B21-6324826654EC}.Release|x86.Build.0 = Release|Win32
		{E283B736-E9F1-4915-BBC9-92C8985B8205}.Debug|x64.ActiveCfg = Debug|x64
		{E283B736-E9F1-4915-BBC9-92C8985B8205}.Debug|x64.Build.0 = Debug|x64
		{E283B736-E9F1-4915-BBC9-92C8985B8205}.Debug|x86.ActiveCfg = Debug|Win32
		{E283B736-E9F1-4915-BBC9-92C8985B8205}.Debug|x86.Build.0 = Debug|Win32
		{E283B736-E9F1-4915-BBC9-92C8985B8205}.Release|x64.ActiveCfg = Release|x64
		{E283B736-E9F1-4915-BBC9-92C8985B8205}.Release|x64.Build.0 = Release|x64
		{E283B736-E9F1-4915-BBC9-92C8985B8205}.Release|x86.ActiveCfg = Release|Win32
		{E283B736-E9F1-4915-BBC9-92C8985B8205}.Release|x86.Build.0 = Release|Win32
		{9E3DB9EC-E8C6-46A1-BBFB-E8CB015BB89B}.Debug|x64.ActiveCfg = Debug|x64
		{9E3DB9EC-E8C6-46A1-BBFB-E8CB015BB89B}.Debug|x64.Build.0 = Debug|x64
		{9E3DB9EC-E8C6-46A1-BBFB-E8CB015BB89B}.Debug|x86.ActiveCfg = Debug|Win32
		{9E3DB9EC-E8C6-46A1-BBFB-E8CB015BB89B}.Debug|x86.Build.0 = Debug|Win32
		{9E3DB9EC-E8C6-46A1-BBFB-E8CB015BB89B}.Release|x64.ActiveCfg = Release|x64
		{9E3DB9EC-E8C6-46A1-BBFB-E8CB015BB89B}.Release|x64.Build.0 = Release|x64
		{9E3DB9EC-E8C6-46A1-BBFB-E8CB015BB89B}.Release|x86.ActiveCfg = Release|Win32
		{9E3DB9EC-E8C6-46A1-BBFB-E8CB015BB89B}.Release|x86.Build.0 = Release|Win32
		{7DD22D53-7531-49BD-B244-DB169A1AFD10}.Debug|x64.ActiveCfg = Debug|x64
		{7DD22D53-7531-49BD-B244-DB169A1AFD10}.Debug|x64.Build.0 = Debug|x64
		{7DD22D53-7531-49BD-B244-DB169A1AFD10}.Debug|x86.ActiveCfg = Debug|Win32
		{7DD22D53-7531-49BD-B244-DB169A1AFD10}.Debug|x86.Build.0 = Debug|Win32
		{7DD22D53-7531-49BD-B244-DB169A1AFD10}.Release|x64.ActiveCfg = Release|x64
		{7DD22D53-7531-49BD-B244-DB169A1AFD10}.Release|x64.Build.0 = Release|x64
		{7DD22D53-7531-49BD-B244-DB169A1AFD10}.Release|x86.ActiveCfg = Release|Win32
		{7DD22D53-7531-49BD-B244-DB169A1AFD10}.Release|x86.Build.0 = Release|Win32
	EndGlobalSection
	GlobalSection(SolutionProperties) = preSolution
		HideSolutionNode = FALSE
	EndGlobalSection
	GlobalSection(ExtensibilityGlobals) = postSolution
		SolutionGuid = {B10E2B4C-FF4D-4763-99CB-B25EA1AD8090}
	EndGlobalSection
EndGlobal
