
Microsoft Visual Studio Solution File, Format Version 12.00
# Visual Studio Version 17
VisualStudioVersion = 17.9.34728.123
MinimumVisualStudioVersion = 10.0.40219.1
Project("{8BC9CEB8-8B4A-11D0-8D11-00A0C91BC942}") = "dp", "dp\dp.vcxproj", "{7BE10EC3-6597-47A9-A9FF-FB85C7B3032B}"
EndProject
Project("{8BC9CEB8-8B4A-11D0-8D11-00A0C91BC942}") = "boj_1463", "boj_1463\boj_1463.vcxproj", "{02F6BF8C-62C8-4C7C-B6A8-AEF4863E06A5}"
EndProject
Project("{8BC9CEB8-8B4A-11D0-8D11-00A0C91BC942}") = "boj_9095", "boj_9095\boj_9095.vcxproj", "{C7CEB097-829A-408C-884C-8E9EFC33C5E3}"
EndProject
Project("{8BC9CEB8-8B4A-11D0-8D11-00A0C91BC942}") = "boj_2579", "boj_2579\boj_2579.vcxproj", "{4B14F569-C0E1-42F5-A408-FBF254E67DDD}"
EndProject
Project("{8BC9CEB8-8B4A-11D0-8D11-00A0C91BC942}") = "boj_1149", "boj_1149\boj_1149.vcxproj", "{781995B4-61D1-4977-B009-53EB5C62F097}"
EndProject
Project("{8BC9CEB8-8B4A-11D0-8D11-00A0C91BC942}") = "boj_11726", "boj_11726\boj_11726.vcxproj", "{8359A507-E175-4597-B74E-88828D51692C}"
EndProject
Project("{8BC9CEB8-8B4A-11D0-8D11-00A0C91BC942}") = "boj_11659", "boj_11659\boj_11659.vcxproj", "{F000B98C-E0DE-44FB-A0A5-C431C5412C86}"
EndProject
Project("{8BC9CEB8-8B4A-11D0-8D11-00A0C91BC942}") = "boj_12852", "boj_12852\boj_12852.vcxproj", "{A86F772A-CCBF-4FD6-9CF9-F4E9B71AB15A}"
EndProject
Project("{8BC9CEB8-8B4A-11D0-8D11-00A0C91BC942}") = "boj_1003", "boj_1003\boj_1003.vcxproj", "{4E2A2970-B82F-4FAB-93BB-45961A51D465}"
EndProject
Project("{8BC9CEB8-8B4A-11D0-8D11-00A0C91BC942}") = "boj_1932", "boj_1932\boj_1932.vcxproj", "{8515BA14-4FB1-430F-8A38-C5F568D3108B}"
EndProject
Project("{8BC9CEB8-8B4A-11D0-8D11-00A0C91BC942}") = "boj_11727", "boj_11727\boj_11727.vcxproj", "{E9D2DCB4-5577-4359-9CA1-295D87BB1A07}"
EndProject
Project("{8BC9CEB8-8B4A-11D0-8D11-00A0C91BC942}") = "boj_2193", "boj_2193\boj_2193.vcxproj", "{BAB598C6-8822-453E-B957-AF164495B959}"
EndProject
Project("{8BC9CEB8-8B4A-11D0-8D11-00A0C91BC942}") = "boj_1912", "boj_1912\boj_1912.vcxproj", "{605F37BF-CDC7-4C76-8C00-C813C8FD77F9}"
EndProject
Project("{8BC9CEB8-8B4A-11D0-8D11-00A0C91BC942}") = "boj_11055", "boj_11055\boj_11055.vcxproj", "{6C4D023F-9754-464A-B4A1-EFC9532C15E1}"
EndProject
Project("{8BC9CEB8-8B4A-11D0-8D11-00A0C91BC942}") = "boj_11053", "boj_11053\boj_11053.vcxproj", "{6C497577-1A2B-4DA1-91CA-6461E6EADB38}"
EndProject
Project("{8BC9CEB8-8B4A-11D0-8D11-00A0C91BC942}") = "boj_9461", "boj_9461\boj_9461.vcxproj", "{8BC84048-88D8-46A9-B43D-F03097C21AC8}"
EndProject
Project("{8BC9CEB8-8B4A-11D0-8D11-00A0C91BC942}") = "boj_14501", "boj_14501\boj_14501.vcxproj", "{BF19C8E2-3148-43A5-95B7-7E8BF1888C5A}"
EndProject
Project("{8BC9CEB8-8B4A-11D0-8D11-00A0C91BC942}") = "boj_10844", "boj_10844\boj_10844.vcxproj", "{6DC7D12A-42AD-4632-8ADD-880A50FB9738}"
EndProject
Project("{8BC9CEB8-8B4A-11D0-8D11-00A0C91BC942}") = "boj_2748", "boj_2728\boj_2728.vcxproj", "{771675DB-6121-42A4-AE43-D8A7EE4842BE}"
EndProject
Project("{8BC9CEB8-8B4A-11D0-8D11-00A0C91BC942}") = "boj_2240", "boj_2240\boj_2240.vcxproj", "{5D9E7D84-DCCC-4257-8DC0-2875E19588A5}"
EndProject
Project("{8BC9CEB8-8B4A-11D0-8D11-00A0C91BC942}") = "boj_14002", "boj_14002\boj_14002.vcxproj", "{7BDE09DB-4418-4A0E-8A3F-A1AE4617EBDE}"
EndProject
Project("{8BC9CEB8-8B4A-11D0-8D11-00A0C91BC942}") = "boj_2156", "boj_2156\boj_2156.vcxproj", "{613A4C87-8AE2-49DF-B127-E589264DA52D}"
EndProject
Global
	GlobalSection(SolutionConfigurationPlatforms) = preSolution
		Debug|x64 = Debug|x64
		Debug|x86 = Debug|x86
		Release|x64 = Release|x64
		Release|x86 = Release|x86
	EndGlobalSection
	GlobalSection(ProjectConfigurationPlatforms) = postSolution
		{7BE10EC3-6597-47A9-A9FF-FB85C7B3032B}.Debug|x64.ActiveCfg = Debug|x64
		{7BE10EC3-6597-47A9-A9FF-FB85C7B3032B}.Debug|x64.Build.0 = Debug|x64
		{7BE10EC3-6597-47A9-A9FF-FB85C7B3032B}.Debug|x86.ActiveCfg = Debug|Win32
		{7BE10EC3-6597-47A9-A9FF-FB85C7B3032B}.Debug|x86.Build.0 = Debug|Win32
		{7BE10EC3-6597-47A9-A9FF-FB85C7B3032B}.Release|x64.ActiveCfg = Release|x64
		{7BE10EC3-6597-47A9-A9FF-FB85C7B3032B}.Release|x64.Build.0 = Release|x64
		{7BE10EC3-6597-47A9-A9FF-FB85C7B3032B}.Release|x86.ActiveCfg = Release|Win32
		{7BE10EC3-6597-47A9-A9FF-FB85C7B3032B}.Release|x86.Build.0 = Release|Win32
		{02F6BF8C-62C8-4C7C-B6A8-AEF4863E06A5}.Debug|x64.ActiveCfg = Debug|x64
		{02F6BF8C-62C8-4C7C-B6A8-AEF4863E06A5}.Debug|x64.Build.0 = Debug|x64
		{02F6BF8C-62C8-4C7C-B6A8-AEF4863E06A5}.Debug|x86.ActiveCfg = Debug|Win32
		{02F6BF8C-62C8-4C7C-B6A8-AEF4863E06A5}.Debug|x86.Build.0 = Debug|Win32
		{02F6BF8C-62C8-4C7C-B6A8-AEF4863E06A5}.Release|x64.ActiveCfg = Release|x64
		{02F6BF8C-62C8-4C7C-B6A8-AEF4863E06A5}.Release|x64.Build.0 = Release|x64
		{02F6BF8C-62C8-4C7C-B6A8-AEF4863E06A5}.Release|x86.ActiveCfg = Release|Win32
		{02F6BF8C-62C8-4C7C-B6A8-AEF4863E06A5}.Release|x86.Build.0 = Release|Win32
		{C7CEB097-829A-408C-884C-8E9EFC33C5E3}.Debug|x64.ActiveCfg = Debug|x64
		{C7CEB097-829A-408C-884C-8E9EFC33C5E3}.Debug|x64.Build.0 = Debug|x64
		{C7CEB097-829A-408C-884C-8E9EFC33C5E3}.Debug|x86.ActiveCfg = Debug|Win32
		{C7CEB097-829A-408C-884C-8E9EFC33C5E3}.Debug|x86.Build.0 = Debug|Win32
		{C7CEB097-829A-408C-884C-8E9EFC33C5E3}.Release|x64.ActiveCfg = Release|x64
		{C7CEB097-829A-408C-884C-8E9EFC33C5E3}.Release|x64.Build.0 = Release|x64
		{C7CEB097-829A-408C-884C-8E9EFC33C5E3}.Release|x86.ActiveCfg = Release|Win32
		{C7CEB097-829A-408C-884C-8E9EFC33C5E3}.Release|x86.Build.0 = Release|Win32
		{4B14F569-C0E1-42F5-A408-FBF254E67DDD}.Debug|x64.ActiveCfg = Debug|x64
		{4B14F569-C0E1-42F5-A408-FBF254E67DDD}.Debug|x64.Build.0 = Debug|x64
		{4B14F569-C0E1-42F5-A408-FBF254E67DDD}.Debug|x86.ActiveCfg = Debug|Win32
		{4B14F569-C0E1-42F5-A408-FBF254E67DDD}.Debug|x86.Build.0 = Debug|Win32
		{4B14F569-C0E1-42F5-A408-FBF254E67DDD}.Release|x64.ActiveCfg = Release|x64
		{4B14F569-C0E1-42F5-A408-FBF254E67DDD}.Release|x64.Build.0 = Release|x64
		{4B14F569-C0E1-42F5-A408-FBF254E67DDD}.Release|x86.ActiveCfg = Release|Win32
		{4B14F569-C0E1-42F5-A408-FBF254E67DDD}.Release|x86.Build.0 = Release|Win32
		{781995B4-61D1-4977-B009-53EB5C62F097}.Debug|x64.ActiveCfg = Debug|x64
		{781995B4-61D1-4977-B009-53EB5C62F097}.Debug|x64.Build.0 = Debug|x64
		{781995B4-61D1-4977-B009-53EB5C62F097}.Debug|x86.ActiveCfg = Debug|Win32
		{781995B4-61D1-4977-B009-53EB5C62F097}.Debug|x86.Build.0 = Debug|Win32
		{781995B4-61D1-4977-B009-53EB5C62F097}.Release|x64.ActiveCfg = Release|x64
		{781995B4-61D1-4977-B009-53EB5C62F097}.Release|x64.Build.0 = Release|x64
		{781995B4-61D1-4977-B009-53EB5C62F097}.Release|x86.ActiveCfg = Release|Win32
		{781995B4-61D1-4977-B009-53EB5C62F097}.Release|x86.Build.0 = Release|Win32
		{8359A507-E175-4597-B74E-88828D51692C}.Debug|x64.ActiveCfg = Debug|x64
		{8359A507-E175-4597-B74E-88828D51692C}.Debug|x64.Build.0 = Debug|x64
		{8359A507-E175-4597-B74E-88828D51692C}.Debug|x86.ActiveCfg = Debug|Win32
		{8359A507-E175-4597-B74E-88828D51692C}.Debug|x86.Build.0 = Debug|Win32
		{8359A507-E175-4597-B74E-88828D51692C}.Release|x64.ActiveCfg = Release|x64
		{8359A507-E175-4597-B74E-88828D51692C}.Release|x64.Build.0 = Release|x64
		{8359A507-E175-4597-B74E-88828D51692C}.Release|x86.ActiveCfg = Release|Win32
		{8359A507-E175-4597-B74E-88828D51692C}.Release|x86.Build.0 = Release|Win32
		{F000B98C-E0DE-44FB-A0A5-C431C5412C86}.Debug|x64.ActiveCfg = Debug|x64
		{F000B98C-E0DE-44FB-A0A5-C431C5412C86}.Debug|x64.Build.0 = Debug|x64
		{F000B98C-E0DE-44FB-A0A5-C431C5412C86}.Debug|x86.ActiveCfg = Debug|Win32
		{F000B98C-E0DE-44FB-A0A5-C431C5412C86}.Debug|x86.Build.0 = Debug|Win32
		{F000B98C-E0DE-44FB-A0A5-C431C5412C86}.Release|x64.ActiveCfg = Release|x64
		{F000B98C-E0DE-44FB-A0A5-C431C5412C86}.Release|x64.Build.0 = Release|x64
		{F000B98C-E0DE-44FB-A0A5-C431C5412C86}.Release|x86.ActiveCfg = Release|Win32
		{F000B98C-E0DE-44FB-A0A5-C431C5412C86}.Release|x86.Build.0 = Release|Win32
		{A86F772A-CCBF-4FD6-9CF9-F4E9B71AB15A}.Debug|x64.ActiveCfg = Debug|x64
		{A86F772A-CCBF-4FD6-9CF9-F4E9B71AB15A}.Debug|x64.Build.0 = Debug|x64
		{A86F772A-CCBF-4FD6-9CF9-F4E9B71AB15A}.Debug|x86.ActiveCfg = Debug|Win32
		{A86F772A-CCBF-4FD6-9CF9-F4E9B71AB15A}.Debug|x86.Build.0 = Debug|Win32
		{A86F772A-CCBF-4FD6-9CF9-F4E9B71AB15A}.Release|x64.ActiveCfg = Release|x64
		{A86F772A-CCBF-4FD6-9CF9-F4E9B71AB15A}.Release|x64.Build.0 = Release|x64
		{A86F772A-CCBF-4FD6-9CF9-F4E9B71AB15A}.Release|x86.ActiveCfg = Release|Win32
		{A86F772A-CCBF-4FD6-9CF9-F4E9B71AB15A}.Release|x86.Build.0 = Release|Win32
		{4E2A2970-B82F-4FAB-93BB-45961A51D465}.Debug|x64.ActiveCfg = Debug|x64
		{4E2A2970-B82F-4FAB-93BB-45961A51D465}.Debug|x64.Build.0 = Debug|x64
		{4E2A2970-B82F-4FAB-93BB-45961A51D465}.Debug|x86.ActiveCfg = Debug|Win32
		{4E2A2970-B82F-4FAB-93BB-45961A51D465}.Debug|x86.Build.0 = Debug|Win32
		{4E2A2970-B82F-4FAB-93BB-45961A51D465}.Release|x64.ActiveCfg = Release|x64
		{4E2A2970-B82F-4FAB-93BB-45961A51D465}.Release|x64.Build.0 = Release|x64
		{4E2A2970-B82F-4FAB-93BB-45961A51D465}.Release|x86.ActiveCfg = Release|Win32
		{4E2A2970-B82F-4FAB-93BB-45961A51D465}.Release|x86.Build.0 = Release|Win32
		{8515BA14-4FB1-430F-8A38-C5F568D3108B}.Debug|x64.ActiveCfg = Debug|x64
		{8515BA14-4FB1-430F-8A38-C5F568D3108B}.Debug|x64.Build.0 = Debug|x64
		{8515BA14-4FB1-430F-8A38-C5F568D3108B}.Debug|x86.ActiveCfg = Debug|Win32
		{8515BA14-4FB1-430F-8A38-C5F568D3108B}.Debug|x86.Build.0 = Debug|Win32
		{8515BA14-4FB1-430F-8A38-C5F568D3108B}.Release|x64.ActiveCfg = Release|x64
		{8515BA14-4FB1-430F-8A38-C5F568D3108B}.Release|x64.Build.0 = Release|x64
		{8515BA14-4FB1-430F-8A38-C5F568D3108B}.Release|x86.ActiveCfg = Release|Win32
		{8515BA14-4FB1-430F-8A38-C5F568D3108B}.Release|x86.Build.0 = Release|Win32
		{E9D2DCB4-5577-4359-9CA1-295D87BB1A07}.Debug|x64.ActiveCfg = Debug|x64
		{E9D2DCB4-5577-4359-9CA1-295D87BB1A07}.Debug|x64.Build.0 = Debug|x64
		{E9D2DCB4-5577-4359-9CA1-295D87BB1A07}.Debug|x86.ActiveCfg = Debug|Win32
		{E9D2DCB4-5577-4359-9CA1-295D87BB1A07}.Debug|x86.Build.0 = Debug|Win32
		{E9D2DCB4-5577-4359-9CA1-295D87BB1A07}.Release|x64.ActiveCfg = Release|x64
		{E9D2DCB4-5577-4359-9CA1-295D87BB1A07}.Release|x64.Build.0 = Release|x64
		{E9D2DCB4-5577-4359-9CA1-295D87BB1A07}.Release|x86.ActiveCfg = Release|Win32
		{E9D2DCB4-5577-4359-9CA1-295D87BB1A07}.Release|x86.Build.0 = Release|Win32
		{BAB598C6-8822-453E-B957-AF164495B959}.Debug|x64.ActiveCfg = Debug|x64
		{BAB598C6-8822-453E-B957-AF164495B959}.Debug|x64.Build.0 = Debug|x64
		{BAB598C6-8822-453E-B957-AF164495B959}.Debug|x86.ActiveCfg = Debug|Win32
		{BAB598C6-8822-453E-B957-AF164495B959}.Debug|x86.Build.0 = Debug|Win32
		{BAB598C6-8822-453E-B957-AF164495B959}.Release|x64.ActiveCfg = Release|x64
		{BAB598C6-8822-453E-B957-AF164495B959}.Release|x64.Build.0 = Release|x64
		{BAB598C6-8822-453E-B957-AF164495B959}.Release|x86.ActiveCfg = Release|Win32
		{BAB598C6-8822-453E-B957-AF164495B959}.Release|x86.Build.0 = Release|Win32
		{605F37BF-CDC7-4C76-8C00-C813C8FD77F9}.Debug|x64.ActiveCfg = Debug|x64
		{605F37BF-CDC7-4C76-8C00-C813C8FD77F9}.Debug|x64.Build.0 = Debug|x64
		{605F37BF-CDC7-4C76-8C00-C813C8FD77F9}.Debug|x86.ActiveCfg = Debug|Win32
		{605F37BF-CDC7-4C76-8C00-C813C8FD77F9}.Debug|x86.Build.0 = Debug|Win32
		{605F37BF-CDC7-4C76-8C00-C813C8FD77F9}.Release|x64.ActiveCfg = Release|x64
		{605F37BF-CDC7-4C76-8C00-C813C8FD77F9}.Release|x64.Build.0 = Release|x64
		{605F37BF-CDC7-4C76-8C00-C813C8FD77F9}.Release|x86.ActiveCfg = Release|Win32
		{605F37BF-CDC7-4C76-8C00-C813C8FD77F9}.Release|x86.Build.0 = Release|Win32
		{6C4D023F-9754-464A-B4A1-EFC9532C15E1}.Debug|x64.ActiveCfg = Debug|x64
		{6C4D023F-9754-464A-B4A1-EFC9532C15E1}.Debug|x64.Build.0 = Debug|x64
		{6C4D023F-9754-464A-B4A1-EFC9532C15E1}.Debug|x86.ActiveCfg = Debug|Win32
		{6C4D023F-9754-464A-B4A1-EFC9532C15E1}.Debug|x86.Build.0 = Debug|Win32
		{6C4D023F-9754-464A-B4A1-EFC9532C15E1}.Release|x64.ActiveCfg = Release|x64
		{6C4D023F-9754-464A-B4A1-EFC9532C15E1}.Release|x64.Build.0 = Release|x64
		{6C4D023F-9754-464A-B4A1-EFC9532C15E1}.Release|x86.ActiveCfg = Release|Win32
		{6C4D023F-9754-464A-B4A1-EFC9532C15E1}.Release|x86.Build.0 = Release|Win32
		{6C497577-1A2B-4DA1-91CA-6461E6EADB38}.Debug|x64.ActiveCfg = Debug|x64
		{6C497577-1A2B-4DA1-91CA-6461E6EADB38}.Debug|x64.Build.0 = Debug|x64
		{6C497577-1A2B-4DA1-91CA-6461E6EADB38}.Debug|x86.ActiveCfg = Debug|Win32
		{6C497577-1A2B-4DA1-91CA-6461E6EADB38}.Debug|x86.Build.0 = Debug|Win32
		{6C497577-1A2B-4DA1-91CA-6461E6EADB38}.Release|x64.ActiveCfg = Release|x64
		{6C497577-1A2B-4DA1-91CA-6461E6EADB38}.Release|x64.Build.0 = Release|x64
		{6C497577-1A2B-4DA1-91CA-6461E6EADB38}.Release|x86.ActiveCfg = Release|Win32
		{6C497577-1A2B-4DA1-91CA-6461E6EADB38}.Release|x86.Build.0 = Release|Win32
		{8BC84048-88D8-46A9-B43D-F03097C21AC8}.Debug|x64.ActiveCfg = Debug|x64
		{8BC84048-88D8-46A9-B43D-F03097C21AC8}.Debug|x64.Build.0 = Debug|x64
		{8BC84048-88D8-46A9-B43D-F03097C21AC8}.Debug|x86.ActiveCfg = Debug|Win32
		{8BC84048-88D8-46A9-B43D-F03097C21AC8}.Debug|x86.Build.0 = Debug|Win32
		{8BC84048-88D8-46A9-B43D-F03097C21AC8}.Release|x64.ActiveCfg = Release|x64
		{8BC84048-88D8-46A9-B43D-F03097C21AC8}.Release|x64.Build.0 = Release|x64
		{8BC84048-88D8-46A9-B43D-F03097C21AC8}.Release|x86.ActiveCfg = Release|Win32
		{8BC84048-88D8-46A9-B43D-F03097C21AC8}.Release|x86.Build.0 = Release|Win32
		{BF19C8E2-3148-43A5-95B7-7E8BF1888C5A}.Debug|x64.ActiveCfg = Debug|x64
		{BF19C8E2-3148-43A5-95B7-7E8BF1888C5A}.Debug|x64.Build.0 = Debug|x64
		{BF19C8E2-3148-43A5-95B7-7E8BF1888C5A}.Debug|x86.ActiveCfg = Debug|Win32
		{BF19C8E2-3148-43A5-95B7-7E8BF1888C5A}.Debug|x86.Build.0 = Debug|Win32
		{BF19C8E2-3148-43A5-95B7-7E8BF1888C5A}.Release|x64.ActiveCfg = Release|x64
		{BF19C8E2-3148-43A5-95B7-7E8BF1888C5A}.Release|x64.Build.0 = Release|x64
		{BF19C8E2-3148-43A5-95B7-7E8BF1888C5A}.Release|x86.ActiveCfg = Release|Win32
		{BF19C8E2-3148-43A5-95B7-7E8BF1888C5A}.Release|x86.Build.0 = Release|Win32
		{6DC7D12A-42AD-4632-8ADD-880A50FB9738}.Debug|x64.ActiveCfg = Debug|x64
		{6DC7D12A-42AD-4632-8ADD-880A50FB9738}.Debug|x64.Build.0 = Debug|x64
		{6DC7D12A-42AD-4632-8ADD-880A50FB9738}.Debug|x86.ActiveCfg = Debug|Win32
		{6DC7D12A-42AD-4632-8ADD-880A50FB9738}.Debug|x86.Build.0 = Debug|Win32
		{6DC7D12A-42AD-4632-8ADD-880A50FB9738}.Release|x64.ActiveCfg = Release|x64
		{6DC7D12A-42AD-4632-8ADD-880A50FB9738}.Release|x64.Build.0 = Release|x64
		{6DC7D12A-42AD-4632-8ADD-880A50FB9738}.Release|x86.ActiveCfg = Release|Win32
		{6DC7D12A-42AD-4632-8ADD-880A50FB9738}.Release|x86.Build.0 = Release|Win32
		{771675DB-6121-42A4-AE43-D8A7EE4842BE}.Debug|x64.ActiveCfg = Debug|x64
		{771675DB-6121-42A4-AE43-D8A7EE4842BE}.Debug|x64.Build.0 = Debug|x64
		{771675DB-6121-42A4-AE43-D8A7EE4842BE}.Debug|x86.ActiveCfg = Debug|Win32
		{771675DB-6121-42A4-AE43-D8A7EE4842BE}.Debug|x86.Build.0 = Debug|Win32
		{771675DB-6121-42A4-AE43-D8A7EE4842BE}.Release|x64.ActiveCfg = Release|x64
		{771675DB-6121-42A4-AE43-D8A7EE4842BE}.Release|x64.Build.0 = Release|x64
		{771675DB-6121-42A4-AE43-D8A7EE4842BE}.Release|x86.ActiveCfg = Release|Win32
		{771675DB-6121-42A4-AE43-D8A7EE4842BE}.Release|x86.Build.0 = Release|Win32
		{5D9E7D84-DCCC-4257-8DC0-2875E19588A5}.Debug|x64.ActiveCfg = Debug|x64
		{5D9E7D84-DCCC-4257-8DC0-2875E19588A5}.Debug|x64.Build.0 = Debug|x64
		{5D9E7D84-DCCC-4257-8DC0-2875E19588A5}.Debug|x86.ActiveCfg = Debug|Win32
		{5D9E7D84-DCCC-4257-8DC0-2875E19588A5}.Debug|x86.Build.0 = Debug|Win32
		{5D9E7D84-DCCC-4257-8DC0-2875E19588A5}.Release|x64.ActiveCfg = Release|x64
		{5D9E7D84-DCCC-4257-8DC0-2875E19588A5}.Release|x64.Build.0 = Release|x64
		{5D9E7D84-DCCC-4257-8DC0-2875E19588A5}.Release|x86.ActiveCfg = Release|Win32
		{5D9E7D84-DCCC-4257-8DC0-2875E19588A5}.Release|x86.Build.0 = Release|Win32
		{7BDE09DB-4418-4A0E-8A3F-A1AE4617EBDE}.Debug|x64.ActiveCfg = Debug|x64
		{7BDE09DB-4418-4A0E-8A3F-A1AE4617EBDE}.Debug|x64.Build.0 = Debug|x64
		{7BDE09DB-4418-4A0E-8A3F-A1AE4617EBDE}.Debug|x86.ActiveCfg = Debug|Win32
		{7BDE09DB-4418-4A0E-8A3F-A1AE4617EBDE}.Debug|x86.Build.0 = Debug|Win32
		{7BDE09DB-4418-4A0E-8A3F-A1AE4617EBDE}.Release|x64.ActiveCfg = Release|x64
		{7BDE09DB-4418-4A0E-8A3F-A1AE4617EBDE}.Release|x64.Build.0 = Release|x64
		{7BDE09DB-4418-4A0E-8A3F-A1AE4617EBDE}.Release|x86.ActiveCfg = Release|Win32
		{7BDE09DB-4418-4A0E-8A3F-A1AE4617EBDE}.Release|x86.Build.0 = Release|Win32
		{613A4C87-8AE2-49DF-B127-E589264DA52D}.Debug|x64.ActiveCfg = Debug|x64
		{613A4C87-8AE2-49DF-B127-E589264DA52D}.Debug|x64.Build.0 = Debug|x64
		{613A4C87-8AE2-49DF-B127-E589264DA52D}.Debug|x86.ActiveCfg = Debug|Win32
		{613A4C87-8AE2-49DF-B127-E589264DA52D}.Debug|x86.Build.0 = Debug|Win32
		{613A4C87-8AE2-49DF-B127-E589264DA52D}.Release|x64.ActiveCfg = Release|x64
		{613A4C87-8AE2-49DF-B127-E589264DA52D}.Release|x64.Build.0 = Release|x64
		{613A4C87-8AE2-49DF-B127-E589264DA52D}.Release|x86.ActiveCfg = Release|Win32
		{613A4C87-8AE2-49DF-B127-E589264DA52D}.Release|x86.Build.0 = Release|Win32
	EndGlobalSection
	GlobalSection(SolutionProperties) = preSolution
		HideSolutionNode = FALSE
	EndGlobalSection
	GlobalSection(ExtensibilityGlobals) = postSolution
		SolutionGuid = {906C3B3F-6CF0-437A-B073-29E7E9734071}
	EndGlobalSection
EndGlobal
