
Microsoft Visual Studio Solution File, Format Version 12.00
# Visual Studio Version 17
VisualStudioVersion = 17.11.35312.102
MinimumVisualStudioVersion = 10.0.40219.1
Project("{8BC9CEB8-8B4A-11D0-8D11-00A0C91BC942}") = "problem", "problem\problem.vcxproj", "{43F503C8-B1E1-45BD-806F-BCCCEA683B8E}"
EndProject
Project("{8BC9CEB8-8B4A-11D0-8D11-00A0C91BC942}") = "boj_10988", "boj_10988\boj_10988.vcxproj", "{BF623335-4C0E-4D6D-A4CF-B5F849AB03BE}"
EndProject
Project("{8BC9CEB8-8B4A-11D0-8D11-00A0C91BC942}") = "boj_2501", "boj_2501\boj_2501.vcxproj", "{FD8AFF99-07D0-43C1-B9BC-EF3958E3586F}"
EndProject
Project("{8BC9CEB8-8B4A-11D0-8D11-00A0C91BC942}") = "boj_23841", "boj_23841\boj_23841.vcxproj", "{057C0488-852D-477F-BC9F-380E150DFF82}"
EndProject
Project("{8BC9CEB8-8B4A-11D0-8D11-00A0C91BC942}") = "boj_10867", "boj_10867\boj_10867.vcxproj", "{306B1572-AEA9-4304-96F3-47F4C98E3187}"
EndProject
Project("{8BC9CEB8-8B4A-11D0-8D11-00A0C91BC942}") = "boj_2473", "boj_2473\boj_2473.vcxproj", "{17E45878-A789-4CCF-BFBE-55C08188E1BD}"
EndProject
Project("{8BC9CEB8-8B4A-11D0-8D11-00A0C91BC942}") = "boj_1964", "boj_1964\boj_1964.vcxproj", "{67967E40-9320-436C-A853-3C4FCDF58EF4}"
EndProject
Project("{8BC9CEB8-8B4A-11D0-8D11-00A0C91BC942}") = "boj_1919", "boj_1919\boj_1919.vcxproj", "{6C2A2C3B-9EBB-4E98-B757-3B1804AA5E61}"
EndProject
Project("{8BC9CEB8-8B4A-11D0-8D11-00A0C91BC942}") = "boj_2745", "boj_2745\boj_2745.vcxproj", "{F3D8FC05-96FC-4E9F-A943-F556FEA05BCA}"
EndProject
Project("{8BC9CEB8-8B4A-11D0-8D11-00A0C91BC942}") = "boj_1463", "boj_1463\boj_1463.vcxproj", "{D0246D3F-1441-42C5-9502-E0AE9A03D2B3}"
EndProject
Project("{8BC9CEB8-8B4A-11D0-8D11-00A0C91BC942}") = "boj_2110", "boj_2110\boj_2110.vcxproj", "{AE550B67-0504-4F4F-86A6-90CE410953FB}"
EndProject
Project("{8BC9CEB8-8B4A-11D0-8D11-00A0C91BC942}") = "boj_30893", "boj_30893\boj_30893.vcxproj", "{F68A9CB8-F175-4244-95EC-5FA9B22A841C}"
EndProject
Global
	GlobalSection(SolutionConfigurationPlatforms) = preSolution
		Debug|x64 = Debug|x64
		Debug|x86 = Debug|x86
		Release|x64 = Release|x64
		Release|x86 = Release|x86
	EndGlobalSection
	GlobalSection(ProjectConfigurationPlatforms) = postSolution
		{43F503C8-B1E1-45BD-806F-BCCCEA683B8E}.Debug|x64.ActiveCfg = Debug|x64
		{43F503C8-B1E1-45BD-806F-BCCCEA683B8E}.Debug|x64.Build.0 = Debug|x64
		{43F503C8-B1E1-45BD-806F-BCCCEA683B8E}.Debug|x86.ActiveCfg = Debug|Win32
		{43F503C8-B1E1-45BD-806F-BCCCEA683B8E}.Debug|x86.Build.0 = Debug|Win32
		{43F503C8-B1E1-45BD-806F-BCCCEA683B8E}.Release|x64.ActiveCfg = Release|x64
		{43F503C8-B1E1-45BD-806F-BCCCEA683B8E}.Release|x64.Build.0 = Release|x64
		{43F503C8-B1E1-45BD-806F-BCCCEA683B8E}.Release|x86.ActiveCfg = Release|Win32
		{43F503C8-B1E1-45BD-806F-BCCCEA683B8E}.Release|x86.Build.0 = Release|Win32
		{BF623335-4C0E-4D6D-A4CF-B5F849AB03BE}.Debug|x64.ActiveCfg = Debug|x64
		{BF623335-4C0E-4D6D-A4CF-B5F849AB03BE}.Debug|x64.Build.0 = Debug|x64
		{BF623335-4C0E-4D6D-A4CF-B5F849AB03BE}.Debug|x86.ActiveCfg = Debug|Win32
		{BF623335-4C0E-4D6D-A4CF-B5F849AB03BE}.Debug|x86.Build.0 = Debug|Win32
		{BF623335-4C0E-4D6D-A4CF-B5F849AB03BE}.Release|x64.ActiveCfg = Release|x64
		{BF623335-4C0E-4D6D-A4CF-B5F849AB03BE}.Release|x64.Build.0 = Release|x64
		{BF623335-4C0E-4D6D-A4CF-B5F849AB03BE}.Release|x86.ActiveCfg = Release|Win32
		{BF623335-4C0E-4D6D-A4CF-B5F849AB03BE}.Release|x86.Build.0 = Release|Win32
		{FD8AFF99-07D0-43C1-B9BC-EF3958E3586F}.Debug|x64.ActiveCfg = Debug|x64
		{FD8AFF99-07D0-43C1-B9BC-EF3958E3586F}.Debug|x64.Build.0 = Debug|x64
		{FD8AFF99-07D0-43C1-B9BC-EF3958E3586F}.Debug|x86.ActiveCfg = Debug|Win32
		{FD8AFF99-07D0-43C1-B9BC-EF3958E3586F}.Debug|x86.Build.0 = Debug|Win32
		{FD8AFF99-07D0-43C1-B9BC-EF3958E3586F}.Release|x64.ActiveCfg = Release|x64
		{FD8AFF99-07D0-43C1-B9BC-EF3958E3586F}.Release|x64.Build.0 = Release|x64
		{FD8AFF99-07D0-43C1-B9BC-EF3958E3586F}.Release|x86.ActiveCfg = Release|Win32
		{FD8AFF99-07D0-43C1-B9BC-EF3958E3586F}.Release|x86.Build.0 = Release|Win32
		{057C0488-852D-477F-BC9F-380E150DFF82}.Debug|x64.ActiveCfg = Debug|x64
		{057C0488-852D-477F-BC9F-380E150DFF82}.Debug|x64.Build.0 = Debug|x64
		{057C0488-852D-477F-BC9F-380E150DFF82}.Debug|x86.ActiveCfg = Debug|Win32
		{057C0488-852D-477F-BC9F-380E150DFF82}.Debug|x86.Build.0 = Debug|Win32
		{057C0488-852D-477F-BC9F-380E150DFF82}.Release|x64.ActiveCfg = Release|x64
		{057C0488-852D-477F-BC9F-380E150DFF82}.Release|x64.Build.0 = Release|x64
		{057C0488-852D-477F-BC9F-380E150DFF82}.Release|x86.ActiveCfg = Release|Win32
		{057C0488-852D-477F-BC9F-380E150DFF82}.Release|x86.Build.0 = Release|Win32
		{306B1572-AEA9-4304-96F3-47F4C98E3187}.Debug|x64.ActiveCfg = Debug|x64
		{306B1572-AEA9-4304-96F3-47F4C98E3187}.Debug|x64.Build.0 = Debug|x64
		{306B1572-AEA9-4304-96F3-47F4C98E3187}.Debug|x86.ActiveCfg = Debug|Win32
		{306B1572-AEA9-4304-96F3-47F4C98E3187}.Debug|x86.Build.0 = Debug|Win32
		{306B1572-AEA9-4304-96F3-47F4C98E3187}.Release|x64.ActiveCfg = Release|x64
		{306B1572-AEA9-4304-96F3-47F4C98E3187}.Release|x64.Build.0 = Release|x64
		{306B1572-AEA9-4304-96F3-47F4C98E3187}.Release|x86.ActiveCfg = Release|Win32
		{306B1572-AEA9-4304-96F3-47F4C98E3187}.Release|x86.Build.0 = Release|Win32
		{17E45878-A789-4CCF-BFBE-55C08188E1BD}.Debug|x64.ActiveCfg = Debug|x64
		{17E45878-A789-4CCF-BFBE-55C08188E1BD}.Debug|x64.Build.0 = Debug|x64
		{17E45878-A789-4CCF-BFBE-55C08188E1BD}.Debug|x86.ActiveCfg = Debug|Win32
		{17E45878-A789-4CCF-BFBE-55C08188E1BD}.Debug|x86.Build.0 = Debug|Win32
		{17E45878-A789-4CCF-BFBE-55C08188E1BD}.Release|x64.ActiveCfg = Release|x64
		{17E45878-A789-4CCF-BFBE-55C08188E1BD}.Release|x64.Build.0 = Release|x64
		{17E45878-A789-4CCF-BFBE-55C08188E1BD}.Release|x86.ActiveCfg = Release|Win32
		{17E45878-A789-4CCF-BFBE-55C08188E1BD}.Release|x86.Build.0 = Release|Win32
		{67967E40-9320-436C-A853-3C4FCDF58EF4}.Debug|x64.ActiveCfg = Debug|x64
		{67967E40-9320-436C-A853-3C4FCDF58EF4}.Debug|x64.Build.0 = Debug|x64
		{67967E40-9320-436C-A853-3C4FCDF58EF4}.Debug|x86.ActiveCfg = Debug|Win32
		{67967E40-9320-436C-A853-3C4FCDF58EF4}.Debug|x86.Build.0 = Debug|Win32
		{67967E40-9320-436C-A853-3C4FCDF58EF4}.Release|x64.ActiveCfg = Release|x64
		{67967E40-9320-436C-A853-3C4FCDF58EF4}.Release|x64.Build.0 = Release|x64
		{67967E40-9320-436C-A853-3C4FCDF58EF4}.Release|x86.ActiveCfg = Release|Win32
		{67967E40-9320-436C-A853-3C4FCDF58EF4}.Release|x86.Build.0 = Release|Win32
		{6C2A2C3B-9EBB-4E98-B757-3B1804AA5E61}.Debug|x64.ActiveCfg = Debug|x64
		{6C2A2C3B-9EBB-4E98-B757-3B1804AA5E61}.Debug|x64.Build.0 = Debug|x64
		{6C2A2C3B-9EBB-4E98-B757-3B1804AA5E61}.Debug|x86.ActiveCfg = Debug|Win32
		{6C2A2C3B-9EBB-4E98-B757-3B1804AA5E61}.Debug|x86.Build.0 = Debug|Win32
		{6C2A2C3B-9EBB-4E98-B757-3B1804AA5E61}.Release|x64.ActiveCfg = Release|x64
		{6C2A2C3B-9EBB-4E98-B757-3B1804AA5E61}.Release|x64.Build.0 = Release|x64
		{6C2A2C3B-9EBB-4E98-B757-3B1804AA5E61}.Release|x86.ActiveCfg = Release|Win32
		{6C2A2C3B-9EBB-4E98-B757-3B1804AA5E61}.Release|x86.Build.0 = Release|Win32
		{F3D8FC05-96FC-4E9F-A943-F556FEA05BCA}.Debug|x64.ActiveCfg = Debug|x64
		{F3D8FC05-96FC-4E9F-A943-F556FEA05BCA}.Debug|x64.Build.0 = Debug|x64
		{F3D8FC05-96FC-4E9F-A943-F556FEA05BCA}.Debug|x86.ActiveCfg = Debug|Win32
		{F3D8FC05-96FC-4E9F-A943-F556FEA05BCA}.Debug|x86.Build.0 = Debug|Win32
		{F3D8FC05-96FC-4E9F-A943-F556FEA05BCA}.Release|x64.ActiveCfg = Release|x64
		{F3D8FC05-96FC-4E9F-A943-F556FEA05BCA}.Release|x64.Build.0 = Release|x64
		{F3D8FC05-96FC-4E9F-A943-F556FEA05BCA}.Release|x86.ActiveCfg = Release|Win32
		{F3D8FC05-96FC-4E9F-A943-F556FEA05BCA}.Release|x86.Build.0 = Release|Win32
		{D0246D3F-1441-42C5-9502-E0AE9A03D2B3}.Debug|x64.ActiveCfg = Debug|x64
		{D0246D3F-1441-42C5-9502-E0AE9A03D2B3}.Debug|x64.Build.0 = Debug|x64
		{D0246D3F-1441-42C5-9502-E0AE9A03D2B3}.Debug|x86.ActiveCfg = Debug|Win32
		{D0246D3F-1441-42C5-9502-E0AE9A03D2B3}.Debug|x86.Build.0 = Debug|Win32
		{D0246D3F-1441-42C5-9502-E0AE9A03D2B3}.Release|x64.ActiveCfg = Release|x64
		{D0246D3F-1441-42C5-9502-E0AE9A03D2B3}.Release|x64.Build.0 = Release|x64
		{D0246D3F-1441-42C5-9502-E0AE9A03D2B3}.Release|x86.ActiveCfg = Release|Win32
		{D0246D3F-1441-42C5-9502-E0AE9A03D2B3}.Release|x86.Build.0 = Release|Win32
		{AE550B67-0504-4F4F-86A6-90CE410953FB}.Debug|x64.ActiveCfg = Debug|x64
		{AE550B67-0504-4F4F-86A6-90CE410953FB}.Debug|x64.Build.0 = Debug|x64
		{AE550B67-0504-4F4F-86A6-90CE410953FB}.Debug|x86.ActiveCfg = Debug|Win32
		{AE550B67-0504-4F4F-86A6-90CE410953FB}.Debug|x86.Build.0 = Debug|Win32
		{AE550B67-0504-4F4F-86A6-90CE410953FB}.Release|x64.ActiveCfg = Release|x64
		{AE550B67-0504-4F4F-86A6-90CE410953FB}.Release|x64.Build.0 = Release|x64
		{AE550B67-0504-4F4F-86A6-90CE410953FB}.Release|x86.ActiveCfg = Release|Win32
		{AE550B67-0504-4F4F-86A6-90CE410953FB}.Release|x86.Build.0 = Release|Win32
		{F68A9CB8-F175-4244-95EC-5FA9B22A841C}.Debug|x64.ActiveCfg = Debug|x64
		{F68A9CB8-F175-4244-95EC-5FA9B22A841C}.Debug|x64.Build.0 = Debug|x64
		{F68A9CB8-F175-4244-95EC-5FA9B22A841C}.Debug|x86.ActiveCfg = Debug|Win32
		{F68A9CB8-F175-4244-95EC-5FA9B22A841C}.Debug|x86.Build.0 = Debug|Win32
		{F68A9CB8-F175-4244-95EC-5FA9B22A841C}.Release|x64.ActiveCfg = Release|x64
		{F68A9CB8-F175-4244-95EC-5FA9B22A841C}.Release|x64.Build.0 = Release|x64
		{F68A9CB8-F175-4244-95EC-5FA9B22A841C}.Release|x86.ActiveCfg = Release|Win32
		{F68A9CB8-F175-4244-95EC-5FA9B22A841C}.Release|x86.Build.0 = Release|Win32
	EndGlobalSection
	GlobalSection(SolutionProperties) = preSolution
		HideSolutionNode = FALSE
	EndGlobalSection
	GlobalSection(ExtensibilityGlobals) = postSolution
		SolutionGuid = {9AD9DC1C-5BF0-409A-996E-11CA1F096B72}
	EndGlobalSection
EndGlobal
