
Microsoft Visual Studio Solution File, Format Version 12.00
# Visual Studio Version 17
VisualStudioVersion = 17.9.34728.123
MinimumVisualStudioVersion = 10.0.40219.1
Project("{8BC9CEB8-8B4A-11D0-8D11-00A0C91BC942}") = "backtracking", "backtracking\backtracking.vcxproj", "{8D1E43D9-FB39-4D00-AB5A-CA20B1E71E77}"
EndProject
Project("{8BC9CEB8-8B4A-11D0-8D11-00A0C91BC942}") = "boj_15649", "boj_15649\boj_15649.vcxproj", "{C6F0BFE4-4009-4D26-A7CA-90513E045B75}"
EndProject
Project("{8BC9CEB8-8B4A-11D0-8D11-00A0C91BC942}") = "boj_9663", "boj_9663\boj_9663.vcxproj", "{460B5E54-D9FA-428F-8BB7-10F8B7332620}"
EndProject
Project("{8BC9CEB8-8B4A-11D0-8D11-00A0C91BC942}") = "boj_1182", "boj_1182\boj_1182.vcxproj", "{1AE77F71-A258-47DD-BD21-6748DFBAB7C6}"
EndProject
Project("{8BC9CEB8-8B4A-11D0-8D11-00A0C91BC942}") = "boj_15650", "boj_15650\boj_15650.vcxproj", "{4B5DF803-A554-42E3-9B8F-DA9300DD3570}"
EndProject
Project("{8BC9CEB8-8B4A-11D0-8D11-00A0C91BC942}") = "boj_15651", "boj_15651\boj_15651.vcxproj", "{A23A216A-E14C-482E-A724-BE87B73B360D}"
EndProject
Project("{8BC9CEB8-8B4A-11D0-8D11-00A0C91BC942}") = "boj_15652", "boj_15652\boj_15652.vcxproj", "{5A8F3FA7-7A65-4E01-85C1-E29A8A9CEE42}"
EndProject
Project("{8BC9CEB8-8B4A-11D0-8D11-00A0C91BC942}") = "boj_15654", "boj_15654\boj_15654.vcxproj", "{D950C9D4-4A77-43CA-A6D7-A847167C5B13}"
EndProject
Project("{8BC9CEB8-8B4A-11D0-8D11-00A0C91BC942}") = "boj_15655", "boj_15655\boj_15655.vcxproj", "{0E08E0F7-A7FC-49FD-82CF-28D703EC101F}"
EndProject
Project("{8BC9CEB8-8B4A-11D0-8D11-00A0C91BC942}") = "boj_15656", "boj_15656\boj_15656.vcxproj", "{EF3EEFEB-8FDD-41F7-A478-AFEEC043E779}"
EndProject
Project("{8BC9CEB8-8B4A-11D0-8D11-00A0C91BC942}") = "boj_15657", "boj_15657\boj_15657.vcxproj", "{E7B923E5-C531-4C0A-BEC8-7E1BD67D1869}"
EndProject
Project("{8BC9CEB8-8B4A-11D0-8D11-00A0C91BC942}") = "boj_15663", "boj_15663\boj_15663.vcxproj", "{6B5F783D-E5C4-4C29-8F48-4C239CB1D270}"
EndProject
Project("{8BC9CEB8-8B4A-11D0-8D11-00A0C91BC942}") = "boj_15664", "boj_15664\boj_15664.vcxproj", "{EAA820CA-1D18-4CBC-AE9A-C69D91EEEB7F}"
EndProject
Project("{8BC9CEB8-8B4A-11D0-8D11-00A0C91BC942}") = "boj_15665", "boj_15665\boj_15665.vcxproj", "{815F2692-77DA-435B-AA43-F807325C581C}"
EndProject
Project("{8BC9CEB8-8B4A-11D0-8D11-00A0C91BC942}") = "boj_15666", "boj_15666\boj_15666.vcxproj", "{6F6522E2-5BDD-45C8-B66F-670AC8098438}"
EndProject
Project("{8BC9CEB8-8B4A-11D0-8D11-00A0C91BC942}") = "boj_6603", "boj_6603\boj_6603.vcxproj", "{8694FC08-C0A7-4FCA-8EEC-D104DD603466}"
EndProject
Project("{8BC9CEB8-8B4A-11D0-8D11-00A0C91BC942}") = "boj_1759", "boj_1759\boj_1759.vcxproj", "{4CEA84F8-5E64-49E9-BDF1-BDAC97F1A123}"
EndProject
Project("{8BC9CEB8-8B4A-11D0-8D11-00A0C91BC942}") = "boj_1941", "boj_1941\boj_1941.vcxproj", "{125151EC-A047-4AC7-B909-522D533D0E2F}"
EndProject
Project("{8BC9CEB8-8B4A-11D0-8D11-00A0C91BC942}") = "boj_16897", "boj_16897\boj_16897.vcxproj", "{54774225-BE57-4AD4-8443-183B3960317A}"
EndProject
Global
	GlobalSection(SolutionConfigurationPlatforms) = preSolution
		Debug|x64 = Debug|x64
		Debug|x86 = Debug|x86
		Release|x64 = Release|x64
		Release|x86 = Release|x86
	EndGlobalSection
	GlobalSection(ProjectConfigurationPlatforms) = postSolution
		{8D1E43D9-FB39-4D00-AB5A-CA20B1E71E77}.Debug|x64.ActiveCfg = Debug|x64
		{8D1E43D9-FB39-4D00-AB5A-CA20B1E71E77}.Debug|x64.Build.0 = Debug|x64
		{8D1E43D9-FB39-4D00-AB5A-CA20B1E71E77}.Debug|x86.ActiveCfg = Debug|Win32
		{8D1E43D9-FB39-4D00-AB5A-CA20B1E71E77}.Debug|x86.Build.0 = Debug|Win32
		{8D1E43D9-FB39-4D00-AB5A-CA20B1E71E77}.Release|x64.ActiveCfg = Release|x64
		{8D1E43D9-FB39-4D00-AB5A-CA20B1E71E77}.Release|x64.Build.0 = Release|x64
		{8D1E43D9-FB39-4D00-AB5A-CA20B1E71E77}.Release|x86.ActiveCfg = Release|Win32
		{8D1E43D9-FB39-4D00-AB5A-CA20B1E71E77}.Release|x86.Build.0 = Release|Win32
		{C6F0BFE4-4009-4D26-A7CA-90513E045B75}.Debug|x64.ActiveCfg = Debug|x64
		{C6F0BFE4-4009-4D26-A7CA-90513E045B75}.Debug|x64.Build.0 = Debug|x64
		{C6F0BFE4-4009-4D26-A7CA-90513E045B75}.Debug|x86.ActiveCfg = Debug|Win32
		{C6F0BFE4-4009-4D26-A7CA-90513E045B75}.Debug|x86.Build.0 = Debug|Win32
		{C6F0BFE4-4009-4D26-A7CA-90513E045B75}.Release|x64.ActiveCfg = Release|x64
		{C6F0BFE4-4009-4D26-A7CA-90513E045B75}.Release|x64.Build.0 = Release|x64
		{C6F0BFE4-4009-4D26-A7CA-90513E045B75}.Release|x86.ActiveCfg = Release|Win32
		{C6F0BFE4-4009-4D26-A7CA-90513E045B75}.Release|x86.Build.0 = Release|Win32
		{460B5E54-D9FA-428F-8BB7-10F8B7332620}.Debug|x64.ActiveCfg = Debug|x64
		{460B5E54-D9FA-428F-8BB7-10F8B7332620}.Debug|x64.Build.0 = Debug|x64
		{460B5E54-D9FA-428F-8BB7-10F8B7332620}.Debug|x86.ActiveCfg = Debug|Win32
		{460B5E54-D9FA-428F-8BB7-10F8B7332620}.Debug|x86.Build.0 = Debug|Win32
		{460B5E54-D9FA-428F-8BB7-10F8B7332620}.Release|x64.ActiveCfg = Release|x64
		{460B5E54-D9FA-428F-8BB7-10F8B7332620}.Release|x64.Build.0 = Release|x64
		{460B5E54-D9FA-428F-8BB7-10F8B7332620}.Release|x86.ActiveCfg = Release|Win32
		{460B5E54-D9FA-428F-8BB7-10F8B7332620}.Release|x86.Build.0 = Release|Win32
		{1AE77F71-A258-47DD-BD21-6748DFBAB7C6}.Debug|x64.ActiveCfg = Debug|x64
		{1AE77F71-A258-47DD-BD21-6748DFBAB7C6}.Debug|x64.Build.0 = Debug|x64
		{1AE77F71-A258-47DD-BD21-6748DFBAB7C6}.Debug|x86.ActiveCfg = Debug|Win32
		{1AE77F71-A258-47DD-BD21-6748DFBAB7C6}.Debug|x86.Build.0 = Debug|Win32
		{1AE77F71-A258-47DD-BD21-6748DFBAB7C6}.Release|x64.ActiveCfg = Release|x64
		{1AE77F71-A258-47DD-BD21-6748DFBAB7C6}.Release|x64.Build.0 = Release|x64
		{1AE77F71-A258-47DD-BD21-6748DFBAB7C6}.Release|x86.ActiveCfg = Release|Win32
		{1AE77F71-A258-47DD-BD21-6748DFBAB7C6}.Release|x86.Build.0 = Release|Win32
		{4B5DF803-A554-42E3-9B8F-DA9300DD3570}.Debug|x64.ActiveCfg = Debug|x64
		{4B5DF803-A554-42E3-9B8F-DA9300DD3570}.Debug|x64.Build.0 = Debug|x64
		{4B5DF803-A554-42E3-9B8F-DA9300DD3570}.Debug|x86.ActiveCfg = Debug|Win32
		{4B5DF803-A554-42E3-9B8F-DA9300DD3570}.Debug|x86.Build.0 = Debug|Win32
		{4B5DF803-A554-42E3-9B8F-DA9300DD3570}.Release|x64.ActiveCfg = Release|x64
		{4B5DF803-A554-42E3-9B8F-DA9300DD3570}.Release|x64.Build.0 = Release|x64
		{4B5DF803-A554-42E3-9B8F-DA9300DD3570}.Release|x86.ActiveCfg = Release|Win32
		{4B5DF803-A554-42E3-9B8F-DA9300DD3570}.Release|x86.Build.0 = Release|Win32
		{A23A216A-E14C-482E-A724-BE87B73B360D}.Debug|x64.ActiveCfg = Debug|x64
		{A23A216A-E14C-482E-A724-BE87B73B360D}.Debug|x64.Build.0 = Debug|x64
		{A23A216A-E14C-482E-A724-BE87B73B360D}.Debug|x86.ActiveCfg = Debug|Win32
		{A23A216A-E14C-482E-A724-BE87B73B360D}.Debug|x86.Build.0 = Debug|Win32
		{A23A216A-E14C-482E-A724-BE87B73B360D}.Release|x64.ActiveCfg = Release|x64
		{A23A216A-E14C-482E-A724-BE87B73B360D}.Release|x64.Build.0 = Release|x64
		{A23A216A-E14C-482E-A724-BE87B73B360D}.Release|x86.ActiveCfg = Release|Win32
		{A23A216A-E14C-482E-A724-BE87B73B360D}.Release|x86.Build.0 = Release|Win32
		{5A8F3FA7-7A65-4E01-85C1-E29A8A9CEE42}.Debug|x64.ActiveCfg = Debug|x64
		{5A8F3FA7-7A65-4E01-85C1-E29A8A9CEE42}.Debug|x64.Build.0 = Debug|x64
		{5A8F3FA7-7A65-4E01-85C1-E29A8A9CEE42}.Debug|x86.ActiveCfg = Debug|Win32
		{5A8F3FA7-7A65-4E01-85C1-E29A8A9CEE42}.Debug|x86.Build.0 = Debug|Win32
		{5A8F3FA7-7A65-4E01-85C1-E29A8A9CEE42}.Release|x64.ActiveCfg = Release|x64
		{5A8F3FA7-7A65-4E01-85C1-E29A8A9CEE42}.Release|x64.Build.0 = Release|x64
		{5A8F3FA7-7A65-4E01-85C1-E29A8A9CEE42}.Release|x86.ActiveCfg = Release|Win32
		{5A8F3FA7-7A65-4E01-85C1-E29A8A9CEE42}.Release|x86.Build.0 = Release|Win32
		{D950C9D4-4A77-43CA-A6D7-A847167C5B13}.Debug|x64.ActiveCfg = Debug|x64
		{D950C9D4-4A77-43CA-A6D7-A847167C5B13}.Debug|x64.Build.0 = Debug|x64
		{D950C9D4-4A77-43CA-A6D7-A847167C5B13}.Debug|x86.ActiveCfg = Debug|Win32
		{D950C9D4-4A77-43CA-A6D7-A847167C5B13}.Debug|x86.Build.0 = Debug|Win32
		{D950C9D4-4A77-43CA-A6D7-A847167C5B13}.Release|x64.ActiveCfg = Release|x64
		{D950C9D4-4A77-43CA-A6D7-A847167C5B13}.Release|x64.Build.0 = Release|x64
		{D950C9D4-4A77-43CA-A6D7-A847167C5B13}.Release|x86.ActiveCfg = Release|Win32
		{D950C9D4-4A77-43CA-A6D7-A847167C5B13}.Release|x86.Build.0 = Release|Win32
		{0E08E0F7-A7FC-49FD-82CF-28D703EC101F}.Debug|x64.ActiveCfg = Debug|x64
		{0E08E0F7-A7FC-49FD-82CF-28D703EC101F}.Debug|x64.Build.0 = Debug|x64
		{0E08E0F7-A7FC-49FD-82CF-28D703EC101F}.Debug|x86.ActiveCfg = Debug|Win32
		{0E08E0F7-A7FC-49FD-82CF-28D703EC101F}.Debug|x86.Build.0 = Debug|Win32
		{0E08E0F7-A7FC-49FD-82CF-28D703EC101F}.Release|x64.ActiveCfg = Release|x64
		{0E08E0F7-A7FC-49FD-82CF-28D703EC101F}.Release|x64.Build.0 = Release|x64
		{0E08E0F7-A7FC-49FD-82CF-28D703EC101F}.Release|x86.ActiveCfg = Release|Win32
		{0E08E0F7-A7FC-49FD-82CF-28D703EC101F}.Release|x86.Build.0 = Release|Win32
		{EF3EEFEB-8FDD-41F7-A478-AFEEC043E779}.Debug|x64.ActiveCfg = Debug|x64
		{EF3EEFEB-8FDD-41F7-A478-AFEEC043E779}.Debug|x64.Build.0 = Debug|x64
		{EF3EEFEB-8FDD-41F7-A478-AFEEC043E779}.Debug|x86.ActiveCfg = Debug|Win32
		{EF3EEFEB-8FDD-41F7-A478-AFEEC043E779}.Debug|x86.Build.0 = Debug|Win32
		{EF3EEFEB-8FDD-41F7-A478-AFEEC043E779}.Release|x64.ActiveCfg = Release|x64
		{EF3EEFEB-8FDD-41F7-A478-AFEEC043E779}.Release|x64.Build.0 = Release|x64
		{EF3EEFEB-8FDD-41F7-A478-AFEEC043E779}.Release|x86.ActiveCfg = Release|Win32
		{EF3EEFEB-8FDD-41F7-A478-AFEEC043E779}.Release|x86.Build.0 = Release|Win32
		{E7B923E5-C531-4C0A-BEC8-7E1BD67D1869}.Debug|x64.ActiveCfg = Debug|x64
		{E7B923E5-C531-4C0A-BEC8-7E1BD67D1869}.Debug|x64.Build.0 = Debug|x64
		{E7B923E5-C531-4C0A-BEC8-7E1BD67D1869}.Debug|x86.ActiveCfg = Debug|Win32
		{E7B923E5-C531-4C0A-BEC8-7E1BD67D1869}.Debug|x86.Build.0 = Debug|Win32
		{E7B923E5-C531-4C0A-BEC8-7E1BD67D1869}.Release|x64.ActiveCfg = Release|x64
		{E7B923E5-C531-4C0A-BEC8-7E1BD67D1869}.Release|x64.Build.0 = Release|x64
		{E7B923E5-C531-4C0A-BEC8-7E1BD67D1869}.Release|x86.ActiveCfg = Release|Win32
		{E7B923E5-C531-4C0A-BEC8-7E1BD67D1869}.Release|x86.Build.0 = Release|Win32
		{6B5F783D-E5C4-4C29-8F48-4C239CB1D270}.Debug|x64.ActiveCfg = Debug|x64
		{6B5F783D-E5C4-4C29-8F48-4C239CB1D270}.Debug|x64.Build.0 = Debug|x64
		{6B5F783D-E5C4-4C29-8F48-4C239CB1D270}.Debug|x86.ActiveCfg = Debug|Win32
		{6B5F783D-E5C4-4C29-8F48-4C239CB1D270}.Debug|x86.Build.0 = Debug|Win32
		{6B5F783D-E5C4-4C29-8F48-4C239CB1D270}.Release|x64.ActiveCfg = Release|x64
		{6B5F783D-E5C4-4C29-8F48-4C239CB1D270}.Release|x64.Build.0 = Release|x64
		{6B5F783D-E5C4-4C29-8F48-4C239CB1D270}.Release|x86.ActiveCfg = Release|Win32
		{6B5F783D-E5C4-4C29-8F48-4C239CB1D270}.Release|x86.Build.0 = Release|Win32
		{EAA820CA-1D18-4CBC-AE9A-C69D91EEEB7F}.Debug|x64.ActiveCfg = Debug|x64
		{EAA820CA-1D18-4CBC-AE9A-C69D91EEEB7F}.Debug|x64.Build.0 = Debug|x64
		{EAA820CA-1D18-4CBC-AE9A-C69D91EEEB7F}.Debug|x86.ActiveCfg = Debug|Win32
		{EAA820CA-1D18-4CBC-AE9A-C69D91EEEB7F}.Debug|x86.Build.0 = Debug|Win32
		{EAA820CA-1D18-4CBC-AE9A-C69D91EEEB7F}.Release|x64.ActiveCfg = Release|x64
		{EAA820CA-1D18-4CBC-AE9A-C69D91EEEB7F}.Release|x64.Build.0 = Release|x64
		{EAA820CA-1D18-4CBC-AE9A-C69D91EEEB7F}.Release|x86.ActiveCfg = Release|Win32
		{EAA820CA-1D18-4CBC-AE9A-C69D91EEEB7F}.Release|x86.Build.0 = Release|Win32
		{815F2692-77DA-435B-AA43-F807325C581C}.Debug|x64.ActiveCfg = Debug|x64
		{815F2692-77DA-435B-AA43-F807325C581C}.Debug|x64.Build.0 = Debug|x64
		{815F2692-77DA-435B-AA43-F807325C581C}.Debug|x86.ActiveCfg = Debug|Win32
		{815F2692-77DA-435B-AA43-F807325C581C}.Debug|x86.Build.0 = Debug|Win32
		{815F2692-77DA-435B-AA43-F807325C581C}.Release|x64.ActiveCfg = Release|x64
		{815F2692-77DA-435B-AA43-F807325C581C}.Release|x64.Build.0 = Release|x64
		{815F2692-77DA-435B-AA43-F807325C581C}.Release|x86.ActiveCfg = Release|Win32
		{815F2692-77DA-435B-AA43-F807325C581C}.Release|x86.Build.0 = Release|Win32
		{6F6522E2-5BDD-45C8-B66F-670AC8098438}.Debug|x64.ActiveCfg = Debug|x64
		{6F6522E2-5BDD-45C8-B66F-670AC8098438}.Debug|x64.Build.0 = Debug|x64
		{6F6522E2-5BDD-45C8-B66F-670AC8098438}.Debug|x86.ActiveCfg = Debug|Win32
		{6F6522E2-5BDD-45C8-B66F-670AC8098438}.Debug|x86.Build.0 = Debug|Win32
		{6F6522E2-5BDD-45C8-B66F-670AC8098438}.Release|x64.ActiveCfg = Release|x64
		{6F6522E2-5BDD-45C8-B66F-670AC8098438}.Release|x64.Build.0 = Release|x64
		{6F6522E2-5BDD-45C8-B66F-670AC8098438}.Release|x86.ActiveCfg = Release|Win32
		{6F6522E2-5BDD-45C8-B66F-670AC8098438}.Release|x86.Build.0 = Release|Win32
		{8694FC08-C0A7-4FCA-8EEC-D104DD603466}.Debug|x64.ActiveCfg = Debug|x64
		{8694FC08-C0A7-4FCA-8EEC-D104DD603466}.Debug|x64.Build.0 = Debug|x64
		{8694FC08-C0A7-4FCA-8EEC-D104DD603466}.Debug|x86.ActiveCfg = Debug|Win32
		{8694FC08-C0A7-4FCA-8EEC-D104DD603466}.Debug|x86.Build.0 = Debug|Win32
		{8694FC08-C0A7-4FCA-8EEC-D104DD603466}.Release|x64.ActiveCfg = Release|x64
		{8694FC08-C0A7-4FCA-8EEC-D104DD603466}.Release|x64.Build.0 = Release|x64
		{8694FC08-C0A7-4FCA-8EEC-D104DD603466}.Release|x86.ActiveCfg = Release|Win32
		{8694FC08-C0A7-4FCA-8EEC-D104DD603466}.Release|x86.Build.0 = Release|Win32
		{4CEA84F8-5E64-49E9-BDF1-BDAC97F1A123}.Debug|x64.ActiveCfg = Debug|x64
		{4CEA84F8-5E64-49E9-BDF1-BDAC97F1A123}.Debug|x64.Build.0 = Debug|x64
		{4CEA84F8-5E64-49E9-BDF1-BDAC97F1A123}.Debug|x86.ActiveCfg = Debug|Win32
		{4CEA84F8-5E64-49E9-BDF1-BDAC97F1A123}.Debug|x86.Build.0 = Debug|Win32
		{4CEA84F8-5E64-49E9-BDF1-BDAC97F1A123}.Release|x64.ActiveCfg = Release|x64
		{4CEA84F8-5E64-49E9-BDF1-BDAC97F1A123}.Release|x64.Build.0 = Release|x64
		{4CEA84F8-5E64-49E9-BDF1-BDAC97F1A123}.Release|x86.ActiveCfg = Release|Win32
		{4CEA84F8-5E64-49E9-BDF1-BDAC97F1A123}.Release|x86.Build.0 = Release|Win32
		{125151EC-A047-4AC7-B909-522D533D0E2F}.Debug|x64.ActiveCfg = Debug|x64
		{125151EC-A047-4AC7-B909-522D533D0E2F}.Debug|x64.Build.0 = Debug|x64
		{125151EC-A047-4AC7-B909-522D533D0E2F}.Debug|x86.ActiveCfg = Debug|Win32
		{125151EC-A047-4AC7-B909-522D533D0E2F}.Debug|x86.Build.0 = Debug|Win32
		{125151EC-A047-4AC7-B909-522D533D0E2F}.Release|x64.ActiveCfg = Release|x64
		{125151EC-A047-4AC7-B909-522D533D0E2F}.Release|x64.Build.0 = Release|x64
		{125151EC-A047-4AC7-B909-522D533D0E2F}.Release|x86.ActiveCfg = Release|Win32
		{125151EC-A047-4AC7-B909-522D533D0E2F}.Release|x86.Build.0 = Release|Win32
		{54774225-BE57-4AD4-8443-183B3960317A}.Debug|x64.ActiveCfg = Debug|x64
		{54774225-BE57-4AD4-8443-183B3960317A}.Debug|x64.Build.0 = Debug|x64
		{54774225-BE57-4AD4-8443-183B3960317A}.Debug|x86.ActiveCfg = Debug|Win32
		{54774225-BE57-4AD4-8443-183B3960317A}.Debug|x86.Build.0 = Debug|Win32
		{54774225-BE57-4AD4-8443-183B3960317A}.Release|x64.ActiveCfg = Release|x64
		{54774225-BE57-4AD4-8443-183B3960317A}.Release|x64.Build.0 = Release|x64
		{54774225-BE57-4AD4-8443-183B3960317A}.Release|x86.ActiveCfg = Release|Win32
		{54774225-BE57-4AD4-8443-183B3960317A}.Release|x86.Build.0 = Release|Win32
	EndGlobalSection
	GlobalSection(SolutionProperties) = preSolution
		HideSolutionNode = FALSE
	EndGlobalSection
	GlobalSection(ExtensibilityGlobals) = postSolution
		SolutionGuid = {C0383F3C-BBC5-4069-9DE9-42F01B7976FB}
	EndGlobalSection
EndGlobal
